{
  "name": "pi-image-gen-recraft",
  "version": "0.1.2",
  "lockfileVersion": 3,
  "requires": true,
  "packages": {
    "": {
      "name": "pi-image-gen-recraft",
      "version": "0.1.2",
      "bundleDependencies": [
        "pi-image-gen-core"
      ],
      "license": "MIT",
      "peerDependencies": {
        "@mariozechner/pi-coding-agent": "*",
        "@mariozechner/pi-tui": "*",
        "@sinclair/typebox": "*"
      }
    }
  }
}
