{
	"name": "@pandi-coding-agent/pandi-plan",
	"version": "0.1.13",
	"lockfileVersion": 3,
	"requires": true,
	"packages": {
		"": {
			"name": "@pandi-coding-agent/pandi-plan",
			"version": "0.1.13",
			"license": "MIT",
			"dependencies": {
				"@pandi-coding-agent/pandi-docs": "0.1.10"
			},
			"peerDependencies": {
				"@earendil-works/pi-coding-agent": "^0.80.3",
				"@earendil-works/pi-tui": "^0.80.3",
				"typebox": "^1.1.38"
			}
		},
		"node_modules/@pandi-coding-agent/pandi-docs": {
			"version": "0.1.10",
			"resolved": "https://registry.npmjs.org/@pandi-coding-agent/pandi-docs/-/pandi-docs-0.1.10.tgz",
			"integrity": "sha512-CR3sZho0wubzeICPsenOb3LpFXA27iKs3aiU8jvInTM2ggeSDn+7hkaPrZB0TzbyiOGr8oHh9Ya9Cbcjh15BrA==",
			"license": "MIT",
			"dependencies": {
				"highlight.js": "^11.11.1",
				"marked": "^18.0.5"
			},
			"peerDependencies": {
				"@earendil-works/pi-coding-agent": "^0.80.3",
				"typebox": "^1.1.38"
			}
		},
		"node_modules/highlight.js": {
			"version": "11.11.1",
			"resolved": "https://registry.npmjs.org/highlight.js/-/highlight.js-11.11.1.tgz",
			"integrity": "sha512-Xwwo44whKBVCYoliBQwaPvtd/2tYFkRQtXDWj1nackaV2JPXx3L0+Jvd8/qCJ2p+ML0/XVkJ2q+Mr+UVdpJK5w==",
			"license": "BSD-3-Clause",
			"engines": {
				"node": ">=12.0.0"
			}
		},
		"node_modules/marked": {
			"version": "18.0.6",
			"resolved": "https://registry.npmjs.org/marked/-/marked-18.0.6.tgz",
			"integrity": "sha512-MrV5puXBfuiy6wl6DLaq3BtIJQAJToAd5zt/ZKhRfGRAuFPALE7/4Y7jnxRQoEgK/pBgurGqLyAuRgZ2xOjr6w==",
			"license": "MIT",
			"bin": {
				"marked": "bin/marked.js"
			},
			"engines": {
				"node": ">= 20"
			}
		}
	}
}
