{
  "name": "@bytetrue/pi-image-gen",
  "version": "0.1.0",
  "lockfileVersion": 3,
  "requires": true,
  "packages": {
    "": {
      "name": "@bytetrue/pi-image-gen",
      "version": "0.1.0",
      "license": "Apache-2.0",
      "dependencies": {
        "@amaster.ai/pi-shared": "^0.1.5"
      },
      "peerDependencies": {
        "@earendil-works/pi-coding-agent": ">=0.79.10",
        "typebox": "*"
      }
    },
    "node_modules/@amaster.ai/pi-shared": {
      "version": "0.1.6",
      "resolved": "https://registry.npmjs.org/@amaster.ai/pi-shared/-/pi-shared-0.1.6.tgz",
      "integrity": "sha512-Uy9G8WsRjFs9ENwUCIXMQc833CczQiSafNzzJqn+yNMj3C5lGyf8spOGC4x9OqTjNkG6dWVmzbzwieiKgxjUkA==",
      "license": "Apache-2.0"
    }
  }
}
