{
  "name": "@agentcom/pi-agentcom",
  "version": "0.1.0",
  "lockfileVersion": 3,
  "requires": true,
  "packages": {
    "": {
      "name": "@agentcom/pi-agentcom",
      "version": "0.1.0",
      "license": "MIT",
      "dependencies": {
        "@agentcom/client": "0.1.0",
        "@agentcom/protocol": "0.1.0"
      }
    },
    "node_modules/@agentcom/client": {
      "version": "0.1.0",
      "resolved": "https://registry.npmjs.org/@agentcom/client/-/client-0.1.0.tgz",
      "integrity": "sha512-4WzA2P80n9D5d00KZ+lH+h4PbAezikpQePnzHvKF/zKcVjY6HrJVkmxHMyk9ikAYY6CiOuU+BkadTDBJtkyVjg==",
      "license": "MIT",
      "dependencies": {
        "@agentcom/protocol": "0.1.0"
      }
    },
    "node_modules/@agentcom/protocol": {
      "version": "0.1.0",
      "resolved": "https://registry.npmjs.org/@agentcom/protocol/-/protocol-0.1.0.tgz",
      "integrity": "sha512-oPFLqFTrVTQwPXQDmLhRKQI4pWd6X7zcce2piyW2k376BQQvkwlQmA+rCS40M42ixeDd34Jx2somjr/+IEDtjA==",
      "license": "MIT"
    }
  }
}
