{
  "name": "@pi-unipi/long-horizon",
  "version": "3.0.0-alpha.0",
  "lockfileVersion": 3,
  "requires": true,
  "packages": {
    "": {
      "name": "@pi-unipi/long-horizon",
      "version": "3.0.0-alpha.0",
      "license": "MIT",
      "dependencies": {
        "@pi-unipi/core": "3.0.0-alpha.0"
      },
      "peerDependencies": {
        "@earendil-works/pi-coding-agent": "^0.86.0",
        "@earendil-works/pi-tui": "^0.86.0",
        "typebox": "^1.1.38"
      }
    },
    "node_modules/@pi-unipi/core": {
      "version": "3.0.0-alpha.0",
      "resolved": "https://registry.npmjs.org/@pi-unipi/core/-/core-3.0.0-alpha.0.tgz",
      "integrity": "sha512-aE7qYJlpKqJwh8PvP9EwtdHLj4Qvk8UMSLBgARha2Kd/mM9hLS9KNBnveXAlB8ee6M9Bghk6b0yQCMkPbEePfQ==",
      "license": "MIT",
      "peerDependencies": {
        "@earendil-works/pi-coding-agent": "^0.86.0",
        "@earendil-works/pi-tui": "^0.86.0",
        "typebox": "^1.1.38"
      }
    }
  }
}
