{
  "name": "rad-pi",
  "version": "1.6.1",
  "lockfileVersion": 3,
  "requires": true,
  "packages": {
    "": {
      "name": "rad-pi",
      "version": "1.6.1",
      "dependencies": {
        "@rad-pi/core": "1.6.1"
      }
    },
    "node_modules/@rad-pi/core": {
      "version": "1.6.1",
      "resolved": "https://registry.npmjs.org/@rad-pi/core/-/core-1.6.1.tgz",
      "integrity": "sha512-2f9izEAAYqOddy4jP9LWTQwYTf0sMusY2kRHwsfwB/FPafonbKLBHDk1Nds20LM/mtQ9yVNHjpGN1XdcCAxS7Q==",
      "license": "MIT",
      "peerDependencies": {
        "@earendil-works/pi-coding-agent": "^0.80.2",
        "@mariozechner/pi-ai": "^0.64.0",
        "@sinclair/typebox": "*"
      }
    }
  }
}
