{
  "name": "@mattherzog/gtmcode-pi",
  "version": "0.0.1",
  "lockfileVersion": 3,
  "requires": true,
  "packages": {
    "": {
      "name": "@mattherzog/gtmcode-pi",
      "version": "0.0.1",
      "license": "ISC",
      "dependencies": {
        "@gtmcode/runtime": "npm:@mattherzog/gtmcode-runtime@0.0.0",
        "@gtmcode/skills": "npm:@mattherzog/gtmcode-skills@0.0.0",
        "@gtmcode/tools": "npm:@mattherzog/gtmcode-tools@0.0.1"
      }
    },
    "node_modules/@gtmcode/adapter-csv": {
      "name": "@mattherzog/gtmcode-adapter-csv",
      "version": "0.0.0",
      "resolved": "https://registry.npmjs.org/@mattherzog/gtmcode-adapter-csv/-/gtmcode-adapter-csv-0.0.0.tgz",
      "integrity": "sha512-8/KtBHnKKDx3RuDRBXrKnqi7BbQlgb/67UOBsI6OjUqy3lcgXFhdyikxVmUFN59ti+XjusFx74neBFY/uAxBpA==",
      "dependencies": {
        "@gtmcode/runtime": "npm:@mattherzog/gtmcode-runtime@0.0.0"
      }
    },
    "node_modules/@gtmcode/adapter-hubspot": {
      "name": "@mattherzog/gtmcode-adapter-hubspot",
      "version": "0.0.0",
      "resolved": "https://registry.npmjs.org/@mattherzog/gtmcode-adapter-hubspot/-/gtmcode-adapter-hubspot-0.0.0.tgz",
      "integrity": "sha512-nuaZDCkiDMBhsW3ggwO83/Ui83vDxjMM5pF9am2Czbmk1Pc5+Kqoawds1PtK2LCj/PbPX1rk4nRCEhlpfqGp/Q==",
      "dependencies": {
        "@gtmcode/runtime": "npm:@mattherzog/gtmcode-runtime@0.0.0"
      }
    },
    "node_modules/@gtmcode/adapter-salesforce": {
      "name": "@mattherzog/gtmcode-adapter-salesforce",
      "version": "0.0.0",
      "resolved": "https://registry.npmjs.org/@mattherzog/gtmcode-adapter-salesforce/-/gtmcode-adapter-salesforce-0.0.0.tgz",
      "integrity": "sha512-AY2uEJtiJqjYkERpHUISww/Cwm1X3et1dF/+ufBTOVqYwkGpYVK57MoORw0Drbzw46NW7mzNbd8qpqeDRaPszQ==",
      "dependencies": {
        "@gtmcode/runtime": "npm:@mattherzog/gtmcode-runtime@0.0.0"
      }
    },
    "node_modules/@gtmcode/adapter-smartlead": {
      "name": "@mattherzog/gtmcode-adapter-smartlead",
      "version": "0.0.0",
      "resolved": "https://registry.npmjs.org/@mattherzog/gtmcode-adapter-smartlead/-/gtmcode-adapter-smartlead-0.0.0.tgz",
      "integrity": "sha512-ryOsFPaMjZUa3AU9qGeWCYs67CW44sNy7NlhM1nsfOI0eqEuXTx5+sgZCb9JcKl0rUkz+4eNKEgvO+C0wjqNyQ==",
      "dependencies": {
        "@gtmcode/runtime": "npm:@mattherzog/gtmcode-runtime@0.0.0"
      }
    },
    "node_modules/@gtmcode/runtime": {
      "name": "@mattherzog/gtmcode-runtime",
      "version": "0.0.0",
      "resolved": "https://registry.npmjs.org/@mattherzog/gtmcode-runtime/-/gtmcode-runtime-0.0.0.tgz",
      "integrity": "sha512-+4ZrGVABuflkxyXK27/F0iwPDeAU/LeoLzwn2sZK/j1cfA3wOOis4Zh6XIzBwsnpus7AFoY4noUawwCEk2jWiQ==",
      "dependencies": {
        "yaml": "^2.9.0",
        "zod": "^4.4.3"
      }
    },
    "node_modules/@gtmcode/skills": {
      "name": "@mattherzog/gtmcode-skills",
      "version": "0.0.0",
      "resolved": "https://registry.npmjs.org/@mattherzog/gtmcode-skills/-/gtmcode-skills-0.0.0.tgz",
      "integrity": "sha512-e40C2LRQmaqh/7L1wMXT4F1gDuMPFCjwJn4sgGDI/tg72BWsD/vtDYo7IQYPgyg2u8s8XN5cV89RCntCiu5hnw==",
      "dependencies": {
        "@gtmcode/runtime": "npm:@mattherzog/gtmcode-runtime@0.0.0",
        "@gtmcode/tools": "npm:@mattherzog/gtmcode-tools@0.0.0"
      }
    },
    "node_modules/@gtmcode/skills/node_modules/@gtmcode/tools": {
      "name": "@mattherzog/gtmcode-tools",
      "version": "0.0.0",
      "resolved": "https://registry.npmjs.org/@mattherzog/gtmcode-tools/-/gtmcode-tools-0.0.0.tgz",
      "integrity": "sha512-4xyyjVG4GaSR2WU2q8wttCJpojBk1fobslF5DtLoMsrNXFWCk7RVixWZJX0/13kJnT5W3bOxhGOc53ftrjeSRw==",
      "dependencies": {
        "@gtmcode/adapter-csv": "npm:@mattherzog/gtmcode-adapter-csv@0.0.0",
        "@gtmcode/adapter-hubspot": "npm:@mattherzog/gtmcode-adapter-hubspot@0.0.0",
        "@gtmcode/adapter-salesforce": "npm:@mattherzog/gtmcode-adapter-salesforce@0.0.0",
        "@gtmcode/adapter-smartlead": "npm:@mattherzog/gtmcode-adapter-smartlead@0.0.0",
        "@gtmcode/runtime": "npm:@mattherzog/gtmcode-runtime@0.0.0",
        "yaml": "^2.9.0"
      }
    },
    "node_modules/@gtmcode/tools": {
      "name": "@mattherzog/gtmcode-tools",
      "version": "0.0.1",
      "resolved": "https://registry.npmjs.org/@mattherzog/gtmcode-tools/-/gtmcode-tools-0.0.1.tgz",
      "integrity": "sha512-dJ+bf0Xl57GAETJ7LxOh4uhtRuUTFbtZHRWRk1tMqKQzaDZqLC3B/aQ3sYynSOYHQsA1GQmI86drCvr5GYryvQ==",
      "license": "ISC",
      "dependencies": {
        "@gtmcode/adapter-csv": "npm:@mattherzog/gtmcode-adapter-csv@0.0.0",
        "@gtmcode/adapter-hubspot": "npm:@mattherzog/gtmcode-adapter-hubspot@0.0.0",
        "@gtmcode/adapter-salesforce": "npm:@mattherzog/gtmcode-adapter-salesforce@0.0.0",
        "@gtmcode/adapter-smartlead": "npm:@mattherzog/gtmcode-adapter-smartlead@0.0.0",
        "@gtmcode/runtime": "npm:@mattherzog/gtmcode-runtime@0.0.0",
        "yaml": "^2.9.0"
      }
    },
    "node_modules/yaml": {
      "version": "2.9.0",
      "resolved": "https://registry.npmjs.org/yaml/-/yaml-2.9.0.tgz",
      "integrity": "sha512-2AvhNX3mb8zd6Zy7INTtSpl1F15HW6Wnqj0srWlkKLcpYl/gMIMJiyuGq2KeI2YFxUPjdlB+3Lc10seMLtL4cA==",
      "license": "ISC",
      "bin": {
        "yaml": "bin.mjs"
      },
      "engines": {
        "node": ">= 14.6"
      },
      "funding": {
        "url": "https://github.com/sponsors/eemeli"
      }
    },
    "node_modules/zod": {
      "version": "4.4.3",
      "resolved": "https://registry.npmjs.org/zod/-/zod-4.4.3.tgz",
      "integrity": "sha512-ytENFjIJFl2UwYglde2jchW2Hwm4GJFLDiSXWdTrJQBIN9Fcyp7n4DhxJEiWNAJMV1/BqWfW/kkg71UDcHJyTQ==",
      "license": "MIT",
      "funding": {
        "url": "https://github.com/sponsors/colinhacks"
      }
    }
  }
}
