{
  "name": "@bryan2333/pi-permission-system",
  "version": "0.9.0",
  "lockfileVersion": 3,
  "requires": true,
  "packages": {
    "": {
      "name": "@bryan2333/pi-permission-system",
      "version": "0.9.0",
      "hasInstallScript": true,
      "license": "MIT",
      "dependencies": {
        "jsonc-parser": "^3.3.1",
        "tree-sitter-bash": "^0.25.0",
        "web-tree-sitter": "^0.25.10"
      },
      "engines": {
        "bun": ">=1.1.0",
        "node": ">=20"
      },
      "peerDependencies": {
        "@earendil-works/pi-ai": "^0.74.0 || ^0.75.0 || ^0.78.0 || ^0.79.0 || ^0.80.0 || ^0.81.0 || ^0.82.0 || ^0.83.0 || ^0.84.0",
        "@earendil-works/pi-coding-agent": "^0.74.0 || ^0.75.0 || ^0.78.0 || ^0.79.0 || ^0.80.0 || ^0.81.0 || ^0.82.0 || ^0.83.0 || ^0.84.0",
        "@earendil-works/pi-tui": "^0.74.0 || ^0.75.0 || ^0.78.0 || ^0.79.0 || ^0.80.0 || ^0.81.0 || ^0.82.0 || ^0.83.0 || ^0.84.0",
        "@sinclair/typebox": "^0.34.49"
      }
    },
    "node_modules/jsonc-parser": {
      "version": "3.3.1",
      "resolved": "https://registry.npmjs.org/jsonc-parser/-/jsonc-parser-3.3.1.tgz",
      "integrity": "sha512-HUgH65KyejrUFPvHFPbqOY0rsFip3Bo5wb4ngvdi1EpCYWUQDC5V+Y7mZws+DLkr4M//zQJoanu1SP+87Dv1oQ==",
      "license": "MIT"
    },
    "node_modules/node-addon-api": {
      "version": "8.9.2",
      "resolved": "https://registry.npmjs.org/node-addon-api/-/node-addon-api-8.9.2.tgz",
      "integrity": "sha512-VijLXbi3UACN69I0JVXJsX4tjACjNoQDgv2gTF6sx2wWEi8tkSg2eX8p5gSIFi8z2+DL3oHmY6OyKce38SDolg==",
      "license": "MIT",
      "engines": {
        "node": "^18 || ^20 || >= 21"
      }
    },
    "node_modules/node-gyp-build": {
      "version": "4.8.4",
      "resolved": "https://registry.npmjs.org/node-gyp-build/-/node-gyp-build-4.8.4.tgz",
      "integrity": "sha512-LA4ZjwlnUblHVgq0oBF3Jl/6h/Nvs5fzBLwdEF4nuxnFdsfajde4WfxtJr3CaiH+F6ewcIB/q4jQ4UzPyid+CQ==",
      "license": "MIT",
      "bin": {
        "node-gyp-build": "bin.js",
        "node-gyp-build-optional": "optional.js",
        "node-gyp-build-test": "build-test.js"
      }
    },
    "node_modules/tree-sitter-bash": {
      "version": "0.25.1",
      "resolved": "https://registry.npmjs.org/tree-sitter-bash/-/tree-sitter-bash-0.25.1.tgz",
      "integrity": "sha512-7hMytuYIMoXOq24yRulgIxthE9YmggZIOHCyPTTuJcu6EU54tYD+4G39cUb28kxC6jMf/AbPfWGLQtgPTdh3xw==",
      "hasInstallScript": true,
      "license": "MIT",
      "dependencies": {
        "node-addon-api": "^8.2.1",
        "node-gyp-build": "^4.8.2"
      },
      "peerDependencies": {
        "tree-sitter": "^0.25.0"
      },
      "peerDependenciesMeta": {
        "tree-sitter": {
          "optional": true
        }
      }
    },
    "node_modules/web-tree-sitter": {
      "version": "0.25.10",
      "resolved": "https://registry.npmjs.org/web-tree-sitter/-/web-tree-sitter-0.25.10.tgz",
      "integrity": "sha512-Y09sF44/13XvgVKgO2cNDw5rGk6s26MgoZPXLESvMXeefBf7i6/73eFurre0IsTW6E14Y0ArIzhUMmjoc7xyzA==",
      "license": "MIT",
      "peerDependencies": {
        "@types/emscripten": "^1.40.0"
      },
      "peerDependenciesMeta": {
        "@types/emscripten": {
          "optional": true
        }
      }
    }
  }
}
