{
  "name": "@hobin/developer",
  "version": "0.1.5",
  "lockfileVersion": 3,
  "requires": true,
  "packages": {
    "": {
      "name": "@hobin/developer",
      "version": "0.1.5",
      "license": "MIT",
      "dependencies": {
        "xstate": "5.32.5"
      },
      "engines": {
        "node": ">=22.19.0"
      },
      "peerDependencies": {
        "@earendil-works/pi-ai": "*",
        "@earendil-works/pi-coding-agent": "*",
        "@earendil-works/pi-tui": "*",
        "typebox": "*"
      }
    },
    "node_modules/xstate": {
      "version": "5.32.5",
      "resolved": "https://registry.npmjs.org/xstate/-/xstate-5.32.5.tgz",
      "integrity": "sha512-ULazi1oe6wGrXl0Frb6otSlkm5HLifbbVTkMk5kkSKqz4TkxJaVpnl6jOJwKeid3ORPxYyZQgNLUSYX9q65SIA==",
      "license": "MIT",
      "funding": {
        "type": "opencollective",
        "url": "https://opencollective.com/xstate"
      }
    }
  }
}
