{
  "name": "nsolid-pi-plugin",
  "version": "1.0.0",
  "lockfileVersion": 3,
  "requires": true,
  "packages": {
    "": {
      "name": "nsolid-pi-plugin",
      "version": "1.0.0",
      "license": "MIT",
      "dependencies": {
        "nsolid-plugin": "1.0.0"
      }
    },
    "node_modules/imurmurhash": {
      "version": "0.1.4",
      "resolved": "https://registry.npmjs.org/imurmurhash/-/imurmurhash-0.1.4.tgz",
      "integrity": "sha512-JmXMZ6wuvDmLiHEml9ykzqO6lwFbof0GG4IkcGaENdCRDDmMVnny7s5HsIgHCbaq0w2MyPhDqkhTUgS2LU2PHA==",
      "license": "MIT",
      "engines": {
        "node": ">=0.8.19"
      }
    },
    "node_modules/nsolid-plugin": {
      "version": "1.0.0",
      "resolved": "https://registry.npmjs.org/nsolid-plugin/-/nsolid-plugin-1.0.0.tgz",
      "integrity": "sha512-ztv9vOsPprUodf7h09I5V/rP/xGlp71NKGjMcoULF9fGPQTaOHdgFwaZ2dmmbUJr8x4k14Amu/QDY5qk4j1Kvw==",
      "dependencies": {
        "smol-toml": "^1.3.1",
        "write-file-atomic": "^5.0.1",
        "zod": "4.4.3"
      },
      "bin": {
        "nsolid-plugin": "dist/src/cli.js"
      },
      "engines": {
        "node": ">=22.3.0"
      }
    },
    "node_modules/signal-exit": {
      "version": "4.1.0",
      "resolved": "https://registry.npmjs.org/signal-exit/-/signal-exit-4.1.0.tgz",
      "integrity": "sha512-bzyZ1e88w9O1iNJbKnOlvYTrWPDl46O1bG0D3XInv+9tkPrxrN8jUUTiFlDkkmKWgn1M6CfIA13SuGqOa9Korw==",
      "license": "ISC",
      "engines": {
        "node": ">=14"
      },
      "funding": {
        "url": "https://github.com/sponsors/isaacs"
      }
    },
    "node_modules/smol-toml": {
      "version": "1.7.0",
      "resolved": "https://registry.npmjs.org/smol-toml/-/smol-toml-1.7.0.tgz",
      "integrity": "sha512-aqVvWoyO21L23mb+drl4RmMXbf6N7FdHjAhTRA9ZBL7apWBgfWC16KjrASI+1p9GAroljyMHj6fK67i0UiTNvQ==",
      "license": "BSD-3-Clause",
      "engines": {
        "node": ">= 18"
      },
      "funding": {
        "url": "https://github.com/sponsors/cyyynthia"
      }
    },
    "node_modules/write-file-atomic": {
      "version": "5.0.1",
      "resolved": "https://registry.npmjs.org/write-file-atomic/-/write-file-atomic-5.0.1.tgz",
      "integrity": "sha512-+QU2zd6OTD8XWIJCbffaiQeH9U73qIqafo1x6V1snCWYGJf6cVE0cDR4D8xRzcEnfI21IFrUPzPGtcPf8AC+Rw==",
      "license": "ISC",
      "dependencies": {
        "imurmurhash": "^0.1.4",
        "signal-exit": "^4.0.1"
      },
      "engines": {
        "node": "^14.17.0 || ^16.13.0 || >=18.0.0"
      }
    },
    "node_modules/zod": {
      "version": "4.4.3",
      "resolved": "https://registry.npmjs.org/zod/-/zod-4.4.3.tgz",
      "integrity": "sha512-ytENFjIJFl2UwYglde2jchW2Hwm4GJFLDiSXWdTrJQBIN9Fcyp7n4DhxJEiWNAJMV1/BqWfW/kkg71UDcHJyTQ==",
      "license": "MIT",
      "funding": {
        "url": "https://github.com/sponsors/colinhacks"
      }
    }
  }
}
