{
  "name": "@hheei/pi-settings",
  "version": "0.1.2",
  "lockfileVersion": 3,
  "requires": true,
  "packages": {
    "": {
      "name": "@hheei/pi-settings",
      "version": "0.1.2",
      "license": "MIT",
      "dependencies": {
        "@hheei/pi-ext-core": "^0.1.2"
      },
      "peerDependencies": {
        "@earendil-works/pi-coding-agent": ">=0.87.0",
        "@earendil-works/pi-tui": ">=0.87.0"
      }
    },
    "node_modules/@hheei/pi-ext-core": {
      "version": "0.1.2",
      "resolved": "https://registry.npmjs.org/@hheei/pi-ext-core/-/pi-ext-core-0.1.2.tgz",
      "integrity": "sha512-wYFNnOo+V53wD/CprOuBdVkzlFDntYt2oOOmo6Y4a6NF8i0hkkKXllybpFCfzuN5HYqa71YyEq0W1KnAl3opwg==",
      "license": "MIT",
      "dependencies": {
        "proper-lockfile": "4.1.2",
        "typebox": "1.3.27"
      },
      "peerDependencies": {
        "@earendil-works/pi-agent-core": ">=0.87.0",
        "@earendil-works/pi-ai": ">=0.87.0",
        "@earendil-works/pi-coding-agent": ">=0.87.0",
        "@earendil-works/pi-tui": ">=0.87.0"
      }
    },
    "node_modules/graceful-fs": {
      "version": "4.2.11",
      "resolved": "https://registry.npmjs.org/graceful-fs/-/graceful-fs-4.2.11.tgz",
      "integrity": "sha512-RbJ5/jmFcNNCcDV5o9eTnBLJ/HszWV0P73bc+Ff4nS/rJj+YaS6IGyiOL0VoBYX+l1Wrl3k63h/KrH+nhJ0XvQ==",
      "license": "ISC"
    },
    "node_modules/proper-lockfile": {
      "version": "4.1.2",
      "resolved": "https://registry.npmjs.org/proper-lockfile/-/proper-lockfile-4.1.2.tgz",
      "integrity": "sha512-TjNPblN4BwAWMXU8s9AEz4JmQxnD1NNL7bNOY/AKUzyamc379FWASUhc/K1pL2noVb+XmZKLL68cjzLsiOAMaA==",
      "license": "MIT",
      "dependencies": {
        "graceful-fs": "^4.2.4",
        "retry": "^0.12.0",
        "signal-exit": "^3.0.2"
      }
    },
    "node_modules/retry": {
      "version": "0.12.0",
      "resolved": "https://registry.npmjs.org/retry/-/retry-0.12.0.tgz",
      "integrity": "sha512-9LkiTwjUh6rT555DtE9rTX+BKByPfrMzEAtnlEtdEwr3Nkffwiihqe2bWADg+OQRjt9gl6ICdmB/ZFDCGAtSow==",
      "license": "MIT",
      "engines": {
        "node": ">= 4"
      }
    },
    "node_modules/signal-exit": {
      "version": "3.0.7",
      "resolved": "https://registry.npmjs.org/signal-exit/-/signal-exit-3.0.7.tgz",
      "integrity": "sha512-wnD2ZE+l+SPC/uoS0vXeE9L1+0wuaMqKlfz9AMUo38JsyLSBWSFcHR1Rri62LZc12vLr1gb3jl7iwQhgwpAbGQ==",
      "license": "ISC"
    },
    "node_modules/typebox": {
      "version": "1.3.27",
      "resolved": "https://registry.npmjs.org/typebox/-/typebox-1.3.27.tgz",
      "integrity": "sha512-zu+jc1pcy4UiNThxikUr36f0Rybk9PEeCg/NE6adeWr/SKsdNO4EzZHYRDlv2YCVAfj3Odq3dESSo/jNyoBXzA==",
      "license": "MIT"
    }
  }
}
