{
  "name": "pi-session-history",
  "version": "0.1.0",
  "lockfileVersion": 3,
  "requires": true,
  "packages": {
    "": {
      "name": "pi-session-history",
      "version": "0.1.0",
      "license": "MIT",
      "dependencies": {
        "@letta-ai/trajectory": "0.2.0"
      },
      "engines": {
        "node": ">=22"
      },
      "peerDependencies": {
        "@earendil-works/pi-ai": "*",
        "@earendil-works/pi-coding-agent": "*",
        "typebox": "*"
      },
      "peerDependenciesMeta": {
        "@earendil-works/pi-ai": {
          "optional": true
        },
        "@earendil-works/pi-coding-agent": {
          "optional": true
        },
        "typebox": {
          "optional": true
        }
      }
    },
    "node_modules/@letta-ai/trajectory": {
      "version": "0.2.0",
      "resolved": "https://registry.npmjs.org/@letta-ai/trajectory/-/trajectory-0.2.0.tgz",
      "integrity": "sha512-biCyT0z8nh4Q8kIqBrPgmzoalacPmosmCpvEjdN9ILpL85+T75b8ahcN9MHPHQUVRj/J7UyQuRahJ4/JdrpCcA==",
      "license": "Apache-2.0",
      "engines": {
        "node": ">=20"
      }
    }
  }
}
