{
  "name": "@tinoy/pi-status-metrics",
  "version": "0.3.0",
  "lockfileVersion": 3,
  "requires": true,
  "packages": {
    "": {
      "name": "@tinoy/pi-status-metrics",
      "version": "0.3.0",
      "license": "MIT",
      "dependencies": {
        "@tinoy/pi-ext-lib": "*",
        "@tinoy/pi-focus-state": "*"
      },
      "engines": {
        "node": ">=22"
      },
      "peerDependencies": {
        "@earendil-works/pi-coding-agent": "*"
      }
    },
    "node_modules/@tinoy/pi-ext-lib": {
      "version": "0.4.0",
      "resolved": "https://registry.npmjs.org/@tinoy/pi-ext-lib/-/pi-ext-lib-0.4.0.tgz",
      "integrity": "sha512-eda9/iVq6KHFkLpQsn19eyyPqEcFEKIBeB6x+Cuya5VZPOv+PlXG2VVE6tHjue2YrthffpfBAPcjKq0zuSW9PQ==",
      "license": "MIT",
      "engines": {
        "node": ">=22"
      }
    },
    "node_modules/@tinoy/pi-focus-state": {
      "version": "0.2.0",
      "resolved": "https://registry.npmjs.org/@tinoy/pi-focus-state/-/pi-focus-state-0.2.0.tgz",
      "integrity": "sha512-BE2OAljmhZ+TULGzWY+pSdUgdyfAspDRhPzcYbcm8i44T56sg4CNrNVBO+bWDLI4uMzQ3bnrNN8pjNt4aT+BMg==",
      "license": "MIT",
      "engines": {
        "node": ">=22"
      }
    }
  }
}
