{
  "name": "@danypops/pi-papyrus",
  "version": "0.38.4",
  "lockfileVersion": 3,
  "requires": true,
  "packages": {
    "": {
      "name": "@danypops/pi-papyrus",
      "version": "0.38.4",
      "dependencies": {
        "@danypops/papyrus": "^0.38.1",
        "@danypops/vehicle-client": "^0.1.1",
        "@danypops/vehicle-client-pi": "^0.1.5",
        "@danypops/vehicle-core": "^0.1.1",
        "@danypops/vehicle-server": "^0.1.1",
        "beautiful-mermaid": "1.1.3",
        "malevich-tui-components": "^0.5.0"
      },
      "peerDependencies": {
        "@earendil-works/pi-coding-agent": "*",
        "@earendil-works/pi-tui": "*",
        "typebox": "*"
      }
    },
    "node_modules/@danypops/daemon-kit": {
      "version": "0.10.0",
      "resolved": "https://registry.npmjs.org/@danypops/daemon-kit/-/daemon-kit-0.10.0.tgz",
      "integrity": "sha512-5otX8AtXDrJVasmKHNmH0PKo3wSsO0KDFN2fhJKIX/kjjBMUV2PfVgGjsahICaXbP1TZcW2S5InJGB4UUVeNgg==",
      "deprecated": "merged into @danypops/vehicle-server and @danypops/vehicle-client",
      "license": "MIT",
      "dependencies": {
        "pino": "^10.3.1"
      },
      "peerDependencies": {
        "@earendil-works/pi-coding-agent": "*",
        "typescript": "^5"
      },
      "peerDependenciesMeta": {
        "@earendil-works/pi-coding-agent": {
          "optional": true
        }
      }
    },
    "node_modules/@danypops/papyrus": {
      "version": "0.38.1",
      "resolved": "https://registry.npmjs.org/@danypops/papyrus/-/papyrus-0.38.1.tgz",
      "integrity": "sha512-EAA2et6J/HFpgHPIvoQp/EEImD18pc+aIIa7NkZ+YbdCUiN1pMFbzKT5BfS+DwY6/qrOHjpakWPqMipmBZd+yw==",
      "dependencies": {
        "@danypops/daemon-kit": "^0.10.0",
        "@danypops/vehicle-core": "^0.1.0",
        "@danypops/vehicle-server": "^0.1.0"
      },
      "bin": {
        "papyrus": "src/cli.ts"
      }
    },
    "node_modules/@danypops/vehicle-client": {
      "version": "0.1.1",
      "resolved": "https://registry.npmjs.org/@danypops/vehicle-client/-/vehicle-client-0.1.1.tgz",
      "integrity": "sha512-A1Jl1CQZqgaVDbj/BLMPqRDrZUKFtPlI34YMQfOJQYa7zRbTUEvxdOBDEmivDm6vKQinKt7ifaUO9c5VdwKJSQ==",
      "license": "MIT",
      "dependencies": {
        "@danypops/vehicle-core": "^0.1.0",
        "@danypops/vehicle-server": "^0.1.1"
      }
    },
    "node_modules/@danypops/vehicle-client-pi": {
      "version": "0.1.5",
      "resolved": "https://registry.npmjs.org/@danypops/vehicle-client-pi/-/vehicle-client-pi-0.1.5.tgz",
      "integrity": "sha512-+cicx9jUGSkwqesqYtJyWXIObB0JyszaDJNa5kQsztdGmDLrpwjMqnQg1p3/89rEhcuVkmDnMKQTNS2lnoPH1w==",
      "license": "MIT",
      "dependencies": {
        "@danypops/vehicle-core": "^0.1.1",
        "@danypops/vehicle-server": "^0.1.1",
        "malevich-tui-components": "^0.2.0"
      },
      "peerDependencies": {
        "@earendil-works/pi-agent-core": "*",
        "@earendil-works/pi-coding-agent": "*",
        "@earendil-works/pi-tui": "*",
        "typebox": "*"
      },
      "peerDependenciesMeta": {
        "@earendil-works/pi-tui": {
          "optional": true
        }
      }
    },
    "node_modules/@danypops/vehicle-client-pi/node_modules/malevich-tui-components": {
      "version": "0.2.0",
      "resolved": "https://registry.npmjs.org/malevich-tui-components/-/malevich-tui-components-0.2.0.tgz",
      "integrity": "sha512-23UAEya+66QxSKD9X0jC83p9CDz6UEKzSIInwJYZu6kmLdsS6xK5vKk+R4jEXqj1Ib8chXmhsRGIVedgP6oq8Q==",
      "license": "MIT"
    },
    "node_modules/@danypops/vehicle-core": {
      "version": "0.1.1",
      "resolved": "https://registry.npmjs.org/@danypops/vehicle-core/-/vehicle-core-0.1.1.tgz",
      "integrity": "sha512-aj02iT0V2BpVP4GTI6vWQ+/C56UPzztvYyio3X7fnSXY7IvTaZ5z51Se2G8wmw+4qmS2/n3mx88IvZImaziEeQ==",
      "license": "MIT"
    },
    "node_modules/@danypops/vehicle-server": {
      "version": "0.1.1",
      "resolved": "https://registry.npmjs.org/@danypops/vehicle-server/-/vehicle-server-0.1.1.tgz",
      "integrity": "sha512-7yOxstICfQ9W77CjwvCrDI93lGxFTl1SeAy8SJXM5MfzGXlov2TlpUTRzbb9Sv+t5W+jNVcOs4iZHsaUGRDgrA==",
      "license": "MIT",
      "dependencies": {
        "@danypops/vehicle-core": "^0.1.0",
        "pino": "^10.3.1"
      }
    },
    "node_modules/@pinojs/redact": {
      "version": "0.4.0",
      "resolved": "https://registry.npmjs.org/@pinojs/redact/-/redact-0.4.0.tgz",
      "integrity": "sha512-k2ENnmBugE/rzQfEcdWHcCY+/FM3VLzH9cYEsbdsoqrvzAKRhUZeRNhAZvB8OitQJ1TBed3yqWtdjzS6wJKBwg==",
      "license": "MIT"
    },
    "node_modules/atomic-sleep": {
      "version": "1.0.0",
      "resolved": "https://registry.npmjs.org/atomic-sleep/-/atomic-sleep-1.0.0.tgz",
      "integrity": "sha512-kNOjDqAh7px0XWNI+4QbzoiR/nTkHAWNud2uvnJquD1/x5a7EQZMJT0AczqK0Qn67oY/TTQ1LbUKajZpp3I9tQ==",
      "license": "MIT",
      "engines": {
        "node": ">=8.0.0"
      }
    },
    "node_modules/beautiful-mermaid": {
      "version": "1.1.3",
      "resolved": "https://registry.npmjs.org/beautiful-mermaid/-/beautiful-mermaid-1.1.3.tgz",
      "integrity": "sha512-TItrtrAyHp1vwFfFVYauWGrquouk/6SS21Aq3RsxindSYZODcN4xYrPZD6BiZRU+o5mKJzDPz9MUSMvELdylyg==",
      "license": "MIT",
      "dependencies": {
        "elkjs": "^0.11.0",
        "entities": "^7.0.1"
      }
    },
    "node_modules/elkjs": {
      "version": "0.11.1",
      "resolved": "https://registry.npmjs.org/elkjs/-/elkjs-0.11.1.tgz",
      "integrity": "sha512-zxxR9k+rx5ktMwT/FwyLdPCrq7xN6e4VGGHH8hA01vVYKjTFik7nHOxBnAYtrgYUB1RpAiLvA1/U2YraWxyKKg==",
      "license": "EPL-2.0"
    },
    "node_modules/entities": {
      "version": "7.0.1",
      "resolved": "https://registry.npmjs.org/entities/-/entities-7.0.1.tgz",
      "integrity": "sha512-TWrgLOFUQTH994YUyl1yT4uyavY5nNB5muff+RtWaqNVCAK408b5ZnnbNAUEWLTCpum9w6arT70i1XdQ4UeOPA==",
      "license": "BSD-2-Clause",
      "engines": {
        "node": ">=0.12"
      },
      "funding": {
        "url": "https://github.com/fb55/entities?sponsor=1"
      }
    },
    "node_modules/malevich-tui-components": {
      "version": "0.5.0",
      "resolved": "https://registry.npmjs.org/malevich-tui-components/-/malevich-tui-components-0.5.0.tgz",
      "integrity": "sha512-Bg8KMGGrmQf2lXAGz6GOJMhliC7UUJL23WndTiKg5xhH+5kblAiRoh76UcZRdS7Q2GOaHtdmlhqnNmfD6Gb8Ug==",
      "license": "MIT"
    },
    "node_modules/on-exit-leak-free": {
      "version": "2.1.2",
      "resolved": "https://registry.npmjs.org/on-exit-leak-free/-/on-exit-leak-free-2.1.2.tgz",
      "integrity": "sha512-0eJJY6hXLGf1udHwfNftBqH+g73EU4B504nZeKpz1sYRKafAghwxEJunB2O7rDZkL4PGfsMVnTXZ2EjibbqcsA==",
      "license": "MIT",
      "engines": {
        "node": ">=14.0.0"
      }
    },
    "node_modules/pino": {
      "version": "10.3.1",
      "resolved": "https://registry.npmjs.org/pino/-/pino-10.3.1.tgz",
      "integrity": "sha512-r34yH/GlQpKZbU1BvFFqOjhISRo1MNx1tWYsYvmj6KIRHSPMT2+yHOEb1SG6NMvRoHRF0a07kCOox/9yakl1vg==",
      "license": "MIT",
      "dependencies": {
        "@pinojs/redact": "^0.4.0",
        "atomic-sleep": "^1.0.0",
        "on-exit-leak-free": "^2.1.0",
        "pino-abstract-transport": "^3.0.0",
        "pino-std-serializers": "^7.0.0",
        "process-warning": "^5.0.0",
        "quick-format-unescaped": "^4.0.3",
        "real-require": "^0.2.0",
        "safe-stable-stringify": "^2.3.1",
        "sonic-boom": "^4.0.1",
        "thread-stream": "^4.0.0"
      },
      "bin": {
        "pino": "bin.js"
      }
    },
    "node_modules/pino-abstract-transport": {
      "version": "3.0.0",
      "resolved": "https://registry.npmjs.org/pino-abstract-transport/-/pino-abstract-transport-3.0.0.tgz",
      "integrity": "sha512-wlfUczU+n7Hy/Ha5j9a/gZNy7We5+cXp8YL+X+PG8S0KXxw7n/JXA3c46Y0zQznIJ83URJiwy7Lh56WLokNuxg==",
      "license": "MIT",
      "dependencies": {
        "split2": "^4.0.0"
      }
    },
    "node_modules/pino-std-serializers": {
      "version": "7.1.0",
      "resolved": "https://registry.npmjs.org/pino-std-serializers/-/pino-std-serializers-7.1.0.tgz",
      "integrity": "sha512-BndPH67/JxGExRgiX1dX0w1FvZck5Wa4aal9198SrRhZjH3GxKQUKIBnYJTdj2HDN3UQAS06HlfcSbQj2OHmaw==",
      "license": "MIT"
    },
    "node_modules/process-warning": {
      "version": "5.1.0",
      "resolved": "https://registry.npmjs.org/process-warning/-/process-warning-5.1.0.tgz",
      "integrity": "sha512-jQSaVHsPgtyw60e1rQ/A+/ArPEj/S8pS/vFnyGa/gYFXrKk/6RuDkoqVDQ5NI5MmS01698ltlAk0NoDBNLujRw==",
      "funding": [
        {
          "type": "github",
          "url": "https://github.com/sponsors/fastify"
        },
        {
          "type": "opencollective",
          "url": "https://opencollective.com/fastify"
        }
      ],
      "license": "MIT"
    },
    "node_modules/quick-format-unescaped": {
      "version": "4.0.4",
      "resolved": "https://registry.npmjs.org/quick-format-unescaped/-/quick-format-unescaped-4.0.4.tgz",
      "integrity": "sha512-tYC1Q1hgyRuHgloV/YXs2w15unPVh8qfu/qCTfhTYamaw7fyhumKa2yGpdSo87vY32rIclj+4fWYQXUMs9EHvg==",
      "license": "MIT"
    },
    "node_modules/real-require": {
      "version": "0.2.0",
      "resolved": "https://registry.npmjs.org/real-require/-/real-require-0.2.0.tgz",
      "integrity": "sha512-57frrGM/OCTLqLOAh0mhVA9VBMHd+9U7Zb2THMGdBUoZVOtGbJzjxsYGDJ3A9AYYCP4hn6y1TVbaOfzWtm5GFg==",
      "license": "MIT",
      "engines": {
        "node": ">= 12.13.0"
      }
    },
    "node_modules/safe-stable-stringify": {
      "version": "2.5.0",
      "resolved": "https://registry.npmjs.org/safe-stable-stringify/-/safe-stable-stringify-2.5.0.tgz",
      "integrity": "sha512-b3rppTKm9T+PsVCBEOUR46GWI7fdOs00VKZ1+9c1EWDaDMvjQc6tUwuFyIprgGgTcWoVHSKrU8H31ZHA2e0RHA==",
      "license": "MIT",
      "engines": {
        "node": ">=10"
      }
    },
    "node_modules/sonic-boom": {
      "version": "4.2.1",
      "resolved": "https://registry.npmjs.org/sonic-boom/-/sonic-boom-4.2.1.tgz",
      "integrity": "sha512-w6AxtubXa2wTXAUsZMMWERrsIRAdrK0Sc+FUytWvYAhBJLyuI4llrMIC1DtlNSdI99EI86KZum2MMq3EAZlF9Q==",
      "license": "MIT",
      "dependencies": {
        "atomic-sleep": "^1.0.0"
      }
    },
    "node_modules/split2": {
      "version": "4.2.0",
      "resolved": "https://registry.npmjs.org/split2/-/split2-4.2.0.tgz",
      "integrity": "sha512-UcjcJOWknrNkF6PLX83qcHM6KHgVKNkV62Y8a5uYDVv9ydGQVwAHMKqHdJje1VTWpljG0WYpCDhrCdAOYH4TWg==",
      "license": "ISC",
      "engines": {
        "node": ">= 10.x"
      }
    },
    "node_modules/thread-stream": {
      "version": "4.2.0",
      "resolved": "https://registry.npmjs.org/thread-stream/-/thread-stream-4.2.0.tgz",
      "integrity": "sha512-e2zZ96wSChazBsbENf/Pcm/4swHt2cEKQ92rhUjkL9GCKiTDJIaTBenjE/m9DXi0QBmTMDkFDdOomUy20A1tDQ==",
      "license": "MIT",
      "dependencies": {
        "real-require": "^1.0.0"
      },
      "engines": {
        "node": ">=20"
      }
    },
    "node_modules/thread-stream/node_modules/real-require": {
      "version": "1.0.0",
      "resolved": "https://registry.npmjs.org/real-require/-/real-require-1.0.0.tgz",
      "integrity": "sha512-P4nbQYQfePJxRSmY+v/KINxVucm4NF3p3s7pJveMTtom52FR4YGltUQLB8idDXwDDWW+eYrWDFbuzUnjoWHF7g==",
      "license": "MIT"
    }
  }
}
