{
  "name": "@jamiefutch/pi-hermes-memory-cleanup",
  "version": "0.1.6",
  "lockfileVersion": 3,
  "requires": true,
  "packages": {
    "": {
      "name": "@jamiefutch/pi-hermes-memory-cleanup",
      "version": "0.1.6",
      "license": "MIT",
      "dependencies": {
        "@jamiefutch/pi-backup": "^1.1.6"
      },
      "engines": {
        "node": ">=22"
      },
      "peerDependencies": {
        "@earendil-works/pi-coding-agent": "*"
      }
    },
    "node_modules/@jamiefutch/pi-backup": {
      "version": "1.1.11",
      "resolved": "https://registry.npmjs.org/@jamiefutch/pi-backup/-/pi-backup-1.1.11.tgz",
      "integrity": "sha512-nEwtWYkc2SMZ8w5fv4R9wq1AXUvVwlXpoY92Jnc0Mu721hr4xaQ+PImUcqzeFG/Hq/aWhmBnnH5wNTaDzZNGlg==",
      "license": "MIT",
      "engines": {
        "node": ">=22"
      },
      "peerDependencies": {
        "@earendil-works/pi-coding-agent": "*"
      }
    }
  }
}
