{
  "name": "@agent-ops/pi-nats-channel",
  "version": "0.8.0",
  "lockfileVersion": 3,
  "requires": true,
  "packages": {
    "": {
      "name": "@agent-ops/pi-nats-channel",
      "version": "0.8.0",
      "license": "Apache-2.0",
      "dependencies": {
        "@agent-ops/sesh-channels": "^0.1.1",
        "@agent-ops/sesh-channels-sdk": "^0.8.0",
        "@nats-io/jetstream": "3.4.0",
        "@nats-io/kv": "3.4.0",
        "@nats-io/obj": "3.4.0",
        "@nats-io/services": "^3.4.0",
        "@nats-io/transport-node": "^3.4.0",
        "@synadia-ai/agent-service": "^0.5.0",
        "@synadia-ai/agents": "^0.5.0",
        "typebox": "^1.0.0",
        "ulid": "^3.0.0"
      },
      "peerDependencies": {
        "@earendil-works/pi-coding-agent": "*"
      }
    },
    "node_modules/@agent-ops/sesh-channels": {
      "version": "0.1.1",
      "resolved": "https://registry.npmjs.org/@agent-ops/sesh-channels/-/sesh-channels-0.1.1.tgz",
      "integrity": "sha512-I07R8/JrB6ZdEjYX65DVIOqoSIU7jp7Op3MMIcQoKC+TIFQKcHiE+dwtB5Sfz++CwqCsRcjiqh6HQNfhBzdJvA==",
      "license": "Apache-2.0",
      "engines": {
        "node": ">=20"
      }
    },
    "node_modules/@agent-ops/sesh-channels-sdk": {
      "version": "0.8.0",
      "resolved": "https://registry.npmjs.org/@agent-ops/sesh-channels-sdk/-/sesh-channels-sdk-0.8.0.tgz",
      "integrity": "sha512-0YGhAOFteEXvWpsl1DKjmagNUgcOdmOnWLAfsp6SNQGLSmR+euGJ9Ns0cxZeMtRBFtxwTSJTwAHyn2C4bAfkiQ==",
      "dependencies": {
        "@nats-io/jetstream": "3.4.0",
        "@nats-io/kv": "3.4.0",
        "@nats-io/obj": "3.4.0",
        "@nats-io/transport-node": "^3.4.0",
        "@synadia-ai/agent-service": "^0.5.2",
        "@synadia-ai/agents": "^0.5.1",
        "ulid": "^3.0.0"
      }
    },
    "node_modules/@nats-io/jetstream": {
      "version": "3.4.0",
      "resolved": "https://registry.npmjs.org/@nats-io/jetstream/-/jetstream-3.4.0.tgz",
      "integrity": "sha512-GzHQodNJ942+R5LRb8PuZ5ugVWVWMRiufxUYLLVWkXKfwDXYN+Owo0d7L/b9O7BPyrbYD7jQWAC6+ZVuXa9Gyw==",
      "license": "Apache-2.0",
      "dependencies": {
        "@nats-io/nats-core": "3.4.0"
      }
    },
    "node_modules/@nats-io/kv": {
      "version": "3.4.0",
      "resolved": "https://registry.npmjs.org/@nats-io/kv/-/kv-3.4.0.tgz",
      "integrity": "sha512-168pcRJxWcIRHwdyczI3DaGk5r3CAj3CyKXuk4Nmx5KKj7N1znQOJPIxCoV0TPlAvoTidVb7eBv41J9imapMeQ==",
      "license": "Apache-2.0",
      "dependencies": {
        "@nats-io/jetstream": "3.4.0",
        "@nats-io/nats-core": "3.4.0"
      }
    },
    "node_modules/@nats-io/nats-core": {
      "version": "3.4.0",
      "resolved": "https://registry.npmjs.org/@nats-io/nats-core/-/nats-core-3.4.0.tgz",
      "integrity": "sha512-QMDM86EUNm+wudlKC67HLar/KHHQUvJGLfb4jbahje3pUk3K9afeck9fwsxBZF0eUFox6T/TA6m/t+lQqf+QsQ==",
      "license": "Apache-2.0",
      "dependencies": {
        "@nats-io/nkeys": "2.0.3",
        "@nats-io/nuid": "3.0.0"
      }
    },
    "node_modules/@nats-io/nkeys": {
      "version": "2.0.3",
      "resolved": "https://registry.npmjs.org/@nats-io/nkeys/-/nkeys-2.0.3.tgz",
      "integrity": "sha512-JVt56GuE6Z89KUkI4TXUbSI9fmIfAmk6PMPknijmuL72GcD+UgIomTcRWiNvvJKxA01sBbmIPStqJs5cMRBC3A==",
      "license": "Apache-2.0",
      "dependencies": {
        "tweetnacl": "^1.0.3"
      },
      "engines": {
        "node": ">=18.0.0"
      }
    },
    "node_modules/@nats-io/nuid": {
      "version": "3.0.0",
      "resolved": "https://registry.npmjs.org/@nats-io/nuid/-/nuid-3.0.0.tgz",
      "integrity": "sha512-QbXZDrxmYlrn5AD06gYcUTmEHwxn96HBQMIk7XTjDlEcx6FPzVBBPjp4AMRh1lEv6B4iJ6Xb/Uz61JugPXFRQg==",
      "license": "Apache-2.0",
      "engines": {
        "node": ">= 22.x"
      }
    },
    "node_modules/@nats-io/obj": {
      "version": "3.4.0",
      "resolved": "https://registry.npmjs.org/@nats-io/obj/-/obj-3.4.0.tgz",
      "integrity": "sha512-zQRyrbxVtapKtqlxcA7qiMBN5aoo1aqSLNHyTZY9d6xBmBAYsw7sfYfSdHSguiR7GXtEjFgFnynTcv7Rw9MIrg==",
      "license": "Apache-2.0",
      "dependencies": {
        "@nats-io/jetstream": "3.4.0",
        "@nats-io/nats-core": "3.4.0",
        "js-sha256": "^0.11.1"
      }
    },
    "node_modules/@nats-io/services": {
      "version": "3.4.0",
      "resolved": "https://registry.npmjs.org/@nats-io/services/-/services-3.4.0.tgz",
      "integrity": "sha512-hS9l4F5VCbdg4u7/qgEUU9gtQ+ZOLJxtj+lJj0oSw7Okkm0fLkYq6odbobFa50IGkghfLrzag95dWHSF8F8+CA==",
      "license": "Apache-2.0",
      "dependencies": {
        "@nats-io/nats-core": "3.4.0"
      }
    },
    "node_modules/@nats-io/transport-node": {
      "version": "3.4.0",
      "resolved": "https://registry.npmjs.org/@nats-io/transport-node/-/transport-node-3.4.0.tgz",
      "integrity": "sha512-hH7u7ejIBTFEJIZ8rIcMrHJI6wl+HhpO5sVFs1+ppmXa8RuB2+Lh1+UwTzZ5xTNNm1TKcRkYy+2qCV56qp8RxA==",
      "license": "Apache-2.0",
      "dependencies": {
        "@nats-io/nats-core": "3.4.0",
        "@nats-io/nkeys": "2.0.3",
        "@nats-io/nuid": "3.0.0"
      },
      "engines": {
        "node": ">= 18.0.0"
      }
    },
    "node_modules/@synadia-ai/agent-service": {
      "version": "0.5.2",
      "resolved": "https://registry.npmjs.org/@synadia-ai/agent-service/-/agent-service-0.5.2.tgz",
      "integrity": "sha512-6y4odN+JbWM9zBFK3XlEOlyJJHnGqPUUQHpfbJqbsPBrI038fQPlhoPcr08SzlY0dXnh4voLoc29mip6Q970rQ==",
      "license": "Apache-2.0",
      "dependencies": {
        "@nats-io/nats-core": "^3.4.0",
        "@nats-io/services": "^3.4.0",
        "@synadia-ai/agents": "^0.5.1"
      },
      "engines": {
        "node": ">=20.0.0"
      }
    },
    "node_modules/@synadia-ai/agents": {
      "version": "0.5.2",
      "resolved": "https://registry.npmjs.org/@synadia-ai/agents/-/agents-0.5.2.tgz",
      "integrity": "sha512-7N8C/sBH5wIf0Q3boodDJEpG9dq4sBFLyiS8slLBU5fTrcU12ftHPRzfT+r3zcLYdaYKaMhdeYXEh+qxVomiDw==",
      "license": "Apache-2.0",
      "dependencies": {
        "@nats-io/nats-core": "^3.4.0",
        "@nats-io/services": "^3.4.0",
        "@nats-io/transport-node": "^3.4.0"
      },
      "engines": {
        "node": ">=20.0.0"
      }
    },
    "node_modules/js-sha256": {
      "version": "0.11.1",
      "resolved": "https://registry.npmjs.org/js-sha256/-/js-sha256-0.11.1.tgz",
      "integrity": "sha512-o6WSo/LUvY2uC4j7mO50a2ms7E/EAdbP0swigLV+nzHKTTaYnaLIWJ02VdXrsJX0vGedDESQnLsOekr94ryfjg==",
      "license": "MIT"
    },
    "node_modules/tweetnacl": {
      "version": "1.0.3",
      "resolved": "https://registry.npmjs.org/tweetnacl/-/tweetnacl-1.0.3.tgz",
      "integrity": "sha512-6rt+RN7aOi1nGMyC4Xa5DdYiukl2UWCbcJft7YhxReBGQD7OAM8Pbxw6YMo4r2diNEA8FEmu32YOn9rhaiE5yw==",
      "license": "Unlicense"
    },
    "node_modules/typebox": {
      "version": "1.3.6",
      "resolved": "https://registry.npmjs.org/typebox/-/typebox-1.3.6.tgz",
      "integrity": "sha512-Sc8RA0NCMEFmApHNU9ZMzqcpQj46She44J8ffpLM/bdhLNUZKq7DJumcLcsFx1gRmDfQPgCgOmFFJ7rcnfWNyA==",
      "license": "MIT"
    },
    "node_modules/ulid": {
      "version": "3.0.2",
      "resolved": "https://registry.npmjs.org/ulid/-/ulid-3.0.2.tgz",
      "integrity": "sha512-yu26mwteFYzBAot7KVMqFGCVpsF6g8wXfJzQUHvu1no3+rRRSFcSV2nKeYvNPLD2J4b08jYBDhHUjeH0ygIl9w==",
      "license": "MIT",
      "bin": {
        "ulid": "dist/cli.js"
      }
    }
  }
}
