{
  "name": "@gwylook/pi-antigravity",
  "version": "1.0.0",
  "lockfileVersion": 3,
  "requires": true,
  "packages": {
    "": {
      "name": "@gwylook/pi-antigravity",
      "version": "1.0.0",
      "license": "MIT",
      "dependencies": {
        "undici": "^8.10.0"
      },
      "peerDependencies": {
        "@earendil-works/pi-ai": ">=1.0.0",
        "@earendil-works/pi-coding-agent": ">=1.0.0",
        "@earendil-works/pi-tui": ">=1.0.0"
      }
    },
    "node_modules/undici": {
      "version": "8.11.2",
      "resolved": "https://registry.npmjs.org/undici/-/undici-8.11.2.tgz",
      "integrity": "sha512-u4UB2/IrKdU6lFxumHmmo1a3fCQO5tzQllRorfoRS63txhrB7xTpSn1PftwC4qEHkOaqP95fCWW4lJzwErwzhQ==",
      "license": "MIT",
      "engines": {
        "node": ">=22.19.0"
      }
    }
  }
}
