{
  "name": "@firstpick/pi-extension-raspberrypi-wiki-local",
  "version": "0.1.4",
  "lockfileVersion": 3,
  "requires": true,
  "packages": {
    "": {
      "name": "@firstpick/pi-extension-raspberrypi-wiki-local",
      "version": "0.1.4",
      "license": "MIT",
      "dependencies": {
        "@firstpick/pi-utils": "^0.2.3"
      },
      "peerDependencies": {
        "@earendil-works/pi-coding-agent": "*",
        "typebox": "*"
      }
    },
    "node_modules/@firstpick/pi-utils": {
      "version": "0.2.4",
      "resolved": "https://registry.npmjs.org/@firstpick/pi-utils/-/pi-utils-0.2.4.tgz",
      "integrity": "sha512-0OtyUul0bXO5ULJ/eiU5cBbjdZQiePQyjZTuk47mU8A0P0a1z+dfNLMTnjarKR2tKl2HMUvHmMi2FQxuWzRmqA==",
      "license": "MIT",
      "peerDependencies": {
        "@earendil-works/pi-coding-agent": "*"
      }
    }
  }
}
