{
  "name": "pi-trash",
  "version": "0.1.1",
  "lockfileVersion": 3,
  "requires": true,
  "packages": {
    "": {
      "name": "pi-trash",
      "version": "0.1.1",
      "license": "MIT",
      "dependencies": {
        "unbash": "^3.0.0"
      },
      "peerDependencies": {
        "@earendil-works/pi-coding-agent": "*"
      }
    },
    "node_modules/unbash": {
      "version": "3.0.0",
      "resolved": "https://registry.npmjs.org/unbash/-/unbash-3.0.0.tgz",
      "integrity": "sha512-FeFPZ/WFT0mbRCuydiZzpPFlrYN8ZUpphQKoq4EeElVIYjYyGzPMxQR/simUwCOJIyVhpFk4RbtyO7RuMpMnHA==",
      "license": "ISC",
      "engines": {
        "node": ">=14"
      }
    }
  }
}
