{
  "name": "@henryqw/pi-footer",
  "version": "0.4.0",
  "lockfileVersion": 3,
  "requires": true,
  "packages": {
    "": {
      "name": "@henryqw/pi-footer",
      "version": "0.4.0",
      "license": "MIT",
      "dependencies": {
        "@henryqw/pi-open-in": "^0.2.0"
      },
      "engines": {
        "node": ">=22.19.0"
      },
      "peerDependencies": {
        "@earendil-works/pi-ai": "^0.84.2",
        "@earendil-works/pi-coding-agent": "^0.84.2",
        "@earendil-works/pi-tui": "^0.84.2"
      }
    },
    "node_modules/@henryqw/pi-open-in": {
      "version": "0.2.3",
      "resolved": "https://registry.npmjs.org/@henryqw/pi-open-in/-/pi-open-in-0.2.3.tgz",
      "integrity": "sha512-rHYZ4pXptjXXDEpt1oH1QH48I7+WfS7nlKsr8KbvpEIEkPbj2T3UmPWQZtwZsKwvjcL4vP1GAmdQKKEfEl6JCg==",
      "license": "MIT",
      "engines": {
        "node": ">=22.19.0"
      },
      "peerDependencies": {
        "@earendil-works/pi-coding-agent": "*"
      }
    }
  }
}
