{
  "name": "@nativepi/subagents",
  "version": "1.1.0",
  "lockfileVersion": 3,
  "requires": true,
  "packages": {
    "": {
      "name": "@nativepi/subagents",
      "version": "1.1.0",
      "license": "MIT",
      "dependencies": {
        "@nativepi/extension-api": "^1.0.0",
        "@phosphor-icons/react": "^2.1.10"
      },
      "peerDependencies": {
        "@earendil-works/pi-ai": "*",
        "@earendil-works/pi-coding-agent": "^0.84.1",
        "@earendil-works/pi-tui": "0.84.1",
        "typebox": "*"
      }
    },
    "node_modules/@nativepi/extension-api": {
      "version": "1.0.0",
      "resolved": "https://registry.npmjs.org/@nativepi/extension-api/-/extension-api-1.0.0.tgz",
      "integrity": "sha512-otH4ByHdPznteph8E2Csnkc1XesUCAiG8noXzRqRsQB5nBSQtuwRfnPxCTIbJJSuCLG4uN9fJbaQOlNV5wke9w==",
      "license": "MIT",
      "dependencies": {
        "zod": "^4"
      },
      "peerDependencies": {
        "react": "^18.3.1 || ^19.0.0"
      },
      "peerDependenciesMeta": {
        "react": {
          "optional": true
        }
      }
    },
    "node_modules/@phosphor-icons/react": {
      "version": "2.1.10",
      "resolved": "https://registry.npmjs.org/@phosphor-icons/react/-/react-2.1.10.tgz",
      "integrity": "sha512-vt8Tvq8GLjheAZZYa+YG/pW7HDbov8El/MANW8pOAz4eGxrwhnbfrQZq0Cp4q8zBEu8NIhHdnr+r8thnfRSNYA==",
      "license": "MIT",
      "engines": {
        "node": ">=10"
      },
      "peerDependencies": {
        "react": ">= 16.8",
        "react-dom": ">= 16.8"
      }
    },
    "node_modules/zod": {
      "version": "4.4.3",
      "resolved": "https://registry.npmjs.org/zod/-/zod-4.4.3.tgz",
      "integrity": "sha512-ytENFjIJFl2UwYglde2jchW2Hwm4GJFLDiSXWdTrJQBIN9Fcyp7n4DhxJEiWNAJMV1/BqWfW/kkg71UDcHJyTQ==",
      "license": "MIT",
      "funding": {
        "url": "https://github.com/sponsors/colinhacks"
      }
    }
  }
}
