{
  "name": "@tahabakhit/pi-research-kit",
  "version": "0.1.0",
  "lockfileVersion": 3,
  "requires": true,
  "packages": {
    "": {
      "name": "@tahabakhit/pi-research-kit",
      "version": "0.1.0",
      "license": "MIT",
      "dependencies": {
        "ketch-cli": "0.17.1"
      },
      "engines": {
        "node": ">=22.19.0"
      },
      "peerDependencies": {
        "@earendil-works/pi-ai": "*",
        "@earendil-works/pi-coding-agent": "*",
        "typebox": "*"
      }
    },
    "node_modules/@ketch-cli/darwin-arm64": {
      "version": "0.17.1",
      "resolved": "https://registry.npmjs.org/@ketch-cli/darwin-arm64/-/darwin-arm64-0.17.1.tgz",
      "integrity": "sha512-bBvHa4VxS2KUB3imnfJhwk4J/fxYXhvtWF2h0OmXpm9HF/IME0UidnYBrKluMY+IkDMBojvTOR0keOuXDS+WVw==",
      "cpu": [
        "arm64"
      ],
      "license": "MIT",
      "optional": true,
      "os": [
        "darwin"
      ]
    },
    "node_modules/@ketch-cli/darwin-x64": {
      "version": "0.17.1",
      "resolved": "https://registry.npmjs.org/@ketch-cli/darwin-x64/-/darwin-x64-0.17.1.tgz",
      "integrity": "sha512-67CUl2I3WV/wUBjakz9Mp/UNImCvH8CaMjdfPQh+SAYx9HhPhgy7TkLau0MEgSt4zI76vcUyuMtF57nR5yTKeg==",
      "cpu": [
        "x64"
      ],
      "license": "MIT",
      "optional": true,
      "os": [
        "darwin"
      ]
    },
    "node_modules/@ketch-cli/linux-arm64": {
      "version": "0.17.1",
      "resolved": "https://registry.npmjs.org/@ketch-cli/linux-arm64/-/linux-arm64-0.17.1.tgz",
      "integrity": "sha512-zNJrt+udAbKHGsyvTk/C1Zc+5HjuEV6djM3L1o5CvV6uzDxuEDjiXALbh1wTlUmSsfoBkf8Qh984jLXpNn9kZA==",
      "cpu": [
        "arm64"
      ],
      "license": "MIT",
      "optional": true,
      "os": [
        "linux"
      ]
    },
    "node_modules/@ketch-cli/linux-x64": {
      "version": "0.17.1",
      "resolved": "https://registry.npmjs.org/@ketch-cli/linux-x64/-/linux-x64-0.17.1.tgz",
      "integrity": "sha512-3p42e5qhB1eOhJRuHBTkkSXxUyCN8Tz5LB120UZr6eIWGn9WyTwGKf9seIC4rT2e2pSYvwlxTrXWU6JeKGlkOA==",
      "cpu": [
        "x64"
      ],
      "license": "MIT",
      "optional": true,
      "os": [
        "linux"
      ]
    },
    "node_modules/@ketch-cli/win32-arm64": {
      "version": "0.17.1",
      "resolved": "https://registry.npmjs.org/@ketch-cli/win32-arm64/-/win32-arm64-0.17.1.tgz",
      "integrity": "sha512-vg/tximWc9D5inZuasEAwYkE3qGFdN35AiYfzSk7q3icejfwRbJLdt/XlZ7kDcSQPE4SKT266xRn8mxFnsUl7Q==",
      "cpu": [
        "arm64"
      ],
      "license": "MIT",
      "optional": true,
      "os": [
        "win32"
      ]
    },
    "node_modules/@ketch-cli/win32-x64": {
      "version": "0.17.1",
      "resolved": "https://registry.npmjs.org/@ketch-cli/win32-x64/-/win32-x64-0.17.1.tgz",
      "integrity": "sha512-y2C8B6A3C6ql8EI6y+fpptFA33cdBg3aSkZh0zqazykx2o5nwg7OoJo+ZRljF0iZmnmwA6uAIL7b4wBBkaXwYg==",
      "cpu": [
        "x64"
      ],
      "license": "MIT",
      "optional": true,
      "os": [
        "win32"
      ]
    },
    "node_modules/ketch-cli": {
      "version": "0.17.1",
      "resolved": "https://registry.npmjs.org/ketch-cli/-/ketch-cli-0.17.1.tgz",
      "integrity": "sha512-zZLVUaoB6yQ2BbsF5VcOBh7pY6ix+wZXJBzdpYvATLLqcRbfDtsUzuCabeV1PaxqQlrSwJ86u4lOIbpKU2MyRg==",
      "license": "MIT",
      "bin": {
        "ketch": "bin/ketch.js",
        "ketch-cli": "bin/ketch.js"
      },
      "engines": {
        "node": ">=16"
      },
      "optionalDependencies": {
        "@ketch-cli/darwin-arm64": "0.17.1",
        "@ketch-cli/darwin-x64": "0.17.1",
        "@ketch-cli/linux-arm64": "0.17.1",
        "@ketch-cli/linux-x64": "0.17.1",
        "@ketch-cli/win32-arm64": "0.17.1",
        "@ketch-cli/win32-x64": "0.17.1"
      }
    }
  }
}
