{
  "name": "@geminixiang/pi-jev",
  "version": "0.1.1",
  "lockfileVersion": 3,
  "requires": true,
  "packages": {
    "": {
      "name": "@geminixiang/pi-jev",
      "version": "0.1.1",
      "license": "MIT",
      "dependencies": {
        "@geminixiang/jev": "^0.3.1"
      },
      "engines": {
        "node": ">=22.19.0"
      },
      "peerDependencies": {
        "@earendil-works/pi-ai": ">=0.85.0",
        "@earendil-works/pi-coding-agent": ">=0.82.1",
        "typebox": "*"
      }
    },
    "node_modules/@geminixiang/jev": {
      "version": "0.3.1",
      "resolved": "https://registry.npmjs.org/@geminixiang/jev/-/jev-0.3.1.tgz",
      "integrity": "sha512-zJ2BdxUwLaWWvq1d//o3rw4nAC5Gt0ViZ4rPaT8XgYXcTxAcPv9J/8tFlvcD9LKbU5pYBOhTi9RL5fTiMvz5lw==",
      "license": "MIT",
      "engines": {
        "node": ">=20"
      },
      "peerDependencies": {
        "@earendil-works/pi-ai": ">=0.85.0"
      }
    }
  }
}
