{
  "name": "pi-io-tools",
  "version": "0.1.2",
  "lockfileVersion": 3,
  "requires": true,
  "packages": {
    "": {
      "name": "pi-io-tools",
      "version": "0.1.2",
      "license": "MIT",
      "dependencies": {
        "@ast-grep/napi": "0.44.1",
        "@humanwhocodes/momoa": "3.3.10",
        "commonmark": "0.31.2",
        "diff": "8.0.4",
        "pyright": "1.1.411",
        "toml-eslint-parser": "1.0.3",
        "typescript": "5.9.3",
        "web-tree-sitter": "0.26.10",
        "xxhash-wasm": "1.1.0",
        "yaml": "2.9.0"
      },
      "engines": {
        "node": ">=22.19.0"
      },
      "peerDependencies": {
        "@earendil-works/pi-ai": "*",
        "@earendil-works/pi-coding-agent": "*",
        "@earendil-works/pi-tui": "*",
        "typebox": "*"
      }
    },
    "node_modules/@ast-grep/napi": {
      "version": "0.44.1",
      "resolved": "https://registry.npmjs.org/@ast-grep/napi/-/napi-0.44.1.tgz",
      "integrity": "sha512-dJAJVYRKmUjXn+4mXUgfRvMrWujB9mLzPSq/2e8J7n6Hn3dY4jpZNpChj6hMi7PlZ2J2c7coAVoDBaax06uvXw==",
      "license": "MIT",
      "engines": {
        "node": ">= 10"
      },
      "optionalDependencies": {
        "@ast-grep/napi-darwin-arm64": "0.44.1",
        "@ast-grep/napi-darwin-x64": "0.44.1",
        "@ast-grep/napi-linux-arm64-gnu": "0.44.1",
        "@ast-grep/napi-linux-arm64-musl": "0.44.1",
        "@ast-grep/napi-linux-x64-gnu": "0.44.1",
        "@ast-grep/napi-linux-x64-musl": "0.44.1",
        "@ast-grep/napi-win32-arm64-msvc": "0.44.1",
        "@ast-grep/napi-win32-ia32-msvc": "0.44.1",
        "@ast-grep/napi-win32-x64-msvc": "0.44.1"
      }
    },
    "node_modules/@ast-grep/napi-darwin-arm64": {
      "version": "0.44.1",
      "resolved": "https://registry.npmjs.org/@ast-grep/napi-darwin-arm64/-/napi-darwin-arm64-0.44.1.tgz",
      "integrity": "sha512-JPcb1PvOkwKgccGbBgtoc4e6qfx/luvAtlc6SEtNPhvSwV8qagLb9MCSDcCiuqrqICx3qHj2CXouGbs66lCFvA==",
      "cpu": [
        "arm64"
      ],
      "license": "MIT",
      "optional": true,
      "os": [
        "darwin"
      ],
      "engines": {
        "node": ">= 10"
      }
    },
    "node_modules/@ast-grep/napi-darwin-x64": {
      "version": "0.44.1",
      "resolved": "https://registry.npmjs.org/@ast-grep/napi-darwin-x64/-/napi-darwin-x64-0.44.1.tgz",
      "integrity": "sha512-TZj9CnCoe30mj2Nri/mMDORgkp1nkeCiw03CIRPOaUqNOvCNyMWLQhxwGJcG1KpY9MuTZsbLcQ3jju0fXZJjwQ==",
      "cpu": [
        "x64"
      ],
      "license": "MIT",
      "optional": true,
      "os": [
        "darwin"
      ],
      "engines": {
        "node": ">= 10"
      }
    },
    "node_modules/@ast-grep/napi-linux-arm64-gnu": {
      "version": "0.44.1",
      "resolved": "https://registry.npmjs.org/@ast-grep/napi-linux-arm64-gnu/-/napi-linux-arm64-gnu-0.44.1.tgz",
      "integrity": "sha512-tw/7ruKolNcy97tDf/24Arb8wo/Ho2FRHk98lrmYQZZr18fFaiYjRXTCJTizOsdo6wL/asht4Rpdo/eRPuDhVw==",
      "cpu": [
        "arm64"
      ],
      "license": "MIT",
      "optional": true,
      "os": [
        "linux"
      ],
      "engines": {
        "node": ">= 10"
      }
    },
    "node_modules/@ast-grep/napi-linux-arm64-musl": {
      "version": "0.44.1",
      "resolved": "https://registry.npmjs.org/@ast-grep/napi-linux-arm64-musl/-/napi-linux-arm64-musl-0.44.1.tgz",
      "integrity": "sha512-IJlY4GnuDqABa40xMvJp62nEQWYmk6wXtZc2sbPiQoemxAPG6X2m+eWwYpE9heAQOe6iNkXsILNH8YZHRTYayA==",
      "cpu": [
        "arm64"
      ],
      "license": "MIT",
      "optional": true,
      "os": [
        "linux"
      ],
      "engines": {
        "node": ">= 10"
      }
    },
    "node_modules/@ast-grep/napi-linux-x64-gnu": {
      "version": "0.44.1",
      "resolved": "https://registry.npmjs.org/@ast-grep/napi-linux-x64-gnu/-/napi-linux-x64-gnu-0.44.1.tgz",
      "integrity": "sha512-6YyLrXn0RcKCS/FpqAFVWWtbGNFYia5tNI6mX1PqVQPCMT5EojHDXpW2/eo6uV/BnGCsVpTocAWSpac6tACa6g==",
      "cpu": [
        "x64"
      ],
      "license": "MIT",
      "optional": true,
      "os": [
        "linux"
      ],
      "engines": {
        "node": ">= 10"
      }
    },
    "node_modules/@ast-grep/napi-linux-x64-musl": {
      "version": "0.44.1",
      "resolved": "https://registry.npmjs.org/@ast-grep/napi-linux-x64-musl/-/napi-linux-x64-musl-0.44.1.tgz",
      "integrity": "sha512-P8ze2Srap/4RsxbrzMy/NSvkRfLwNfvfoEbwBqS/q199t3wVkpS2gT13QkANrgU+RLUgAIawnFBpjbm5XinIuQ==",
      "cpu": [
        "x64"
      ],
      "license": "MIT",
      "optional": true,
      "os": [
        "linux"
      ],
      "engines": {
        "node": ">= 10"
      }
    },
    "node_modules/@ast-grep/napi-win32-arm64-msvc": {
      "version": "0.44.1",
      "resolved": "https://registry.npmjs.org/@ast-grep/napi-win32-arm64-msvc/-/napi-win32-arm64-msvc-0.44.1.tgz",
      "integrity": "sha512-ty5fItgu6aTDJg1fVkWwx0qboB5pFsyjRHSgi5uqXFzLbno1vOKog1pMzu3xcKcLqMiNI0axML+HdFOqSFQz0w==",
      "cpu": [
        "arm64"
      ],
      "license": "MIT",
      "optional": true,
      "os": [
        "win32"
      ],
      "engines": {
        "node": ">= 10"
      }
    },
    "node_modules/@ast-grep/napi-win32-ia32-msvc": {
      "version": "0.44.1",
      "resolved": "https://registry.npmjs.org/@ast-grep/napi-win32-ia32-msvc/-/napi-win32-ia32-msvc-0.44.1.tgz",
      "integrity": "sha512-1wTv2MrQLygnaZhlgH8aYpOkHW051CwWWowTr2AFGkn+2PMfsTTG4SEWcZArOIKlAGdWAvvlut66tLyzKhAFyw==",
      "cpu": [
        "ia32"
      ],
      "license": "MIT",
      "optional": true,
      "os": [
        "win32"
      ],
      "engines": {
        "node": ">= 10"
      }
    },
    "node_modules/@ast-grep/napi-win32-x64-msvc": {
      "version": "0.44.1",
      "resolved": "https://registry.npmjs.org/@ast-grep/napi-win32-x64-msvc/-/napi-win32-x64-msvc-0.44.1.tgz",
      "integrity": "sha512-U8CK5JaH8YUezTJnyk97I3C5Twh9gKDB/Q3KztQdOZGeoYqthnQzM4Ntvlz8aWaVSssn7OyGMr3O8ZoK0W8aJg==",
      "cpu": [
        "x64"
      ],
      "license": "MIT",
      "optional": true,
      "os": [
        "win32"
      ],
      "engines": {
        "node": ">= 10"
      }
    },
    "node_modules/@humanwhocodes/momoa": {
      "version": "3.3.10",
      "resolved": "https://registry.npmjs.org/@humanwhocodes/momoa/-/momoa-3.3.10.tgz",
      "integrity": "sha512-KWiFQpSAqEIyrTXko3hFNLeQvSK8zXlJQzhhxsyVn58WFRYXST99b3Nqnu+ttOtjds2Pl2grUHGpe2NzhPynuQ==",
      "license": "Apache-2.0",
      "engines": {
        "node": ">=18"
      }
    },
    "node_modules/commonmark": {
      "version": "0.31.2",
      "resolved": "https://registry.npmjs.org/commonmark/-/commonmark-0.31.2.tgz",
      "integrity": "sha512-2fRLTyb9r/2835k5cwcAwOj0DEc44FARnMp5veGsJ+mEAZdi52sNopLu07ZyElQUz058H43whzlERDIaaSw4rg==",
      "license": "BSD-2-Clause",
      "dependencies": {
        "entities": "~3.0.1",
        "mdurl": "~1.0.1",
        "minimist": "~1.2.8"
      },
      "bin": {
        "commonmark": "bin/commonmark"
      },
      "engines": {
        "node": "*"
      }
    },
    "node_modules/diff": {
      "version": "8.0.4",
      "resolved": "https://registry.npmjs.org/diff/-/diff-8.0.4.tgz",
      "integrity": "sha512-DPi0FmjiSU5EvQV0++GFDOJ9ASQUVFh5kD+OzOnYdi7n3Wpm9hWWGfB/O2blfHcMVTL5WkQXSnRiK9makhrcnw==",
      "license": "BSD-3-Clause",
      "engines": {
        "node": ">=0.3.1"
      }
    },
    "node_modules/entities": {
      "version": "3.0.1",
      "resolved": "https://registry.npmjs.org/entities/-/entities-3.0.1.tgz",
      "integrity": "sha512-WiyBqoomrwMdFG1e0kqvASYfnlb0lp8M5o5Fw2OFq1hNZxxcNk8Ik0Xm7LxzBhuidnZB/UtBqVCgUz3kBOP51Q==",
      "license": "BSD-2-Clause",
      "engines": {
        "node": ">=0.12"
      },
      "funding": {
        "url": "https://github.com/fb55/entities?sponsor=1"
      }
    },
    "node_modules/eslint-visitor-keys": {
      "version": "5.0.1",
      "resolved": "https://registry.npmjs.org/eslint-visitor-keys/-/eslint-visitor-keys-5.0.1.tgz",
      "integrity": "sha512-tD40eHxA35h0PEIZNeIjkHoDR4YjjJp34biM0mDvplBe//mB+IHCqHDGV7pxF+7MklTvighcCPPZC7ynWyjdTA==",
      "license": "Apache-2.0",
      "engines": {
        "node": "^20.19.0 || ^22.13.0 || >=24"
      },
      "funding": {
        "url": "https://opencollective.com/eslint"
      }
    },
    "node_modules/fsevents": {
      "version": "2.3.3",
      "resolved": "https://registry.npmjs.org/fsevents/-/fsevents-2.3.3.tgz",
      "integrity": "sha512-5xoDfX+fL7faATnagmWPpbFtwh/R77WmMMqqHGS65C3vvB0YHrgF+B1YmZ3441tMj5n63k0212XNoJwzlhffQw==",
      "hasInstallScript": true,
      "license": "MIT",
      "optional": true,
      "os": [
        "darwin"
      ],
      "engines": {
        "node": "^8.16.0 || ^10.6.0 || >=11.0.0"
      }
    },
    "node_modules/mdurl": {
      "version": "1.0.1",
      "resolved": "https://registry.npmjs.org/mdurl/-/mdurl-1.0.1.tgz",
      "integrity": "sha512-/sKlQJCBYVY9Ers9hqzKou4H6V5UWc/M59TH2dvkt+84itfnq7uFOMLpOiOS4ujvHP4etln18fmIxA5R5fll0g==",
      "license": "MIT"
    },
    "node_modules/minimist": {
      "version": "1.2.8",
      "resolved": "https://registry.npmjs.org/minimist/-/minimist-1.2.8.tgz",
      "integrity": "sha512-2yyAR8qBkN3YuheJanUpWC5U3bb5osDywNB8RzDVlDwDHbocAJveqqj1u8+SVD7jkWT4yvsHCpWqqWqAxb0zCA==",
      "license": "MIT",
      "funding": {
        "url": "https://github.com/sponsors/ljharb"
      }
    },
    "node_modules/pyright": {
      "version": "1.1.411",
      "resolved": "https://registry.npmjs.org/pyright/-/pyright-1.1.411.tgz",
      "integrity": "sha512-03S/vmS5lF1S/tVbKc2WNXCMq8JWCwta/qIYjj1jvqbQhoy+N3NgBzHTSmUlbYD6DJwqQ5XHf108QujoqeURvw==",
      "license": "MIT",
      "bin": {
        "pyright": "index.js",
        "pyright-langserver": "langserver.index.js"
      },
      "engines": {
        "node": ">=14.0.0"
      },
      "optionalDependencies": {
        "fsevents": "~2.3.3"
      }
    },
    "node_modules/toml-eslint-parser": {
      "version": "1.0.3",
      "resolved": "https://registry.npmjs.org/toml-eslint-parser/-/toml-eslint-parser-1.0.3.tgz",
      "integrity": "sha512-A5F0cM6+mDleacLIEUkmfpkBbnHJFV1d2rprHU2MXNk7mlxHq2zGojA+SRvQD1RoMo9gqjZPWEaKG4v1BQ48lw==",
      "license": "MIT",
      "dependencies": {
        "eslint-visitor-keys": "^5.0.0"
      },
      "engines": {
        "node": "^20.19.0 || ^22.13.0 || >=24"
      },
      "funding": {
        "url": "https://github.com/sponsors/ota-meshi"
      }
    },
    "node_modules/typescript": {
      "version": "5.9.3",
      "resolved": "https://registry.npmjs.org/typescript/-/typescript-5.9.3.tgz",
      "integrity": "sha512-jl1vZzPDinLr9eUt3J/t7V6FgNEw9QjvBPdysz9KfQDD41fQrC2Y4vKQdiaUpFT4bXlb1RHhLpp8wtm6M5TgSw==",
      "license": "Apache-2.0",
      "bin": {
        "tsc": "bin/tsc",
        "tsserver": "bin/tsserver"
      },
      "engines": {
        "node": ">=14.17"
      }
    },
    "node_modules/web-tree-sitter": {
      "version": "0.26.10",
      "resolved": "https://registry.npmjs.org/web-tree-sitter/-/web-tree-sitter-0.26.10.tgz",
      "integrity": "sha512-vengBGYS7FpAerkR3o04oBL4L8MkVmjawK50AFBu7v0HZBkmF9ZavPGKoXLSSmRhp7T/YgsJ7joAS3yAxHPEqQ==",
      "license": "MIT"
    },
    "node_modules/xxhash-wasm": {
      "version": "1.1.0",
      "resolved": "https://registry.npmjs.org/xxhash-wasm/-/xxhash-wasm-1.1.0.tgz",
      "integrity": "sha512-147y/6YNh+tlp6nd/2pWq38i9h6mz/EuQ6njIrmW8D1BS5nCqs0P6DG+m6zTGnNz5I+uhZ0SHxBs9BsPrwcKDA==",
      "license": "MIT"
    },
    "node_modules/yaml": {
      "version": "2.9.0",
      "resolved": "https://registry.npmjs.org/yaml/-/yaml-2.9.0.tgz",
      "integrity": "sha512-2AvhNX3mb8zd6Zy7INTtSpl1F15HW6Wnqj0srWlkKLcpYl/gMIMJiyuGq2KeI2YFxUPjdlB+3Lc10seMLtL4cA==",
      "license": "ISC",
      "bin": {
        "yaml": "bin.mjs"
      },
      "engines": {
        "node": ">= 14.6"
      },
      "funding": {
        "url": "https://github.com/sponsors/eemeli"
      }
    }
  }
}
