{
  "name": "@j1nn0/agent-handoff-pi",
  "version": "0.1.1",
  "lockfileVersion": 3,
  "requires": true,
  "packages": {
    "": {
      "name": "@j1nn0/agent-handoff-pi",
      "version": "0.1.1",
      "license": "MIT",
      "dependencies": {
        "@j1nn0/agent-handoff": "^0.1.1"
      },
      "engines": {
        "node": ">=22.12.0"
      },
      "peerDependencies": {
        "@earendil-works/pi-coding-agent": "*"
      }
    },
    "node_modules/@j1nn0/agent-handoff": {
      "version": "0.1.1",
      "resolved": "https://registry.npmjs.org/@j1nn0/agent-handoff/-/agent-handoff-0.1.1.tgz",
      "integrity": "sha512-Ipid61vnIkXGOId5fjCzC6dI7JpQLMjiUrturRKNNNlB3Z3zUJxo+CC6P+RR0t3/VL1AP/kugVkGUm2sHbzsrw==",
      "license": "MIT",
      "engines": {
        "node": ">=22.12.0"
      }
    }
  }
}
