{
  "name": "@blackbelt-technology/pi-dashboard-distill-session-knowledge",
  "version": "0.7.0",
  "lockfileVersion": 3,
  "requires": true,
  "packages": {
    "": {
      "name": "@blackbelt-technology/pi-dashboard-distill-session-knowledge",
      "version": "0.7.0",
      "license": "MIT",
      "dependencies": {
        "@blackbelt-technology/pi-dashboard-session-distiller": "^0.7.0"
      }
    },
    "node_modules/@blackbelt-technology/pi-dashboard-session-distiller": {
      "version": "0.7.0",
      "resolved": "https://registry.npmjs.org/@blackbelt-technology/pi-dashboard-session-distiller/-/pi-dashboard-session-distiller-0.7.0.tgz",
      "integrity": "sha512-1nRou398fPIrBZft0YkF08LLqIIuqWHPaV20bw9Fvf9MaF87XuZ+DduD42wCPa2Q+qg8nE/xkScRznWHKYPYkA==",
      "license": "MIT",
      "bin": {
        "distill-session-knowledge": "bin/distill.mjs"
      }
    }
  }
}
