{
  "name": "pi-skill-router",
  "version": "0.2.2",
  "lockfileVersion": 3,
  "requires": true,
  "packages": {
    "": {
      "name": "pi-skill-router",
      "version": "0.2.2",
      "license": "MIT",
      "dependencies": {
        "@fradser/pi-kit": "0.5.1"
      },
      "peerDependencies": {
        "@earendil-works/pi-ai": "*",
        "@earendil-works/pi-coding-agent": "*",
        "@earendil-works/pi-tui": "*"
      }
    },
    "node_modules/@fradser/pi-kit": {
      "version": "0.5.1",
      "resolved": "https://registry.npmjs.org/@fradser/pi-kit/-/pi-kit-0.5.1.tgz",
      "integrity": "sha512-43RajLQUfzFTKiERu/76ineiDY1VGr5AUrniN7OdwBT4v3S2AUgslWUECTDsch6Fb9IteGw7/KGRGAwFoQHimg==",
      "license": "MIT",
      "peerDependencies": {
        "@earendil-works/pi-coding-agent": "*",
        "@earendil-works/pi-tui": "*"
      }
    }
  }
}
