{
  "name": "@hyperprior/pi-bundle",
  "version": "0.1.0",
  "lockfileVersion": 3,
  "requires": true,
  "packages": {
    "": {
      "name": "@hyperprior/pi-bundle",
      "version": "0.1.0",
      "license": "MIT",
      "dependencies": {
        "@hyperprior/pi-ask": "^0.1.0",
        "@hyperprior/pi-browser": "^0.1.0",
        "@hyperprior/pi-commit": "^0.1.0",
        "@hyperprior/pi-model-roles": "^0.1.0",
        "@hyperprior/pi-python": "^0.1.0",
        "@hyperprior/pi-review": "^0.1.0",
        "@hyperprior/pi-safety": "^0.1.0",
        "@hyperprior/pi-ssh": "^0.1.0",
        "@hyperprior/pi-subagent": "^0.1.0",
        "@hyperprior/pi-todo": "^0.1.0",
        "@hyperprior/pi-web": "^0.1.0"
      },
      "peerDependencies": {
        "@mariozechner/pi-coding-agent": "*"
      }
    },
    "node_modules/@hyperprior/pi-ask": {
      "version": "0.1.0",
      "resolved": "https://registry.npmjs.org/@hyperprior/pi-ask/-/pi-ask-0.1.0.tgz",
      "integrity": "sha512-4mk2kkrA9C6M2X0+0EFBwxD4Cn/iVVJZgq+TYc/GvBB4BBPWcLzzvoehDi9HOo88aa1yql+amS0TbHwmQbwW2g==",
      "license": "MIT",
      "dependencies": {
        "@hyperprior/pi-shared": "^0.1.0"
      },
      "peerDependencies": {
        "@hyperprior/pi-shared": "*",
        "@mariozechner/pi-ai": "*",
        "@mariozechner/pi-coding-agent": "*",
        "@sinclair/typebox": "*"
      }
    },
    "node_modules/@hyperprior/pi-browser": {
      "version": "0.1.0",
      "resolved": "https://registry.npmjs.org/@hyperprior/pi-browser/-/pi-browser-0.1.0.tgz",
      "integrity": "sha512-EBNq/6e4iPRoCSVNHSgeLm/1q22zW/YesGPAiL09GD9CJw+lrilDP/Kl3YA2cZEnjDDNAXv5lZNB1Aax0nT0ig==",
      "license": "MIT",
      "dependencies": {
        "@hyperprior/pi-shared": "^0.1.0"
      },
      "peerDependencies": {
        "@hyperprior/pi-shared": "*",
        "@mariozechner/pi-ai": "*",
        "@mariozechner/pi-coding-agent": "*",
        "@sinclair/typebox": "*"
      }
    },
    "node_modules/@hyperprior/pi-commit": {
      "version": "0.1.0",
      "resolved": "https://registry.npmjs.org/@hyperprior/pi-commit/-/pi-commit-0.1.0.tgz",
      "integrity": "sha512-w6TsmOQb8XV6hfmUtSA7bVZaBugZuvCx40Hqy0emgqLNafRAuOp5vIhS+Lkj9f7RuW57/CTHLez/rwXD8H5kCw==",
      "license": "MIT",
      "dependencies": {
        "@hyperprior/pi-shared": "^0.1.0"
      },
      "peerDependencies": {
        "@hyperprior/pi-shared": "*",
        "@mariozechner/pi-ai": "*",
        "@mariozechner/pi-coding-agent": "*",
        "@mariozechner/pi-tui": "*",
        "@sinclair/typebox": "*"
      }
    },
    "node_modules/@hyperprior/pi-model-roles": {
      "version": "0.1.0",
      "resolved": "https://registry.npmjs.org/@hyperprior/pi-model-roles/-/pi-model-roles-0.1.0.tgz",
      "integrity": "sha512-+AS5IzAR8hqrIwQGiyoeCZ7kKZ0PCQ6DZ6WhZSQaEvl08gOtQ4M6IKSUWnbRZKclx6T+RqhQcd5iLgQthvfziA==",
      "license": "MIT",
      "peerDependencies": {
        "@mariozechner/pi-ai": "*",
        "@mariozechner/pi-coding-agent": "*",
        "@sinclair/typebox": "*"
      }
    },
    "node_modules/@hyperprior/pi-python": {
      "version": "0.1.0",
      "resolved": "https://registry.npmjs.org/@hyperprior/pi-python/-/pi-python-0.1.0.tgz",
      "integrity": "sha512-MRVNuT0sttjTxXjn4RY/+PUBryBzltyWoeeCVj2WIXwCnPQ6F6W5dnV7g4Xv/PSeeHDfS5xSHUno/bOphp+k7w==",
      "license": "MIT",
      "dependencies": {
        "@hyperprior/pi-shared": "^0.1.0"
      },
      "peerDependencies": {
        "@hyperprior/pi-shared": "*",
        "@mariozechner/pi-ai": "*",
        "@mariozechner/pi-coding-agent": "*",
        "@sinclair/typebox": "*"
      }
    },
    "node_modules/@hyperprior/pi-review": {
      "version": "0.1.0",
      "resolved": "https://registry.npmjs.org/@hyperprior/pi-review/-/pi-review-0.1.0.tgz",
      "integrity": "sha512-yvlIdlDkAOkXxQoEn5Ts+PLLXFnRSXT294j17apGJqhmXF+IecNB7Gw4HAPsOrzS6tgKUsar7FqNU8y8Rbb1yg==",
      "license": "MIT",
      "dependencies": {
        "@hyperprior/pi-shared": "^0.1.0"
      },
      "peerDependencies": {
        "@hyperprior/pi-shared": "*",
        "@mariozechner/pi-ai": "*",
        "@mariozechner/pi-coding-agent": "*",
        "@mariozechner/pi-tui": "*",
        "@sinclair/typebox": "*"
      }
    },
    "node_modules/@hyperprior/pi-safety": {
      "version": "0.1.0",
      "resolved": "https://registry.npmjs.org/@hyperprior/pi-safety/-/pi-safety-0.1.0.tgz",
      "integrity": "sha512-mst/ERia2T8VvDGpIktiJw+Kwe7E9d2RDd6VThnXLAj2ZYJjYYtSqCJc0BUsvWkJtaBovDkKuRWxSVqiir2nJw==",
      "license": "MIT",
      "dependencies": {
        "@hyperprior/pi-shared": "^0.1.0"
      },
      "peerDependencies": {
        "@hyperprior/pi-shared": "*",
        "@mariozechner/pi-coding-agent": "*",
        "@sinclair/typebox": "*"
      }
    },
    "node_modules/@hyperprior/pi-shared": {
      "version": "0.1.0",
      "resolved": "https://registry.npmjs.org/@hyperprior/pi-shared/-/pi-shared-0.1.0.tgz",
      "integrity": "sha512-w5C3XNSgYMkHcPA4V+bHl/JQNl3MzPINlLmbmjxXFCP60Q8mHW6PnZgNmN0IUJ74NFvsZ4tqPORE7MWrygwN8w==",
      "license": "MIT"
    },
    "node_modules/@hyperprior/pi-ssh": {
      "version": "0.1.0",
      "resolved": "https://registry.npmjs.org/@hyperprior/pi-ssh/-/pi-ssh-0.1.0.tgz",
      "integrity": "sha512-sg8frIwLMs5DGN24ZjKjT8lvc3xwUkwWpxTg39FsJQ8tABzQzrisp6zGKk6TFzjkKRsF0AB8+tCOprIupV8cdQ==",
      "license": "MIT",
      "dependencies": {
        "@hyperprior/pi-shared": "^0.1.0"
      },
      "peerDependencies": {
        "@hyperprior/pi-shared": "*",
        "@mariozechner/pi-coding-agent": "*",
        "@sinclair/typebox": "*"
      }
    },
    "node_modules/@hyperprior/pi-subagent": {
      "version": "0.1.0",
      "resolved": "https://registry.npmjs.org/@hyperprior/pi-subagent/-/pi-subagent-0.1.0.tgz",
      "integrity": "sha512-IBAggRxxzFvErL70NokvzIgjktMErMl4fQNO+iFc8KTxyV0t1Y/p/LiI3AlYyEKjeludNt7WG6H0qO8KWdBxOw==",
      "license": "MIT",
      "dependencies": {
        "@hyperprior/pi-shared": "^0.1.0"
      },
      "peerDependencies": {
        "@hyperprior/pi-shared": "*",
        "@mariozechner/pi-ai": "*",
        "@mariozechner/pi-coding-agent": "*",
        "@sinclair/typebox": "*"
      }
    },
    "node_modules/@hyperprior/pi-todo": {
      "version": "0.1.0",
      "resolved": "https://registry.npmjs.org/@hyperprior/pi-todo/-/pi-todo-0.1.0.tgz",
      "integrity": "sha512-7gaDhsjTc2gcXhVAf6ZVmUz1Yp8BTVHbGY/OAiVWZFoylYFJcN/fM/ccr/mHoJBkitBybXJ9VGceKTUxzX597w==",
      "license": "MIT",
      "dependencies": {
        "@hyperprior/pi-shared": "^0.1.0"
      },
      "peerDependencies": {
        "@hyperprior/pi-shared": "*",
        "@mariozechner/pi-ai": "*",
        "@mariozechner/pi-coding-agent": "*",
        "@mariozechner/pi-tui": "*",
        "@sinclair/typebox": "*"
      }
    },
    "node_modules/@hyperprior/pi-web": {
      "version": "0.1.0",
      "resolved": "https://registry.npmjs.org/@hyperprior/pi-web/-/pi-web-0.1.0.tgz",
      "integrity": "sha512-ymEk4vESpUKMdwZvVeyQIoEBIjIWvHbaagTK2FtmCAtnbybQTfMQAMq9omMaTz0tiDmy+wSZ4yUPC3vXl7/bqg==",
      "license": "MIT",
      "dependencies": {
        "@hyperprior/pi-shared": "^0.1.0"
      },
      "peerDependencies": {
        "@hyperprior/pi-shared": "*",
        "@mariozechner/pi-ai": "*",
        "@mariozechner/pi-coding-agent": "*",
        "@sinclair/typebox": "*"
      }
    }
  }
}
