{
  "name": "@shinynito/pi-menshen",
  "version": "1.5.0",
  "lockfileVersion": 3,
  "requires": true,
  "packages": {
    "": {
      "name": "@shinynito/pi-menshen",
      "version": "1.5.0",
      "dependencies": {
        "web-tree-sitter": "^0.26.11"
      },
      "engines": {
        "node": ">=22.6.0"
      },
      "peerDependencies": {
        "@earendil-works/pi-ai": "*",
        "@earendil-works/pi-coding-agent": "*",
        "@earendil-works/pi-tui": "*"
      }
    },
    "node_modules/web-tree-sitter": {
      "version": "0.26.11",
      "resolved": "https://registry.npmjs.org/web-tree-sitter/-/web-tree-sitter-0.26.11.tgz",
      "integrity": "sha512-Q5Dm3YTIXSXuH6FxX6RuzX2Qwpc4DPGiYMU87Wg5Z8OIStiQFiUex4zMDc0vBTw78EphaYJacncJghCHzbZptg==",
      "license": "MIT"
    }
  }
}
