{
  "name": "@narumitw/pi-stamp",
  "version": "0.40.1",
  "lockfileVersion": 3,
  "requires": true,
  "packages": {
    "": {
      "name": "@narumitw/pi-stamp",
      "version": "0.40.1",
      "license": "MIT",
      "dependencies": {
        "@narumitw/pi-tui-kit": "^0.40.0"
      },
      "peerDependencies": {
        "@earendil-works/pi-coding-agent": "*",
        "@earendil-works/pi-tui": "*"
      }
    },
    "node_modules/@narumitw/pi-tui-kit": {
      "version": "0.40.0",
      "resolved": "https://registry.npmjs.org/@narumitw/pi-tui-kit/-/pi-tui-kit-0.40.0.tgz",
      "integrity": "sha512-gF7sZJXr48aF08s05sTVM2EdAaRrk0jH0Ca8HWBT21xknUObUHMQnf96OAI0VMzD9hwfT3ZsSJIVW3FNrPPcmw==",
      "license": "MIT",
      "peerDependencies": {
        "@earendil-works/pi-coding-agent": "*",
        "@earendil-works/pi-tui": "*"
      }
    }
  }
}
