{
	"name": "@shanepadgett/tau-agent",
	"version": "0.16.0",
	"lockfileVersion": 3,
	"requires": true,
	"packages": {
		"": {
			"name": "@shanepadgett/tau-agent",
			"version": "0.16.0",
			"license": "MIT",
			"dependencies": {
				"@shanepadgett/tau-tui": "0.16.0",
				"@toon-format/toon": "2.3.0",
				"smol-toml": "1.7.0"
			},
			"engines": {
				"node": ">=22.19.0"
			},
			"peerDependencies": {
				"@earendil-works/pi-ai": "*",
				"@earendil-works/pi-coding-agent": "*",
				"@earendil-works/pi-tui": "*",
				"typebox": "*"
			}
		},
		"node_modules/@shanepadgett/tau-tui": {
			"version": "0.16.0",
			"resolved": "https://registry.npmjs.org/@shanepadgett/tau-tui/-/tau-tui-0.16.0.tgz",
			"integrity": "sha512-F5YGd72ZaTZl+xlk3onlC6PnMKCLclywHci7W4o+raqEyMJ2Ia0HCcxpJH5e4cqyA30cQNC0a/BketMMgKWjCA==",
			"license": "MIT",
			"engines": {
				"node": ">=22.19.0"
			},
			"peerDependencies": {
				"@earendil-works/pi-coding-agent": "*",
				"@earendil-works/pi-tui": "*"
			}
		},
		"node_modules/@toon-format/toon": {
			"version": "2.3.0",
			"resolved": "https://registry.npmjs.org/@toon-format/toon/-/toon-2.3.0.tgz",
			"integrity": "sha512-/Ew9etdRQKVMnm9fDaCG0JjyAOK/O7T0M97oum1aW4W+UR8ZhVVPBanIV7oWgHBiGlnVxV9M55PWQCHofDV07w==",
			"license": "MIT"
		},
		"node_modules/smol-toml": {
			"version": "1.7.0",
			"resolved": "https://registry.npmjs.org/smol-toml/-/smol-toml-1.7.0.tgz",
			"integrity": "sha512-aqVvWoyO21L23mb+drl4RmMXbf6N7FdHjAhTRA9ZBL7apWBgfWC16KjrASI+1p9GAroljyMHj6fK67i0UiTNvQ==",
			"license": "BSD-3-Clause",
			"engines": {
				"node": ">= 18"
			},
			"funding": {
				"url": "https://github.com/sponsors/cyyynthia"
			}
		}
	}
}
