{
  "name": "@hypabolic/relay",
  "version": "0.1.1",
  "lockfileVersion": 3,
  "requires": true,
  "packages": {
    "": {
      "name": "@hypabolic/relay",
      "version": "0.1.1",
      "license": "MIT",
      "dependencies": {
        "@hypabolic/trajectory": "^0.1.2",
        "@hypabolic/trajectory-node": "^0.1.2",
        "typebox": "1.3.7"
      },
      "engines": {
        "node": ">=22"
      },
      "peerDependencies": {
        "@earendil-works/pi-coding-agent": "*",
        "@earendil-works/pi-tui": "*"
      },
      "peerDependenciesMeta": {
        "@earendil-works/pi-coding-agent": {
          "optional": false
        },
        "@earendil-works/pi-tui": {
          "optional": false
        }
      }
    },
    "node_modules/@hypabolic/trajectory": {
      "version": "0.1.4",
      "resolved": "https://registry.npmjs.org/@hypabolic/trajectory/-/trajectory-0.1.4.tgz",
      "integrity": "sha512-99z3FSENQw62rQii4Sp4A3XJ3T5tVAZ8gFlhRgweZaAsrAJBT/Tg6hlUgEvVzPGl1o8yzLmQXo/9OQK/xgOp+g==",
      "license": "MIT",
      "engines": {
        "node": ">=22"
      }
    },
    "node_modules/@hypabolic/trajectory-node": {
      "version": "0.1.4",
      "resolved": "https://registry.npmjs.org/@hypabolic/trajectory-node/-/trajectory-node-0.1.4.tgz",
      "integrity": "sha512-fYFCXe5uxxcLKEDZZb8GKQURXZ7fbdi3ZStvXifPr6S0NZ7iovvoyDvlz0/3HCjsolkOa8OcV/pTeP92RbINjg==",
      "license": "MIT",
      "dependencies": {
        "@hypabolic/trajectory": "0.1.4"
      },
      "engines": {
        "node": ">=22"
      }
    },
    "node_modules/typebox": {
      "version": "1.3.7",
      "resolved": "https://registry.npmjs.org/typebox/-/typebox-1.3.7.tgz",
      "integrity": "sha512-meKuifc33Pccx0O6PdIzYMq3Og8zvP4TIi/a+Bw3AEMZMxOD0+RHGQvpglEe6Zdy3wZ8nqn/j95h8LUZLk/6Hg==",
      "license": "MIT"
    }
  }
}
