{
  "name": "@pi-cloud/extension",
  "version": "0.1.0",
  "lockfileVersion": 3,
  "requires": true,
  "packages": {
    "": {
      "name": "@pi-cloud/extension",
      "version": "0.1.0",
      "dependencies": {
        "@pi-cloud/contracts": "0.1.0",
        "zod": "^4.4.3"
      },
      "engines": {
        "node": ">=22.19.0"
      },
      "peerDependencies": {
        "@earendil-works/pi-coding-agent": "*"
      }
    },
    "node_modules/@pi-cloud/contracts": {
      "version": "0.1.0",
      "resolved": "https://registry.npmjs.org/@pi-cloud/contracts/-/contracts-0.1.0.tgz",
      "integrity": "sha512-A9jVajUy6rCCqVwJTD+58hNzanL88wXEmsxfNxYnIkfr2YcnhEX3BO6n8LPLfd/c2kUgk5viOwSlh7lh3uZvqA==",
      "dependencies": {
        "zod": "^4.4.3"
      }
    },
    "node_modules/zod": {
      "version": "4.4.3",
      "resolved": "https://registry.npmjs.org/zod/-/zod-4.4.3.tgz",
      "integrity": "sha512-ytENFjIJFl2UwYglde2jchW2Hwm4GJFLDiSXWdTrJQBIN9Fcyp7n4DhxJEiWNAJMV1/BqWfW/kkg71UDcHJyTQ==",
      "license": "MIT",
      "funding": {
        "url": "https://github.com/sponsors/colinhacks"
      }
    }
  }
}
