{
  "name": "@d3ara1n/pi-usage-block",
  "version": "1.9.0",
  "lockfileVersion": 3,
  "requires": true,
  "packages": {
    "": {
      "name": "@d3ara1n/pi-usage-block",
      "version": "1.9.0",
      "license": "MIT",
      "dependencies": {
        "@d3ara1n/pi-usage-block-core": "^3.1.0",
        "undici": "^8.7.0"
      },
      "peerDependencies": {
        "@earendil-works/pi-coding-agent": "*"
      }
    },
    "node_modules/@d3ara1n/pi-usage-block-core": {
      "version": "3.1.0",
      "resolved": "https://registry.npmjs.org/@d3ara1n/pi-usage-block-core/-/pi-usage-block-core-3.1.0.tgz",
      "integrity": "sha512-dxb8q1+46+JDBKDc/6AiUaL7XcfEuBD8vHPmWyiKCfQBqRwuRNIArsyhoFTPr2HTjOCY2ZDUUII33QtsNFC5Aw==",
      "license": "MIT"
    },
    "node_modules/undici": {
      "version": "8.8.0",
      "resolved": "https://registry.npmjs.org/undici/-/undici-8.8.0.tgz",
      "integrity": "sha512-ubshXMXwF3MQIMF1y/WxZdNBnjEKeSg2wF5mcGUtU55YTw34tnVVpKRlLf7ruDXZ5344KokPVX4RBx1wJm64Bw==",
      "license": "MIT",
      "engines": {
        "node": ">=22.19.0"
      }
    }
  }
}
