{
  "name": "@reasoning-router/pi",
  "version": "0.1.4",
  "lockfileVersion": 3,
  "requires": true,
  "packages": {
    "": {
      "name": "@reasoning-router/pi",
      "version": "0.1.4",
      "license": "MIT",
      "dependencies": {
        "@reasoning-router/classifiers": "^0.4.0",
        "@reasoning-router/core": "^0.2.0",
        "zod": "^4.6.5"
      },
      "engines": {
        "node": ">=24.0.0 <25"
      },
      "peerDependencies": {
        "@earendil-works/pi-ai": "*",
        "@earendil-works/pi-coding-agent": "*"
      }
    },
    "node_modules/@reasoning-router/classifiers": {
      "version": "0.4.0",
      "resolved": "https://registry.npmjs.org/@reasoning-router/classifiers/-/classifiers-0.4.0.tgz",
      "integrity": "sha512-psE/fu7kvPeGyV1xHMowBRxD/7Q0dg6WUikqfdO1gWdN701C7vD7/lNnCrhAlG9z/qdQk+vKdqQ3rIjYl1Rguw==",
      "license": "MIT",
      "dependencies": {
        "@reasoning-router/core": "^0.2.0",
        "zod": "^4.6.5"
      },
      "engines": {
        "node": ">=24.0.0 <25"
      }
    },
    "node_modules/@reasoning-router/core": {
      "version": "0.2.0",
      "resolved": "https://registry.npmjs.org/@reasoning-router/core/-/core-0.2.0.tgz",
      "integrity": "sha512-bI2f9qlAYruZWtVp36f8KjfnUfzfdg4+w7uCmed/GFKu8l7hged6im3ZRgpqroanKf8NhXrhfZVlWEJ1veWQhw==",
      "license": "MIT",
      "dependencies": {
        "zod": "^4.6.5"
      },
      "engines": {
        "node": ">=24.0.0 <25"
      }
    },
    "node_modules/zod": {
      "version": "4.6.5",
      "resolved": "https://registry.npmjs.org/zod/-/zod-4.6.5.tgz",
      "integrity": "sha512-v5l/aFXZQeai4awLbOpSoHecE9UiMrnfx75tEXLjNonXVARxQ5mOeipTjROUchszUNCqnE+hqAMujRsRHsut2Q==",
      "license": "MIT",
      "funding": {
        "url": "https://github.com/sponsors/colinhacks"
      }
    }
  }
}
