{
  "name": "@fradser/pi-vision",
  "version": "0.2.5",
  "lockfileVersion": 3,
  "requires": true,
  "packages": {
    "": {
      "name": "@fradser/pi-vision",
      "version": "0.2.5",
      "license": "MIT",
      "dependencies": {
        "@fradser/pi-kit": "0.2.0"
      },
      "peerDependencies": {
        "@earendil-works/pi-ai": "*",
        "@earendil-works/pi-coding-agent": "*"
      }
    },
    "node_modules/@fradser/pi-kit": {
      "version": "0.2.0",
      "resolved": "https://registry.npmjs.org/@fradser/pi-kit/-/pi-kit-0.2.0.tgz",
      "integrity": "sha512-+rCVbHex1J/k/2okbqIwc+uQrINnnPCMLjI8RPcxpYrYYN/+ZJMHlXYmgIF9DKQZDNtp28/SlQS1sigl32YsUA==",
      "license": "MIT"
    }
  }
}
