{
  "name": "@sakiko233/pi-agent-fusion",
  "version": "0.1.0",
  "lockfileVersion": 3,
  "requires": true,
  "packages": {
    "": {
      "name": "@sakiko233/pi-agent-fusion",
      "version": "0.1.0",
      "license": "MIT",
      "dependencies": {
        "@sakiko233/pi-agent-runtime": "^0.1.0",
        "turndown": "7.2.4"
      },
      "engines": {
        "node": ">=22.19.0"
      },
      "peerDependencies": {
        "@earendil-works/pi-ai": "^0.84.2",
        "@earendil-works/pi-coding-agent": "^0.84.2",
        "@earendil-works/pi-tui": "^0.84.2",
        "typebox": "*"
      }
    },
    "node_modules/@mixmark-io/domino": {
      "version": "2.2.0",
      "resolved": "https://registry.npmjs.org/@mixmark-io/domino/-/domino-2.2.0.tgz",
      "integrity": "sha512-Y28PR25bHXUg88kCV7nivXrP2Nj2RueZ3/l/jdx6J9f8J4nsEGcgX0Qe6lt7Pa+J79+kPiJU3LguR6O/6zrLOw==",
      "license": "BSD-2-Clause"
    },
    "node_modules/@sakiko233/pi-agent-runtime": {
      "version": "0.1.1",
      "resolved": "https://registry.npmjs.org/@sakiko233/pi-agent-runtime/-/pi-agent-runtime-0.1.1.tgz",
      "integrity": "sha512-uUd5hAiqwqcpi7PI/7lIZrh1eVygvAqPi+Dl9pyIpYpQcUxJq7weMew/mS2MfMfIISY/3sPwu7aKGQBMlKbwcQ==",
      "license": "MIT",
      "engines": {
        "node": ">=22.19.0"
      },
      "peerDependencies": {
        "@earendil-works/pi-ai": "^0.84.2",
        "@earendil-works/pi-coding-agent": "^0.84.2"
      }
    },
    "node_modules/turndown": {
      "version": "7.2.4",
      "resolved": "https://registry.npmjs.org/turndown/-/turndown-7.2.4.tgz",
      "integrity": "sha512-I8yFsfRzmzK0WV1pNNOA4A7y4RDfFxPRxb3t+e3ui14qSGOxGtiSP6GjeX+Y6CHb7HYaFj7ECUD7VE5kQMZWGQ==",
      "license": "MIT",
      "dependencies": {
        "@mixmark-io/domino": "^2.2.0"
      },
      "engines": {
        "node": ">=18",
        "npm": ">=9"
      }
    }
  }
}
