{
  "name": "@wissem_hajbi/pi-nointl",
  "version": "1.0.1",
  "lockfileVersion": 3,
  "requires": true,
  "packages": {
    "": {
      "name": "@wissem_hajbi/pi-nointl",
      "version": "1.0.1",
      "dependencies": {
        "@wissem_hajbi/nointl": "^1.0.14"
      },
      "peerDependencies": {
        "@earendil-works/pi-coding-agent": "*",
        "typebox": "*"
      }
    },
    "node_modules/@wissem_hajbi/nointl": {
      "version": "1.0.16",
      "resolved": "https://registry.npmjs.org/@wissem_hajbi/nointl/-/nointl-1.0.16.tgz",
      "integrity": "sha512-3xIOKtaC/DzXqkC2F5ajRPWg6GP1hYMDXK7ivKNGJeAp9By/htGTufwRbLbbdSjaFnA3AKrwD9SFbV8hVt3Dgg==",
      "license": "MIT",
      "bin": {
        "nointl": "bin/nointl.js"
      },
      "engines": {
        "node": ">=14.0.0"
      }
    }
  }
}
