{
  "name": "@everme/pi",
  "version": "0.6.4",
  "lockfileVersion": 3,
  "requires": true,
  "packages": {
    "": {
      "name": "@everme/pi",
      "version": "0.6.4",
      "license": "Apache-2.0",
      "dependencies": {
        "@everme/agent-sdk": "^0.6.4"
      },
      "engines": {
        "node": ">=18.0.0"
      },
      "peerDependencies": {
        "typebox": "*"
      }
    },
    "node_modules/@everme/agent-sdk": {
      "version": "0.6.4",
      "resolved": "https://registry.npmjs.org/@everme/agent-sdk/-/agent-sdk-0.6.4.tgz",
      "integrity": "sha512-i02O2nBo395U9V5Y/F/GUO9Gq+isM8LlgkdrxDwxhFlxt4sD06vhOYI9rMCvuMMsMzwPy2v+MrR2YIP0auFwwA==",
      "license": "Apache-2.0",
      "engines": {
        "node": ">=18.0.0"
      }
    }
  }
}
