{
  "name": "@hank-warren/pi-ask-user-question",
  "version": "0.5.1",
  "lockfileVersion": 3,
  "requires": true,
  "packages": {
    "": {
      "name": "@hank-warren/pi-ask-user-question",
      "version": "0.5.1",
      "license": "MIT",
      "dependencies": {
        "@hank-warren/pi-permission-selector": "^1.2.0"
      },
      "engines": {
        "node": ">=18.0.0"
      },
      "peerDependencies": {
        "@earendil-works/pi-coding-agent": "*",
        "@earendil-works/pi-tui": "*",
        "typebox": "*"
      }
    },
    "node_modules/@hank-warren/pi-permission-selector": {
      "version": "1.2.0",
      "resolved": "https://registry.npmjs.org/@hank-warren/pi-permission-selector/-/pi-permission-selector-1.2.0.tgz",
      "integrity": "sha512-l06yYc6Com16pRj1ynf2sjD6fY1em4PPh2yW6ZCNEcm/G3iueElecT2KOI+3SMMAgPmrWsqWmRnTbklEzK1VRA==",
      "license": "MIT",
      "engines": {
        "node": ">=18.0.0"
      },
      "peerDependencies": {
        "@earendil-works/pi-tui": "*"
      }
    }
  }
}
