{
  "name": "pi-better-rewind-redo",
  "version": "0.1.1",
  "lockfileVersion": 3,
  "requires": true,
  "packages": {
    "": {
      "name": "pi-better-rewind-redo",
      "version": "0.1.1",
      "license": "Apache-2.0",
      "dependencies": {
        "filesnap": "0.5.0"
      },
      "engines": {
        "node": ">=22.19.0"
      }
    },
    "node_modules/filesnap": {
      "version": "0.5.0",
      "resolved": "https://registry.npmjs.org/filesnap/-/filesnap-0.5.0.tgz",
      "integrity": "sha512-EUiHtyK06V/DxcBZpKsisCKj/cFKD7a8cRSzbseGuls8eNs4JiCfjC8YGMVXjWEEcy828aUJnYjOs75WUu3rkw==",
      "license": "Apache-2.0",
      "bin": {
        "filesnap": "bin/filesnap.mjs"
      },
      "engines": {
        "node": ">=18"
      },
      "optionalDependencies": {
        "filesnap-darwin-arm64": "npm:filesnap@0.5.0-darwin-arm64",
        "filesnap-darwin-x64": "npm:filesnap@0.5.0-darwin-x64",
        "filesnap-linux-arm64": "npm:filesnap@0.5.0-linux-arm64",
        "filesnap-linux-x64": "npm:filesnap@0.5.0-linux-x64",
        "filesnap-win32-arm64": "npm:filesnap@0.5.0-win32-arm64",
        "filesnap-win32-x64": "npm:filesnap@0.5.0-win32-x64"
      }
    },
    "node_modules/filesnap-darwin-arm64": {
      "name": "filesnap",
      "version": "0.5.0-darwin-arm64",
      "resolved": "https://registry.npmjs.org/filesnap/-/filesnap-0.5.0-darwin-arm64.tgz",
      "integrity": "sha512-EQXeP23WVL2DExoNZ1hSgWvE1qskpob5Nj7a8zRxisiwcLgG9Mn3yRuJsi7alybkvIRR2uw+ieRfQN3v4/qdJA==",
      "cpu": [
        "arm64"
      ],
      "license": "Apache-2.0",
      "optional": true,
      "os": [
        "darwin"
      ]
    },
    "node_modules/filesnap-darwin-x64": {
      "name": "filesnap",
      "version": "0.5.0-darwin-x64",
      "resolved": "https://registry.npmjs.org/filesnap/-/filesnap-0.5.0-darwin-x64.tgz",
      "integrity": "sha512-/eE9MjLN0658RunVnAoYOj3/Qkppb+mkcWpsFd1OEJjl7GWdVyvDRMT5MpYPxSkgGVL97ZsIjWwny5rUM7suHQ==",
      "cpu": [
        "x64"
      ],
      "license": "Apache-2.0",
      "optional": true,
      "os": [
        "darwin"
      ]
    },
    "node_modules/filesnap-linux-arm64": {
      "name": "filesnap",
      "version": "0.5.0-linux-arm64",
      "resolved": "https://registry.npmjs.org/filesnap/-/filesnap-0.5.0-linux-arm64.tgz",
      "integrity": "sha512-xVAaNwqV9nnkyl9GWOh4+Q5+9e1ytneaOZBIDdoqeju6joHcOYOCFgw/mlmKETRQOUE/tggk8LYMQwbib4jimA==",
      "cpu": [
        "arm64"
      ],
      "license": "Apache-2.0",
      "optional": true,
      "os": [
        "linux"
      ]
    },
    "node_modules/filesnap-linux-x64": {
      "name": "filesnap",
      "version": "0.5.0-linux-x64",
      "resolved": "https://registry.npmjs.org/filesnap/-/filesnap-0.5.0-linux-x64.tgz",
      "integrity": "sha512-UE3tULZLVc/HiI88ZIh5QiwZL/BotSadYRNhLFOMG8G3gzyZTFmwMAunZqqQwG1k6cApLdcYb2HUtc1Dj/f7RQ==",
      "cpu": [
        "x64"
      ],
      "license": "Apache-2.0",
      "optional": true,
      "os": [
        "linux"
      ]
    },
    "node_modules/filesnap-win32-arm64": {
      "name": "filesnap",
      "version": "0.5.0-win32-arm64",
      "resolved": "https://registry.npmjs.org/filesnap/-/filesnap-0.5.0-win32-arm64.tgz",
      "integrity": "sha512-R5fUfeH37gPWBmVu/Dn7mZqCkCAEH4IZIIsCFgOLw6pwr0GRRuhSVEYZ5TEF829pNzmIkipbNSAwI8FcTY0KCQ==",
      "cpu": [
        "arm64"
      ],
      "license": "Apache-2.0",
      "optional": true,
      "os": [
        "win32"
      ]
    },
    "node_modules/filesnap-win32-x64": {
      "name": "filesnap",
      "version": "0.5.0-win32-x64",
      "resolved": "https://registry.npmjs.org/filesnap/-/filesnap-0.5.0-win32-x64.tgz",
      "integrity": "sha512-uqIjOz41Cj+dnORjyQY1p3RquNRQYfZM6OemTYhCdBRNZqOoHaYk1mUp2gscyKi6xK1Z8/2Qj8HZhh+tchnKFQ==",
      "cpu": [
        "x64"
      ],
      "license": "Apache-2.0",
      "optional": true,
      "os": [
        "win32"
      ]
    }
  }
}
