{
  "name": "@luan.sh/pi-developer-messages",
  "version": "0.3.7",
  "lockfileVersion": 3,
  "requires": true,
  "packages": {
    "": {
      "name": "@luan.sh/pi-developer-messages",
      "version": "0.3.7",
      "bundleDependencies": [
        "@luan.sh/pi-libtui",
        "@luan.sh/pi-xsettings"
      ],
      "license": "MIT",
      "dependencies": {
        "@luan.sh/pi-libtui": "file:../pi-libtui",
        "@luan.sh/pi-xsettings": "file:../pi-xsettings"
      },
      "peerDependencies": {
        "@earendil-works/pi-coding-agent": "*",
        "@earendil-works/pi-tui": "*"
      }
    },
    "../pi-libtui": {},
    "../pi-xsettings": {},
    "node_modules/@luan.sh/pi-libtui": {
      "resolved": "../pi-libtui",
      "link": true
    },
    "node_modules/@luan.sh/pi-xsettings": {
      "resolved": "../pi-xsettings",
      "link": true
    }
  }
}
