{
  "name": "@mzwing/pi-model-info",
  "version": "0.1.1",
  "lockfileVersion": 3,
  "requires": true,
  "packages": {
    "": {
      "name": "@mzwing/pi-model-info",
      "version": "0.1.1",
      "license": "MIT",
      "dependencies": {
        "zod": "4.5.4"
      },
      "engines": {
        "node": ">=24"
      },
      "peerDependencies": {
        "@earendil-works/pi-ai": "^0.84.2 || ^0.85.0",
        "@earendil-works/pi-coding-agent": "^0.84.2 || ^0.85.0"
      }
    },
    "node_modules/zod": {
      "version": "4.5.4",
      "resolved": "https://registry.npmjs.org/zod/-/zod-4.5.4.tgz",
      "integrity": "sha512-sC95tT5iHHH9gtpj6A81kh+NEaRAUFN+qlUPDUbRfOMvNf5QCBqsb3WgvnpVtK5Y+4UfA6KqufotuTvMGiTlsA==",
      "license": "MIT",
      "funding": {
        "url": "https://github.com/sponsors/colinhacks"
      }
    }
  }
}
