{
  "name": "@prjct.app/pi-answer",
  "version": "0.1.3",
  "lockfileVersion": 3,
  "requires": true,
  "packages": {
    "": {
      "name": "@prjct.app/pi-answer",
      "version": "0.1.3",
      "license": "MIT",
      "dependencies": {
        "@prjct.app/pi-tui-kit": "^0.3.2"
      },
      "engines": {
        "node": ">=22.19.0"
      },
      "peerDependencies": {
        "@earendil-works/pi-coding-agent": "*",
        "@earendil-works/pi-tui": "*",
        "typebox": "*"
      }
    },
    "node_modules/@prjct.app/pi-tui-kit": {
      "version": "0.3.3",
      "resolved": "https://registry.npmjs.org/@prjct.app/pi-tui-kit/-/pi-tui-kit-0.3.3.tgz",
      "integrity": "sha512-QyXnH0oOXPICdxoeGb9neEaeH5KuUiuHuMEeFfD3XXp7WCdjcWkC4X2krDK15c+MRybGUZM31RpzK9/9EYva5w==",
      "license": "MIT",
      "engines": {
        "node": ">=22.19.0"
      },
      "peerDependencies": {
        "@earendil-works/pi-ai": "*",
        "@earendil-works/pi-coding-agent": "*",
        "@earendil-works/pi-tui": "*",
        "typebox": "*"
      }
    }
  }
}
