{
  "name": "pi-cursor-oauth",
  "version": "0.2.0",
  "lockfileVersion": 3,
  "requires": true,
  "packages": {
    "": {
      "name": "pi-cursor-oauth",
      "version": "0.2.0",
      "license": "MIT",
      "dependencies": {
        "@bufbuild/protobuf": "^2.11.0"
      },
      "peerDependencies": {
        "@mariozechner/pi-ai": "*",
        "@mariozechner/pi-coding-agent": "*"
      }
    },
    "node_modules/@bufbuild/protobuf": {
      "version": "2.13.0",
      "resolved": "https://registry.npmjs.org/@bufbuild/protobuf/-/protobuf-2.13.0.tgz",
      "integrity": "sha512-acq7c49vxfm1ggJ95P70TX7ABDM0vxr1SYD3BB0o0jnBLB4OAqeHyKuN+cD3w80gXEDQ2zxHpR6CUeA+O/aU9g==",
      "license": "(Apache-2.0 AND BSD-3-Clause)"
    }
  }
}
