{
  "name": "pi-answer",
  "version": "0.1.6",
  "lockfileVersion": 3,
  "requires": true,
  "packages": {
    "": {
      "name": "pi-answer",
      "version": "0.1.6",
      "license": "MIT",
      "peerDependencies": {
        "@earendil-works/pi-ai": ">=0.74.0",
        "@earendil-works/pi-coding-agent": ">=0.74.0",
        "@earendil-works/pi-tui": ">=0.74.0"
      }
    }
  }
}
