{
  "name": "pi-jscpd",
  "version": "0.2.1",
  "lockfileVersion": 3,
  "requires": true,
  "packages": {
    "": {
      "name": "pi-jscpd",
      "version": "0.2.1",
      "license": "MIT",
      "dependencies": {
        "effect": "3.22.1",
        "jscpd": "5.1.2"
      },
      "engines": {
        "node": ">=22.19.0 <23 || >=24 <25"
      },
      "peerDependencies": {
        "@earendil-works/pi-ai": ">=0.84.4 <0.85.0",
        "@earendil-works/pi-coding-agent": ">=0.84.4 <0.85.0",
        "@earendil-works/pi-tui": ">=0.84.4 <0.85.0",
        "typebox": ">=1.3.7 <2"
      }
    },
    "node_modules/@standard-schema/spec": {
      "version": "1.1.0",
      "resolved": "https://registry.npmjs.org/@standard-schema/spec/-/spec-1.1.0.tgz",
      "integrity": "sha512-l2aFy5jALhniG5HgqrD6jXLi/rUWrKvqN/qJx6yoJsgKhblVd+iqqU4RCXavm/jPityDo5TCvKMnpjKnOriy0w==",
      "license": "MIT"
    },
    "node_modules/effect": {
      "version": "3.22.1",
      "resolved": "https://registry.npmjs.org/effect/-/effect-3.22.1.tgz",
      "integrity": "sha512-TNoXushmPOBAjJlthF5d2QwnX2xBPEtcNJr5XKNKbRLbDvBcOYkXlYDfvGfSA0zriwLFuCll5MDtNMAdZL17PQ==",
      "license": "MIT",
      "dependencies": {
        "@standard-schema/spec": "^1.0.0",
        "fast-check": "^3.23.1"
      }
    },
    "node_modules/fast-check": {
      "version": "3.23.2",
      "resolved": "https://registry.npmjs.org/fast-check/-/fast-check-3.23.2.tgz",
      "integrity": "sha512-h5+1OzzfCC3Ef7VbtKdcv7zsstUQwUDlYpUTvjeUsJAssPgLn7QzbboPtL5ro04Mq0rPOsMzl7q5hIbRs2wD1A==",
      "funding": [
        {
          "type": "individual",
          "url": "https://github.com/sponsors/dubzzz"
        },
        {
          "type": "opencollective",
          "url": "https://opencollective.com/fast-check"
        }
      ],
      "license": "MIT",
      "dependencies": {
        "pure-rand": "^6.1.0"
      },
      "engines": {
        "node": ">=8.0.0"
      }
    },
    "node_modules/jscpd": {
      "version": "5.1.2",
      "resolved": "https://registry.npmjs.org/jscpd/-/jscpd-5.1.2.tgz",
      "integrity": "sha512-7innyzaMstgJcluIwLxUESsP7znUFtRxiENhcUzv34aDrjzH3mJOF7m/5ecNyQGST8BBlmz8alpTuId0c6OdkQ==",
      "license": "MIT",
      "bin": {
        "jscpd": "run-jscpd.js"
      },
      "engines": {
        "node": ">=18"
      },
      "funding": {
        "url": "https://opencollective.com/jscpd"
      },
      "optionalDependencies": {
        "jscpd-darwin-arm64": "5.1.2",
        "jscpd-darwin-x64": "5.1.2",
        "jscpd-linux-arm64-gnu": "5.1.2",
        "jscpd-linux-arm64-musl": "5.1.2",
        "jscpd-linux-x64-gnu": "5.1.2",
        "jscpd-linux-x64-musl": "5.1.2",
        "jscpd-windows-arm64-msvc": "5.1.2",
        "jscpd-windows-x64-msvc": "5.1.2"
      }
    },
    "node_modules/jscpd-darwin-arm64": {
      "version": "5.1.2",
      "resolved": "https://registry.npmjs.org/jscpd-darwin-arm64/-/jscpd-darwin-arm64-5.1.2.tgz",
      "integrity": "sha512-6fYVCBHgE154jVVYcRA+9K17q5AXe0/V9wfPf3hBrDQMxqOiI+99ii2CfMT6OkcEtJULqpi+uJENCsjtYn+nmQ==",
      "cpu": [
        "arm64"
      ],
      "license": "MIT",
      "optional": true,
      "os": [
        "darwin"
      ]
    },
    "node_modules/jscpd-darwin-x64": {
      "version": "5.1.2",
      "resolved": "https://registry.npmjs.org/jscpd-darwin-x64/-/jscpd-darwin-x64-5.1.2.tgz",
      "integrity": "sha512-udNKAqu7ty6NcHvSwaZ7qCktyN+JwET0Z81e6/s1WmRtHkdd6Hnv0Gix04gRN3aVkfqZzI6YKle0YnYPJe4hOA==",
      "cpu": [
        "x64"
      ],
      "license": "MIT",
      "optional": true,
      "os": [
        "darwin"
      ]
    },
    "node_modules/jscpd-linux-arm64-gnu": {
      "version": "5.1.2",
      "resolved": "https://registry.npmjs.org/jscpd-linux-arm64-gnu/-/jscpd-linux-arm64-gnu-5.1.2.tgz",
      "integrity": "sha512-FYX3IZPXwEooiDn7fQzHEytRbbsSBNqqHUEzxu32EKBXNyQ1Fx1/8hms26X1RFUJ80zpcKkRQCz1J3hPYsYhFA==",
      "cpu": [
        "arm64"
      ],
      "license": "MIT",
      "optional": true,
      "os": [
        "linux"
      ]
    },
    "node_modules/jscpd-linux-arm64-musl": {
      "version": "5.1.2",
      "resolved": "https://registry.npmjs.org/jscpd-linux-arm64-musl/-/jscpd-linux-arm64-musl-5.1.2.tgz",
      "integrity": "sha512-SuoKN9xv4pIopLS2yPx3E+ysnmZPNAKdxxAYTwvd6ixrEcO36xIKUma+DGKUw1PLXq1HO6A9M3FlqmnrTCnzYA==",
      "cpu": [
        "arm64"
      ],
      "license": "MIT",
      "optional": true,
      "os": [
        "linux"
      ]
    },
    "node_modules/jscpd-linux-x64-gnu": {
      "version": "5.1.2",
      "resolved": "https://registry.npmjs.org/jscpd-linux-x64-gnu/-/jscpd-linux-x64-gnu-5.1.2.tgz",
      "integrity": "sha512-1B+rqrw7Jt7/5Sye7ssedRnN8I1qatjUq9tFRcUQvlteR1OgW4lZuGV+DTYOgNaPNzeJN21aLzBGBa9OsxRWMA==",
      "cpu": [
        "x64"
      ],
      "license": "MIT",
      "optional": true,
      "os": [
        "linux"
      ]
    },
    "node_modules/jscpd-linux-x64-musl": {
      "version": "5.1.2",
      "resolved": "https://registry.npmjs.org/jscpd-linux-x64-musl/-/jscpd-linux-x64-musl-5.1.2.tgz",
      "integrity": "sha512-46Astr0LnVh/prpqq5/Vehtx18MCvcs0KL8vi49kAIksOe6QdlQ/hdBKH8V61pAAmAgCr64hU9p0dv6DDKHJdg==",
      "cpu": [
        "x64"
      ],
      "license": "MIT",
      "optional": true,
      "os": [
        "linux"
      ]
    },
    "node_modules/jscpd-windows-arm64-msvc": {
      "version": "5.1.2",
      "resolved": "https://registry.npmjs.org/jscpd-windows-arm64-msvc/-/jscpd-windows-arm64-msvc-5.1.2.tgz",
      "integrity": "sha512-19gpnY+Mid71EGGytBcFwsif/Y1+Vfu2Qp0IJ+L3WFD32Zui9O4vvASwvxocgA7z77kiZNh9zF5sZY9+oQB62A==",
      "cpu": [
        "arm64"
      ],
      "license": "MIT",
      "optional": true,
      "os": [
        "win32"
      ]
    },
    "node_modules/jscpd-windows-x64-msvc": {
      "version": "5.1.2",
      "resolved": "https://registry.npmjs.org/jscpd-windows-x64-msvc/-/jscpd-windows-x64-msvc-5.1.2.tgz",
      "integrity": "sha512-RZlAnXP7Jmx39LBC66IIpFIGl/Bg4FcSkz4Jr6ThrDm5D1NvM201MDG70Z1i+N3wRrfI8UcDkWp5rsHzGHViSA==",
      "cpu": [
        "x64"
      ],
      "license": "MIT",
      "optional": true,
      "os": [
        "win32"
      ]
    },
    "node_modules/pure-rand": {
      "version": "6.1.0",
      "resolved": "https://registry.npmjs.org/pure-rand/-/pure-rand-6.1.0.tgz",
      "integrity": "sha512-bVWawvoZoBYpp6yIoQtQXHZjmz35RSVHnUOTefl8Vcjr8snTPY1wnpSPMWekcFwbxI6gtmT7rSYPFvz71ldiOA==",
      "funding": [
        {
          "type": "individual",
          "url": "https://github.com/sponsors/dubzzz"
        },
        {
          "type": "opencollective",
          "url": "https://opencollective.com/fast-check"
        }
      ],
      "license": "MIT"
    }
  }
}
