{
  "name": "@kvidzibo/pi-browser",
  "version": "0.1.0",
  "lockfileVersion": 3,
  "requires": true,
  "packages": {
    "": {
      "name": "@kvidzibo/pi-browser",
      "version": "0.1.0",
      "license": "MIT",
      "dependencies": {
        "patchright-core": "^1.62.1"
      },
      "peerDependencies": {
        "@earendil-works/pi-ai": "*",
        "@earendil-works/pi-coding-agent": "*",
        "typebox": "*"
      }
    },
    "node_modules/patchright-core": {
      "version": "1.62.3",
      "resolved": "https://registry.npmjs.org/patchright-core/-/patchright-core-1.62.3.tgz",
      "integrity": "sha512-RQf0M2THMf4TL9HNNUxdYbd4Oe3DOVPni6G/bJYsEpD9F1cgqEpWiTJIh+pfuK9JwGRo4Du6lzagJosMUXbh/Q==",
      "license": "Apache-2.0",
      "bin": {
        "patchright-core": "cli.js"
      },
      "engines": {
        "node": ">=20"
      }
    }
  }
}
