{
  "name": "@silmaril-security/pi-firewall-plugin",
  "version": "0.2.3",
  "lockfileVersion": 3,
  "requires": true,
  "packages": {
    "": {
      "name": "@silmaril-security/pi-firewall-plugin",
      "version": "0.2.3",
      "license": "Apache-2.0",
      "dependencies": {
        "@silmaril-security/sdk": "0.6.0"
      },
      "engines": {
        "node": ">=22"
      },
      "peerDependencies": {
        "@earendil-works/pi-coding-agent": "*"
      }
    },
    "node_modules/@silmaril-security/sdk": {
      "version": "0.6.0",
      "resolved": "https://registry.npmjs.org/@silmaril-security/sdk/-/sdk-0.6.0.tgz",
      "integrity": "sha512-YNFByAOfNfAO3rCcdKk6mo5mF8S45gmqFOSRa2uDlfPUxUwat5SUVSUqW7Dip/U8iRcApAJNaJJfzlQxkqTiyw==",
      "license": "SEE LICENSE IN LICENSE",
      "engines": {
        "node": ">=18"
      },
      "peerDependencies": {
        "@langchain/core": ">=0.3.0",
        "ai": "^5.0.0 || ^6.0.0"
      },
      "peerDependenciesMeta": {
        "@langchain/core": {
          "optional": true
        },
        "ai": {
          "optional": true
        }
      }
    }
  }
}
