{
  "name": "@monopi/monopi",
  "version": "0.6.0",
  "lockfileVersion": 3,
  "requires": true,
  "packages": {
    "": {
      "name": "@monopi/monopi",
      "version": "0.6.0",
      "license": "MIT",
      "dependencies": {
        "@monopi/cli": "0.6.0"
      },
      "bin": {
        "monopi": "bin/monopi.mjs"
      }
    },
    "node_modules/@clack/core": {
      "version": "1.4.3",
      "resolved": "https://registry.npmjs.org/@clack/core/-/core-1.4.3.tgz",
      "integrity": "sha512-/kr3UWNtdJfxZtPgDqUOmG2pvwlmcLGheex5yiZKdwbzZJxhV+HMNR9QNmyY5cGwTNV6LrR7Jtp+KjhUAP1qBQ==",
      "license": "MIT",
      "dependencies": {
        "fast-wrap-ansi": "^0.2.0",
        "sisteransi": "^1.0.5"
      },
      "engines": {
        "node": ">= 20.12.0"
      }
    },
    "node_modules/@clack/prompts": {
      "version": "1.7.0",
      "resolved": "https://registry.npmjs.org/@clack/prompts/-/prompts-1.7.0.tgz",
      "integrity": "sha512-y7/yvZ2TPAnR9+jnc00klvNNLkJiXFFrQA/hlLCcxA9a2A4zQIOimyFQ9XfwYKiGD1fb5GY8vbKIIgO8d5Tb2A==",
      "license": "MIT",
      "dependencies": {
        "@clack/core": "1.4.3",
        "fast-string-width": "^3.0.2",
        "fast-wrap-ansi": "^0.2.0",
        "sisteransi": "^1.0.5"
      },
      "engines": {
        "node": ">= 20.12.0"
      }
    },
    "node_modules/@monopi/agents": {
      "version": "0.6.0",
      "resolved": "https://registry.npmjs.org/@monopi/agents/-/agents-0.6.0.tgz",
      "integrity": "sha512-SgnJ69/poJGjMaAJ75xgyqUXIdmXg/ZTs8lHPWbglz7enpOmzzwHfze2wO+90+MyVTVz9hKxE2OKK24b73Z92w==",
      "license": "MIT"
    },
    "node_modules/@monopi/cli": {
      "version": "0.6.0",
      "resolved": "https://registry.npmjs.org/@monopi/cli/-/cli-0.6.0.tgz",
      "integrity": "sha512-053Gddu3gtsHEBF60t5Gg1crqf0YrNaJvrZYLlaBoah6sszKvDq2B7TUOCRwwONUgokLHwOauOGpq5ASSYgyDA==",
      "license": "MIT",
      "dependencies": {
        "@clack/prompts": "^1.7.0",
        "@monopi/agents": "0.6.0",
        "@monopi/core": "0.6.0",
        "@monopi/extension-answer": "0.6.0",
        "@monopi/extension-btw": "0.6.0",
        "@monopi/extension-compact-header": "0.6.0",
        "@monopi/extension-custom-footer": "0.6.0",
        "@monopi/extension-external-editor": "0.6.0",
        "@monopi/extension-git-guard": "0.6.0",
        "@monopi/extension-scheduler": "0.6.0",
        "@monopi/extension-shell-format": "0.6.0",
        "@monopi/extension-tool-metadata": "0.6.0",
        "@monopi/extension-usage-tracker": "0.6.0",
        "@monopi/extension-watchdog": "0.6.0",
        "@monopi/extension-worktree": "0.6.0",
        "@monopi/shared-qna": "0.6.0",
        "@monopi/skills": "0.6.0",
        "@monopi/subagents": "0.6.0",
        "chalk": "^5.6.2"
      },
      "bin": {
        "monopi": "dist/bin/monopi.js"
      },
      "engines": {
        "node": ">=20.0.0"
      }
    },
    "node_modules/@monopi/core": {
      "version": "0.6.0",
      "resolved": "https://registry.npmjs.org/@monopi/core/-/core-0.6.0.tgz",
      "integrity": "sha512-TihHFkzwE2YxCNbLyjzakNDjepjvP8xmhaewuv4kty3LyAzu15lHVkSST/ZzS6sJRgamrmzpIRQ3clA00Xj58A==",
      "license": "MIT",
      "dependencies": {
        "@clack/prompts": "^1.7.0",
        "chalk": "^5.6.2"
      },
      "engines": {
        "node": ">=20.0.0"
      }
    },
    "node_modules/@monopi/extension-answer": {
      "version": "0.6.0",
      "resolved": "https://registry.npmjs.org/@monopi/extension-answer/-/extension-answer-0.6.0.tgz",
      "integrity": "sha512-W9oqlKvGMP06FSEjmsksmg7mK7N7whi9Wu85lHtVkbUNJea+hIwoE6ZRi1bagq1ohPEAirWQoNkqQKYpfDXE4Q==",
      "license": "MIT AND Apache-2.0",
      "dependencies": {
        "@monopi/shared-qna": "0.6.0"
      },
      "peerDependencies": {
        "@earendil-works/pi-agent-core": ">=0.84.1",
        "@earendil-works/pi-ai": ">=0.84.1",
        "@earendil-works/pi-coding-agent": ">=0.84.1",
        "@earendil-works/pi-tui": ">=0.84.1",
        "typebox": "^1.1.24"
      }
    },
    "node_modules/@monopi/extension-btw": {
      "version": "0.6.0",
      "resolved": "https://registry.npmjs.org/@monopi/extension-btw/-/extension-btw-0.6.0.tgz",
      "integrity": "sha512-+jCevcC5N8p5Ox47jMpI2uwKmwZoCAd1H81+yKXrC5JlqBmTZ7e4fJl+TnDeOyYeb5pJRyiH9eOTyCBo1eEDPw==",
      "license": "MIT AND Apache-2.0",
      "peerDependencies": {
        "@earendil-works/pi-agent-core": ">=0.84.1",
        "@earendil-works/pi-ai": ">=0.84.1",
        "@earendil-works/pi-coding-agent": ">=0.84.1",
        "@earendil-works/pi-tui": ">=0.84.1",
        "typebox": "^1.1.24"
      }
    },
    "node_modules/@monopi/extension-compact-header": {
      "version": "0.6.0",
      "resolved": "https://registry.npmjs.org/@monopi/extension-compact-header/-/extension-compact-header-0.6.0.tgz",
      "integrity": "sha512-/cs47ohz+JKCXJlRfgtD/qQHC4KMGtJ7BqUuizgkUVAlLXagImFOWYjJXSdpLsw1N7Oqrg8KFsrqmbvFoPtVoQ==",
      "license": "MIT",
      "dependencies": {
        "@monopi/extension-shared": "0.6.0"
      },
      "peerDependencies": {
        "@earendil-works/pi-agent-core": ">=0.84.1",
        "@earendil-works/pi-ai": ">=0.84.1",
        "@earendil-works/pi-coding-agent": ">=0.84.1",
        "@earendil-works/pi-tui": ">=0.84.1",
        "typebox": "^1.1.24"
      }
    },
    "node_modules/@monopi/extension-custom-footer": {
      "version": "0.6.0",
      "resolved": "https://registry.npmjs.org/@monopi/extension-custom-footer/-/extension-custom-footer-0.6.0.tgz",
      "integrity": "sha512-4t4kAY52/Q5ThK/H+tqpulN7dWqpnCmraas4z7k6xbQQFiUU6eyyKFTKjO4MGswwCjgS+2MPA2GsOwBUu+EuPg==",
      "license": "MIT",
      "dependencies": {
        "@monopi/extension-shared": "0.6.0"
      },
      "peerDependencies": {
        "@earendil-works/pi-agent-core": ">=0.84.1",
        "@earendil-works/pi-ai": ">=0.84.1",
        "@earendil-works/pi-coding-agent": ">=0.84.1",
        "@earendil-works/pi-tui": ">=0.84.1",
        "typebox": "^1.1.24"
      }
    },
    "node_modules/@monopi/extension-external-editor": {
      "version": "0.6.0",
      "resolved": "https://registry.npmjs.org/@monopi/extension-external-editor/-/extension-external-editor-0.6.0.tgz",
      "integrity": "sha512-J4i04/CD7YiUCeHG1AMBfZBeB+kr90xyLvL1d/32frIPpiCCwSX/H3bGvTNeNrxdh1UL6sH7qcEi8Pa77uKNCQ==",
      "license": "MIT",
      "peerDependencies": {
        "@earendil-works/pi-agent-core": ">=0.84.1",
        "@earendil-works/pi-ai": ">=0.84.1",
        "@earendil-works/pi-coding-agent": ">=0.84.1",
        "@earendil-works/pi-tui": ">=0.84.1",
        "typebox": "^1.1.24"
      }
    },
    "node_modules/@monopi/extension-git-guard": {
      "version": "0.6.0",
      "resolved": "https://registry.npmjs.org/@monopi/extension-git-guard/-/extension-git-guard-0.6.0.tgz",
      "integrity": "sha512-WAfX5fMadNTs5JiK2S2WYx+aJRAiasoQw1UI0dRX+Bv/Y6BwEuyWoLGR+5hLF6QGXewZ+K2RVrArVeZTTyBRSw==",
      "license": "MIT",
      "peerDependencies": {
        "@earendil-works/pi-agent-core": ">=0.84.1",
        "@earendil-works/pi-ai": ">=0.84.1",
        "@earendil-works/pi-coding-agent": ">=0.84.1",
        "@earendil-works/pi-tui": ">=0.84.1",
        "typebox": "^1.1.24"
      }
    },
    "node_modules/@monopi/extension-scheduler": {
      "version": "0.6.0",
      "resolved": "https://registry.npmjs.org/@monopi/extension-scheduler/-/extension-scheduler-0.6.0.tgz",
      "integrity": "sha512-fvMGi3n6VUwAJRp5MdN+KBDYIL2eJkXKPuMujbx/8k1kNZbeJGB4lRL4sChirVHs5+F2FxyaNMRiBwnsEN4rvw==",
      "license": "MIT",
      "dependencies": {
        "@monopi/extension-shared": "0.6.0",
        "@monopi/shared-qna": "0.6.0",
        "croner": "^10.0.1"
      },
      "peerDependencies": {
        "@earendil-works/pi-agent-core": ">=0.84.1",
        "@earendil-works/pi-ai": ">=0.84.1",
        "@earendil-works/pi-coding-agent": ">=0.84.1",
        "@earendil-works/pi-tui": ">=0.84.1",
        "typebox": "^1.1.24"
      }
    },
    "node_modules/@monopi/extension-shared": {
      "version": "0.6.0",
      "resolved": "https://registry.npmjs.org/@monopi/extension-shared/-/extension-shared-0.6.0.tgz",
      "integrity": "sha512-RFQGqPwLPyDvglPJ8lrDwIgQ6H7iQGgfgSGkEiIkrgnW09Ovt4Xf7PpqWynHe/ZYxIIGmiwtkQTOT2yoNmz3Pg==",
      "license": "MIT",
      "dependencies": {
        "@monopi/core": "0.6.0"
      },
      "peerDependencies": {
        "@earendil-works/pi-agent-core": ">=0.84.1",
        "@earendil-works/pi-ai": ">=0.84.1",
        "@earendil-works/pi-coding-agent": ">=0.84.1",
        "@earendil-works/pi-tui": ">=0.84.1",
        "typebox": "^1.1.24"
      }
    },
    "node_modules/@monopi/extension-shell-format": {
      "version": "0.6.0",
      "resolved": "https://registry.npmjs.org/@monopi/extension-shell-format/-/extension-shell-format-0.6.0.tgz",
      "integrity": "sha512-i407coJ8ZAHlXd3/bqwfu7L5MsZiPY1uA+xPMcigFeJVVQUS9LNMAgCTlpj9scyRExmCpDpkuS3Q8BC+Bj67KQ==",
      "license": "MIT",
      "peerDependencies": {
        "@earendil-works/pi-agent-core": ">=0.84.1",
        "@earendil-works/pi-ai": ">=0.84.1",
        "@earendil-works/pi-coding-agent": ">=0.84.1",
        "@earendil-works/pi-tui": ">=0.84.1",
        "typebox": "^1.1.24"
      }
    },
    "node_modules/@monopi/extension-tool-metadata": {
      "version": "0.6.0",
      "resolved": "https://registry.npmjs.org/@monopi/extension-tool-metadata/-/extension-tool-metadata-0.6.0.tgz",
      "integrity": "sha512-HaffjgAeCSEyJvX9+KsHcOBYEDramlTatJoHq3wW4IeaKXVPdhHvYp0xizzAJWvEuC6xqWVt3VmjwAsxvh4qCw==",
      "license": "MIT",
      "peerDependencies": {
        "@earendil-works/pi-agent-core": ">=0.84.1",
        "@earendil-works/pi-ai": ">=0.84.1",
        "@earendil-works/pi-coding-agent": ">=0.84.1",
        "@earendil-works/pi-tui": ">=0.84.1",
        "typebox": "^1.1.24"
      }
    },
    "node_modules/@monopi/extension-usage-tracker": {
      "version": "0.6.0",
      "resolved": "https://registry.npmjs.org/@monopi/extension-usage-tracker/-/extension-usage-tracker-0.6.0.tgz",
      "integrity": "sha512-qcbnzn6cnQ+vZVBQQOqpBebkzDXQNKQQdSRSbraUOtee6AO/f4r2XCvIFilJI3/N+moCCZoNAotBlc6NBDw+GA==",
      "license": "MIT",
      "dependencies": {
        "@monopi/extension-shared": "0.6.0"
      },
      "peerDependencies": {
        "@earendil-works/pi-agent-core": ">=0.84.1",
        "@earendil-works/pi-ai": ">=0.84.1",
        "@earendil-works/pi-coding-agent": ">=0.84.1",
        "@earendil-works/pi-tui": ">=0.84.1",
        "typebox": "^1.1.24"
      }
    },
    "node_modules/@monopi/extension-watchdog": {
      "version": "0.6.0",
      "resolved": "https://registry.npmjs.org/@monopi/extension-watchdog/-/extension-watchdog-0.6.0.tgz",
      "integrity": "sha512-vhwYy5Ck977Zi8XiVEWDpoINd/PSEPK85Lrnjv0e9omjxytT2XZThGJmQRMPyLDOee7AlVXOHExidcxOYOuHDg==",
      "license": "MIT",
      "dependencies": {
        "@monopi/extension-shared": "0.6.0"
      },
      "peerDependencies": {
        "@earendil-works/pi-agent-core": ">=0.84.1",
        "@earendil-works/pi-ai": ">=0.84.1",
        "@earendil-works/pi-coding-agent": ">=0.84.1",
        "@earendil-works/pi-tui": ">=0.84.1",
        "typebox": "^1.1.24"
      }
    },
    "node_modules/@monopi/extension-worktree": {
      "version": "0.6.0",
      "resolved": "https://registry.npmjs.org/@monopi/extension-worktree/-/extension-worktree-0.6.0.tgz",
      "integrity": "sha512-RI+69F5dJxalIeC4gms9j44GAkT4PLRbwQ+O8560Nz/eCubEhKdbZT8gUqNDqv8H3lMVn3HsriUN87PnsG0IAw==",
      "license": "MIT",
      "dependencies": {
        "@monopi/extension-shared": "0.6.0"
      },
      "peerDependencies": {
        "@earendil-works/pi-agent-core": ">=0.84.1",
        "@earendil-works/pi-ai": ">=0.84.1",
        "@earendil-works/pi-coding-agent": ">=0.84.1",
        "@earendil-works/pi-tui": ">=0.84.1",
        "typebox": "^1.1.24"
      }
    },
    "node_modules/@monopi/shared-qna": {
      "version": "0.6.0",
      "resolved": "https://registry.npmjs.org/@monopi/shared-qna/-/shared-qna-0.6.0.tgz",
      "integrity": "sha512-xjrk+oU4cNBlnT9EZSI2Ot2EZ4A6VLBEi2yvwIoILhAhOTIXPoCJVVv3+FZIiJPbHzDXmCbdlo4QBx0FZK2a2A==",
      "license": "MIT",
      "peerDependencies": {
        "@earendil-works/pi-tui": ">=0.84.1"
      }
    },
    "node_modules/@monopi/skills": {
      "version": "0.6.0",
      "resolved": "https://registry.npmjs.org/@monopi/skills/-/skills-0.6.0.tgz",
      "integrity": "sha512-kw5VxEI8/mfu90ncOoitE/aiHG5U7aIA+6ibaqyhNGxezMDDQPTh+wK6n/znhjly+nx+6lQ0wALdXwWcXDzdIQ==",
      "license": "MIT"
    },
    "node_modules/@monopi/subagents": {
      "version": "0.6.0",
      "resolved": "https://registry.npmjs.org/@monopi/subagents/-/subagents-0.6.0.tgz",
      "integrity": "sha512-JyUOzoVH6OU7QywhjOK0PkJ/lNIdjNLombaA7Iuv2LuuOyB5Jzy6KsA8Aaj+lZRPGMypT+tlACR9p2MYaSAKjw==",
      "license": "MIT",
      "dependencies": {
        "@monopi/core": "0.6.0"
      },
      "bin": {
        "pi-extension-subagents": "install.mjs"
      },
      "peerDependencies": {
        "@earendil-works/pi-agent-core": ">=0.84.1",
        "@earendil-works/pi-ai": ">=0.84.1",
        "@earendil-works/pi-coding-agent": ">=0.84.1",
        "@earendil-works/pi-tui": ">=0.84.1",
        "typebox": "^1.1.24"
      }
    },
    "node_modules/chalk": {
      "version": "5.6.2",
      "resolved": "https://registry.npmjs.org/chalk/-/chalk-5.6.2.tgz",
      "integrity": "sha512-7NzBL0rN6fMUW+f7A6Io4h40qQlG+xGmtMxfbnH/K7TAtt8JQWVQK+6g0UXKMeVJoyV5EkkNsErQ8pVD3bLHbA==",
      "license": "MIT",
      "engines": {
        "node": "^12.17.0 || ^14.13 || >=16.0.0"
      },
      "funding": {
        "url": "https://github.com/chalk/chalk?sponsor=1"
      }
    },
    "node_modules/croner": {
      "version": "10.0.1",
      "resolved": "https://registry.npmjs.org/croner/-/croner-10.0.1.tgz",
      "integrity": "sha512-ixNtAJndqh173VQ4KodSdJEI6nuioBWI0V1ITNKhZZsO0pEMoDxz539T4FTTbSZ/xIOSuDnzxLVRqBVSvPNE2g==",
      "funding": [
        {
          "type": "other",
          "url": "https://paypal.me/hexagonpp"
        },
        {
          "type": "github",
          "url": "https://github.com/sponsors/hexagon"
        }
      ],
      "license": "MIT",
      "engines": {
        "node": ">=18.0"
      }
    },
    "node_modules/fast-string-truncated-width": {
      "version": "3.0.3",
      "resolved": "https://registry.npmjs.org/fast-string-truncated-width/-/fast-string-truncated-width-3.0.3.tgz",
      "integrity": "sha512-0jjjIEL6+0jag3l2XWWizO64/aZVtpiGE3t0Zgqxv0DPuxiMjvB3M24fCyhZUO4KomJQPj3LTSUnDP3GpdwC0g==",
      "license": "MIT"
    },
    "node_modules/fast-string-width": {
      "version": "3.0.2",
      "resolved": "https://registry.npmjs.org/fast-string-width/-/fast-string-width-3.0.2.tgz",
      "integrity": "sha512-gX8LrtNEI5hq8DVUfRQMbr5lpaS4nMIWV+7XEbXk2b8kiQIizgnlr12B4dA3ZEx3308ze0O4Q1R+cHts8kyUJg==",
      "license": "MIT",
      "dependencies": {
        "fast-string-truncated-width": "^3.0.2"
      }
    },
    "node_modules/fast-wrap-ansi": {
      "version": "0.2.2",
      "resolved": "https://registry.npmjs.org/fast-wrap-ansi/-/fast-wrap-ansi-0.2.2.tgz",
      "integrity": "sha512-7F2Fl+TjRSenLqlU3UjSH0iyqopqoZIu7eZVpEirP2g1GtWa2G/ecEmBdgz31+Mxr+ELclgg6sokpSFIQiZ02Q==",
      "license": "MIT",
      "dependencies": {
        "fast-string-width": "^3.0.2"
      }
    },
    "node_modules/sisteransi": {
      "version": "1.0.5",
      "resolved": "https://registry.npmjs.org/sisteransi/-/sisteransi-1.0.5.tgz",
      "integrity": "sha512-bLGGlR1QxBcynn2d5YmDX4MGjlZvy2MRBDRNHLJ8VI6l6+9FUiyTFNJ0IveOSP0bcXgVDPRcfGqA0pjaqUpfVg==",
      "license": "MIT"
    }
  }
}
