{
  "name": "pi-live-codex",
  "version": "0.1.6",
  "lockfileVersion": 3,
  "requires": true,
  "packages": {
    "": {
      "name": "pi-live-codex",
      "version": "0.1.6",
      "license": "MIT",
      "dependencies": {
        "@oh-my-pi/pi-natives": "18.1.6",
        "ws": "8.21.3"
      },
      "engines": {
        "node": ">=22.19.0"
      },
      "peerDependencies": {
        "@earendil-works/pi-agent-core": "*",
        "@earendil-works/pi-ai": "*",
        "@earendil-works/pi-coding-agent": "*",
        "@earendil-works/pi-tui": "*"
      }
    },
    "node_modules/@oh-my-pi/pi-natives": {
      "version": "18.1.6",
      "resolved": "https://registry.npmjs.org/@oh-my-pi/pi-natives/-/pi-natives-18.1.6.tgz",
      "integrity": "sha512-MTVbKtVaRpC375UmzlNoZXHX1IhdHjRtBjy5Juuqvq4djQDIHrl8BaCHzoPdR3nBMvK7YlqRQsDkLX3E5XSHBw==",
      "license": "MIT",
      "engines": {
        "bun": ">=1.3.14"
      },
      "optionalDependencies": {
        "@oh-my-pi/pi-natives-darwin-arm64": "18.1.6",
        "@oh-my-pi/pi-natives-darwin-x64": "18.1.6",
        "@oh-my-pi/pi-natives-linux-arm64": "18.1.6",
        "@oh-my-pi/pi-natives-linux-x64": "18.1.6",
        "@oh-my-pi/pi-natives-win32-x64": "18.1.6"
      }
    },
    "node_modules/@oh-my-pi/pi-natives-darwin-arm64": {
      "version": "18.1.6",
      "resolved": "https://registry.npmjs.org/@oh-my-pi/pi-natives-darwin-arm64/-/pi-natives-darwin-arm64-18.1.6.tgz",
      "integrity": "sha512-zep8Bzb5Q9iB2XChTC8Wk/4HJ3KYdTHZQVE1mmmvbXQQu1w96nl0tS3uZUSuIMzDRhSvlZECz2ttr87SxOPFzw==",
      "cpu": [
        "arm64"
      ],
      "license": "MIT",
      "optional": true,
      "os": [
        "darwin"
      ],
      "engines": {
        "bun": ">=1.3.14"
      }
    },
    "node_modules/@oh-my-pi/pi-natives-darwin-x64": {
      "version": "18.1.6",
      "resolved": "https://registry.npmjs.org/@oh-my-pi/pi-natives-darwin-x64/-/pi-natives-darwin-x64-18.1.6.tgz",
      "integrity": "sha512-VmsQEokRhYyTNO4zUUvZ1Zf3mtxdp2JKTE8P8KA4Atvfb65ApQkmB5gGzl3HddZVu8muj8KSucUne7dyW+kdyg==",
      "cpu": [
        "x64"
      ],
      "license": "MIT",
      "optional": true,
      "os": [
        "darwin"
      ],
      "engines": {
        "bun": ">=1.3.14"
      }
    },
    "node_modules/@oh-my-pi/pi-natives-linux-arm64": {
      "version": "18.1.6",
      "resolved": "https://registry.npmjs.org/@oh-my-pi/pi-natives-linux-arm64/-/pi-natives-linux-arm64-18.1.6.tgz",
      "integrity": "sha512-WdvV3prdnLDqE3rVlhW3IDH4MDnIWZRIhl/WQa7lSJkPdi1n2s9fhfX19qjQvKC705isJsKLKhHdgJyPiP0ZFA==",
      "cpu": [
        "arm64"
      ],
      "license": "MIT",
      "optional": true,
      "os": [
        "linux"
      ],
      "engines": {
        "bun": ">=1.3.14"
      }
    },
    "node_modules/@oh-my-pi/pi-natives-linux-x64": {
      "version": "18.1.6",
      "resolved": "https://registry.npmjs.org/@oh-my-pi/pi-natives-linux-x64/-/pi-natives-linux-x64-18.1.6.tgz",
      "integrity": "sha512-K9hZmf4mI5JP/tFTuFPr+GWFo8oTqxXCvl4QGwE46K0AmRRVpMrpQlLgZTmcKPvxdRMvvmTXMK8UhjKBx6OWSA==",
      "cpu": [
        "x64"
      ],
      "license": "MIT",
      "optional": true,
      "os": [
        "linux"
      ],
      "engines": {
        "bun": ">=1.3.14"
      }
    },
    "node_modules/@oh-my-pi/pi-natives-win32-x64": {
      "version": "18.1.6",
      "resolved": "https://registry.npmjs.org/@oh-my-pi/pi-natives-win32-x64/-/pi-natives-win32-x64-18.1.6.tgz",
      "integrity": "sha512-PwWZcN0S2Ao+O6fWhFWF8+CSUpgjUxWEAG8VSAg3ZyK4qZEJqHPWWHlMaqYpXAftOsA5YWI2T3wpt01pQohvpw==",
      "cpu": [
        "x64"
      ],
      "license": "MIT",
      "optional": true,
      "os": [
        "win32"
      ],
      "engines": {
        "bun": ">=1.3.14"
      }
    },
    "node_modules/ws": {
      "version": "8.21.3",
      "resolved": "https://registry.npmjs.org/ws/-/ws-8.21.3.tgz",
      "integrity": "sha512-201TZ/kPWxoPr/OKWjquZR1SWKXcvxdH+e1xrx89b3YbmzLMFCLfnaG1HFIgWzJOEWZ7MvpK++odZufgYR50Rw==",
      "license": "MIT",
      "engines": {
        "node": ">=10.0.0"
      },
      "peerDependencies": {
        "bufferutil": "^4.0.1",
        "utf-8-validate": ">=5.0.2"
      },
      "peerDependenciesMeta": {
        "bufferutil": {
          "optional": true
        },
        "utf-8-validate": {
          "optional": true
        }
      }
    }
  }
}
