{
	"name": "@howaboua/pi-skills",
	"version": "0.0.10",
	"lockfileVersion": 3,
	"requires": true,
	"packages": {
		"": {
			"name": "@howaboua/pi-skills",
			"version": "0.0.10",
			"license": "MIT",
			"dependencies": {
				"@howaboua/pi-skill-adversarial-qa": "0.0.1",
				"@howaboua/pi-skill-agent-native-hardening": "0.0.5",
				"@howaboua/pi-skill-agents-md": "0.0.4",
				"@howaboua/pi-skill-anti-ai-copy": "0.0.4",
				"@howaboua/pi-skill-chrome-cdp": "0.0.4",
				"@howaboua/pi-skill-gh-issue-pr-flow": "0.0.6",
				"@howaboua/pi-skill-model-facing-api-design": "0.0.4",
				"@howaboua/pi-skill-project-reference-research": "0.0.4",
				"@howaboua/pi-skill-skill-creator": "0.0.5"
			}
		},
		"node_modules/@howaboua/pi-skill-adversarial-qa": {
			"version": "0.0.1",
			"resolved": "https://registry.npmjs.org/@howaboua/pi-skill-adversarial-qa/-/pi-skill-adversarial-qa-0.0.1.tgz",
			"integrity": "sha512-S/uE6gsAEPt49r27r4hkalMO8A+0lerN207YPLqcIhJg1GIsToczJKqZpE9KrVVo0YP29XZJMTD9mvaEY/8x0Q==",
			"license": "MIT"
		},
		"node_modules/@howaboua/pi-skill-agent-native-hardening": {
			"version": "0.0.5",
			"resolved": "https://registry.npmjs.org/@howaboua/pi-skill-agent-native-hardening/-/pi-skill-agent-native-hardening-0.0.5.tgz",
			"integrity": "sha512-bgW/f4r98KznuSjrbBxMQElOTn9ZGGMqWz+tSKpfHV1ggd/9hAzuqrxoPjluUuc0ojZPIAt/5XKULEdkAjq05g==",
			"license": "MIT"
		},
		"node_modules/@howaboua/pi-skill-agents-md": {
			"version": "0.0.4",
			"resolved": "https://registry.npmjs.org/@howaboua/pi-skill-agents-md/-/pi-skill-agents-md-0.0.4.tgz",
			"integrity": "sha512-fHn+3bL8ElOdJ7+KfbN/PloQq9wBtn55CIGWWC2e7NsmL+6tOTsaxK2lbrBMKaDu3HZVMbbM44HKvvrftsUPTg==",
			"license": "MIT"
		},
		"node_modules/@howaboua/pi-skill-anti-ai-copy": {
			"version": "0.0.4",
			"resolved": "https://registry.npmjs.org/@howaboua/pi-skill-anti-ai-copy/-/pi-skill-anti-ai-copy-0.0.4.tgz",
			"integrity": "sha512-IqUHJXhGsNoo6Hx8cUF8zstm8OyGppDIC48TqNveKSybaBZF/SvHWy5NL2I56FlBCBfvXonNPv157jFPF1cm7w==",
			"license": "MIT"
		},
		"node_modules/@howaboua/pi-skill-chrome-cdp": {
			"version": "0.0.4",
			"resolved": "https://registry.npmjs.org/@howaboua/pi-skill-chrome-cdp/-/pi-skill-chrome-cdp-0.0.4.tgz",
			"integrity": "sha512-Su235c+h578VFfb4Of4pKTn6gGW8r4ltUaIa7KI23m9HLcMZ+C6WJaXu1vhXMT7/M3R5sAZLCQArRWie8dOfuw==",
			"license": "MIT"
		},
		"node_modules/@howaboua/pi-skill-gh-issue-pr-flow": {
			"version": "0.0.6",
			"resolved": "https://registry.npmjs.org/@howaboua/pi-skill-gh-issue-pr-flow/-/pi-skill-gh-issue-pr-flow-0.0.6.tgz",
			"integrity": "sha512-q2DeoRcUaAfak8t177tBrrxQWCOfOPvZQJVYzAHhbuUwW0t0UeoaBaDODCKfanUrHk4lpOOnNhBAafmg0YHS3Q==",
			"license": "MIT"
		},
		"node_modules/@howaboua/pi-skill-model-facing-api-design": {
			"version": "0.0.4",
			"resolved": "https://registry.npmjs.org/@howaboua/pi-skill-model-facing-api-design/-/pi-skill-model-facing-api-design-0.0.4.tgz",
			"integrity": "sha512-4sumQkRrFn2A3NBKZg7R55g9BQa1YyDjzztVC8Vnh7he4Vifge8NzBAg2bZ8WfUrhKqINDFLybVGcefSxBaFOA==",
			"license": "MIT"
		},
		"node_modules/@howaboua/pi-skill-project-reference-research": {
			"version": "0.0.4",
			"resolved": "https://registry.npmjs.org/@howaboua/pi-skill-project-reference-research/-/pi-skill-project-reference-research-0.0.4.tgz",
			"integrity": "sha512-tKpNv46HRcCz3orEQywo53ouHmAnEDlzBU3sZ+9Bog28STRqZ8ayLFTnYFLMr+HuFBQMZM4+y5Geldc1A6OzGA==",
			"license": "MIT"
		},
		"node_modules/@howaboua/pi-skill-skill-creator": {
			"version": "0.0.5",
			"resolved": "https://registry.npmjs.org/@howaboua/pi-skill-skill-creator/-/pi-skill-skill-creator-0.0.5.tgz",
			"integrity": "sha512-k+FU6an4JmFeOgpULJSIXg6dBGRf4bDWT+sJ/Wedn8EZhh5iHtp+u/JHxj9Hke90x52akIl9g44rGFVQbcsfhw==",
			"license": "MIT"
		}
	}
}
