{
  "name": "@ayulab/oh-my-pi",
  "version": "0.4.17",
  "lockfileVersion": 3,
  "requires": true,
  "packages": {
    "": {
      "name": "@ayulab/oh-my-pi",
      "version": "0.4.17",
      "bundleDependencies": [
        "@ayulab/pi-rewind"
      ],
      "license": "GPL-3.0",
      "dependencies": {
        "@ayulab/pi-rewind": "0.4.6"
      }
    },
    "node_modules/@ayulab/pi-rewind": {
      "version": "0.4.6",
      "inBundle": true,
      "license": "GPL-3.0",
      "peerDependencies": {
        "@earendil-works/pi-coding-agent": "*",
        "@earendil-works/pi-tui": "*"
      },
      "integrity": "sha512-pRinWV6H7JV/+gPePwlI00Pb99KhTKXDzefwqPxVnF7QvzrYfe2KHgYJV7efYNI4yJEgbnJNHrNGZR/n3EAhBA=="
    }
  }
}
