{
  "name": "@aphotic/pi-flow",
  "version": "0.10.0",
  "lockfileVersion": 3,
  "requires": true,
  "packages": {
    "": {
      "name": "@aphotic/pi-flow",
      "version": "0.10.0",
      "bundleDependencies": [
        "@aphotic/pi-flow-core",
        "@aphotic/pi-flow-ux",
        "@aphotic/pi-ideas",
        "@aphotic/pi-release"
      ],
      "license": "MIT",
      "dependencies": {
        "@aphotic/pi-flow-core": "0.10.0",
        "@aphotic/pi-flow-ux": "0.10.0",
        "@aphotic/pi-ideas": "0.10.0",
        "@aphotic/pi-release": "0.10.0"
      },
      "bin": {
        "pi-flow": "bin/pi-flow.mjs"
      },
      "engines": {
        "node": ">=20"
      },
      "peerDependencies": {
        "@aphotic/pi-mux-subagents": ">=0.3.0"
      }
    },
    "node_modules/@aphotic/pi-flow-core": {
      "version": "0.10.0",
      "inBundle": true,
      "license": "MIT",
      "dependencies": {
        "@aphotic/pi-ideas": "0.10.0"
      },
      "bin": {
        "pi-flow": "bin/pi-flow.mjs"
      },
      "engines": {
        "node": ">=20"
      },
      "peerDependencies": {
        "@aphotic/pi-mux-subagents": ">=0.3.0",
        "@earendil-works/pi-coding-agent": ">=0.78.0",
        "@earendil-works/pi-tui": ">=0.78.0"
      }
    },
    "node_modules/@aphotic/pi-flow-ux": {
      "version": "0.10.0",
      "inBundle": true,
      "license": "MIT",
      "engines": {
        "node": ">=20"
      },
      "peerDependencies": {
        "@earendil-works/pi-coding-agent": ">=0.78.0",
        "@earendil-works/pi-tui": ">=0.78.0"
      }
    },
    "node_modules/@aphotic/pi-ideas": {
      "version": "0.10.0",
      "inBundle": true,
      "license": "MIT",
      "dependencies": {
        "typebox": "^1.1.39"
      },
      "engines": {
        "node": ">=20"
      },
      "peerDependencies": {
        "@earendil-works/pi-coding-agent": ">=0.78.0",
        "@earendil-works/pi-tui": ">=0.78.0",
        "typebox": "^1.0.0"
      }
    },
    "node_modules/@aphotic/pi-ideas/node_modules/typebox": {
      "version": "1.1.39",
      "inBundle": true,
      "license": "MIT"
    },
    "node_modules/@aphotic/pi-release": {
      "version": "0.10.0",
      "inBundle": true,
      "license": "MIT",
      "engines": {
        "node": ">=20"
      }
    }
  }
}
