{
  "name": "pi-echo-output-styles",
  "version": "0.1.0",
  "lockfileVersion": 3,
  "requires": true,
  "packages": {
    "": {
      "name": "pi-echo-output-styles",
      "version": "0.1.0",
      "dependencies": {
        "pi-echo-core": "^0.1.0"
      },
      "peerDependencies": {
        "@earendil-works/pi-coding-agent": "^0.84.0"
      }
    },
    "node_modules/pi-echo-core": {
      "version": "0.1.0",
      "resolved": "https://registry.npmjs.org/pi-echo-core/-/pi-echo-core-0.1.0.tgz",
      "integrity": "sha512-QtOpLJcLpltQq4eMef4yGgDS3RIuAh0VaEA7atvQuVeD6J749ZkZ6bEZFpWoF9Arzckuzl7s66dNUD0wBp6tJw==",
      "peerDependencies": {
        "@earendil-works/pi-coding-agent": "^0.84.0"
      }
    }
  }
}
