{
  "name": "ds4-context-engine",
  "version": "0.2.0",
  "lockfileVersion": 3,
  "requires": true,
  "packages": {
    "": {
      "name": "ds4-context-engine",
      "version": "0.2.0",
      "license": "MIT",
      "workspaces": [
        "packages/*"
      ],
      "dependencies": {
        "ds4-context-core": "0.2.0"
      },
      "engines": {
        "node": ">=22.19.0"
      },
      "peerDependencies": {
        "@earendil-works/pi-ai": "0.84.3",
        "@earendil-works/pi-coding-agent": "0.84.3"
      }
    },
    "node_modules/ds4-context-core": {
      "version": "0.2.0",
      "resolved": "https://registry.npmjs.org/ds4-context-core/-/ds4-context-core-0.2.0.tgz",
      "integrity": "sha512-TArbnHh2BMmhC0qf6G1LW3MfCV2cIWtaaxMf7bdUDkUMVFdZwTVvQ9oVF799uV1p2bzfcq1/ZZpNZsRKrLiCZw==",
      "license": "MIT",
      "engines": {
        "node": ">=22.19.0"
      }
    }
  }
}
