{
  "name": "pi-broodmother",
  "version": "0.3.2",
  "lockfileVersion": 3,
  "requires": true,
  "packages": {
    "": {
      "name": "pi-broodmother",
      "version": "0.3.2",
      "license": "MIT",
      "dependencies": {
        "effect": "^4.0.0-rc.112"
      },
      "engines": {
        "node": ">=22"
      },
      "peerDependencies": {
        "@earendil-works/pi-coding-agent": ">=0.84",
        "@earendil-works/pi-tui": ">=0.84",
        "typebox": "*"
      }
    },
    "node_modules/effect": {
      "version": "4.0.0-rc.115",
      "resolved": "https://registry.npmjs.org/effect/-/effect-4.0.0-rc.115.tgz",
      "integrity": "sha512-ogYulZ5ffeOzrJqQrG0XOkDO5lKn2s9KNHhoxJy/6wKUkF0i12dlVXWA9TgsgQ+zV/JzizyG0+XMPepZEQX6vw==",
      "license": "MIT"
    }
  }
}
