{
  "name": "@ian-pascoe/pi-advisor",
  "version": "0.3.0",
  "lockfileVersion": 3,
  "requires": true,
  "packages": {
    "": {
      "name": "@ian-pascoe/pi-advisor",
      "version": "0.3.0",
      "license": "MIT",
      "dependencies": {
        "@ian-pascoe/pi-utils": "^0.2.0"
      },
      "engines": {
        "node": ">=22.19.0"
      },
      "peerDependencies": {
        "@earendil-works/pi-agent-core": "*",
        "@earendil-works/pi-ai": "*",
        "@earendil-works/pi-coding-agent": "*",
        "@earendil-works/pi-tui": "*",
        "typebox": "*"
      }
    },
    "node_modules/@ian-pascoe/pi-utils": {
      "version": "0.2.0",
      "resolved": "https://registry.npmjs.org/@ian-pascoe/pi-utils/-/pi-utils-0.2.0.tgz",
      "integrity": "sha512-f2jNAjMO/BXelXVv6aG+xg+uSvm0rbZRWRgLMcEIaWbG8mN2Fz3gKxFK3LCUUeBriANj4EBqwl1OBLdhod4Yhw==",
      "license": "MIT",
      "engines": {
        "node": ">=22.19.0"
      },
      "peerDependencies": {
        "@earendil-works/pi-coding-agent": "*"
      },
      "peerDependenciesMeta": {
        "@earendil-works/pi-coding-agent": {
          "optional": true
        }
      }
    }
  }
}
