{
  "name": "pi-session-resources",
  "version": "0.3.0",
  "lockfileVersion": 3,
  "requires": true,
  "packages": {
    "": {
      "name": "pi-session-resources",
      "version": "0.3.0",
      "license": "MIT",
      "dependencies": {
        "pi-extensions-i18n": "^0.4.0"
      },
      "engines": {
        "node": ">=22"
      },
      "peerDependencies": {
        "@earendil-works/pi-ai": ">=0.80.0 <0.81.0",
        "@earendil-works/pi-coding-agent": ">=0.80.0 <0.81.0",
        "@earendil-works/pi-tui": ">=0.80.0 <0.81.0"
      }
    },
    "node_modules/pi-extensions-i18n": {
      "version": "0.4.0",
      "resolved": "https://registry.npmjs.org/pi-extensions-i18n/-/pi-extensions-i18n-0.4.0.tgz",
      "integrity": "sha512-g2MjHhFObOAFjfg1whRagdhTmobta0WKI7f/U/FSbJ+fgK6oGo6b/ripP1kaNUYMeCS+GCObQyO9wTtTnPsqMg==",
      "license": "MIT",
      "engines": {
        "node": ">=22"
      },
      "peerDependencies": {
        "@earendil-works/pi-coding-agent": ">=0.80.0 <0.81.0"
      }
    }
  }
}
