{
  "name": "@zhushanwen/pi-msg-id-mapper",
  "version": "1.0.3",
  "lockfileVersion": 3,
  "requires": true,
  "packages": {
    "": {
      "name": "@zhushanwen/pi-msg-id-mapper",
      "version": "1.0.3",
      "license": "MIT",
      "dependencies": {
        "@zhushanwen/pi-extension-logger": "0.3.0"
      },
      "peerDependencies": {
        "@earendil-works/pi-coding-agent": "^0.84.1"
      }
    },
    "node_modules/@zhushanwen/pi-extension-logger": {
      "version": "0.3.0",
      "resolved": "https://registry.npmjs.org/@zhushanwen/pi-extension-logger/-/pi-extension-logger-0.3.0.tgz",
      "integrity": "sha512-ld9uVtsTSiucM1/GLa0Gmg9GIr9+XWkTmSm7ouLriDcCUgiiuywFS589bS2mAYjAk8Fn5iPkhKnxWXXL4H6m4g==",
      "license": "MIT",
      "peerDependencies": {
        "@earendil-works/pi-coding-agent": "^0.84.1"
      }
    }
  }
}
