{
  "name": "pi-tbox",
  "version": "0.1.0",
  "lockfileVersion": 3,
  "requires": true,
  "packages": {
    "": {
      "name": "pi-tbox",
      "version": "0.1.0",
      "license": "AGPL-3.0-or-later",
      "dependencies": {
        "pi-tool-masking": "^1.0.0"
      },
      "peerDependencies": {
        "@earendil-works/pi-coding-agent": "*",
        "@earendil-works/pi-tui": "*",
        "typebox": "*"
      }
    },
    "node_modules/pi-tool-masking": {
      "version": "1.0.2",
      "resolved": "https://registry.npmjs.org/pi-tool-masking/-/pi-tool-masking-1.0.2.tgz",
      "integrity": "sha512-kvPYlFDfvbyUbDREDqwCd00LDBKWL/08FEok+vinU5IGciYaSjtCr7e5nbPiSqM88MEnGYpDXx/1G+0GQUzj/Q==",
      "license": "MIT"
    }
  }
}
