{
  "name": "@ifi/pi-web-remote",
  "version": "0.5.1",
  "lockfileVersion": 3,
  "requires": true,
  "packages": {
    "": {
      "name": "@ifi/pi-web-remote",
      "version": "0.5.1",
      "license": "MIT",
      "dependencies": {
        "@ifi/pi-web-server": "0.5.1"
      },
      "peerDependencies": {
        "@mariozechner/pi-coding-agent": ">=0.56.1",
        "@sinclair/typebox": "*"
      }
    },
    "node_modules/@hono/node-server": {
      "version": "2.0.10",
      "resolved": "https://registry.npmjs.org/@hono/node-server/-/node-server-2.0.10.tgz",
      "integrity": "sha512-ZcnNVhKTmyDJeg0UlnZjvM73JBsTAuhrH/J4fjwGOw59PwOW51r4J+p6CsKZWXdKSme4MFqU62CZMOsdDrU4CA==",
      "license": "MIT",
      "engines": {
        "node": ">=20"
      },
      "peerDependencies": {
        "hono": "^4"
      }
    },
    "node_modules/@ifi/pi-web-server": {
      "version": "0.5.1",
      "resolved": "https://registry.npmjs.org/@ifi/pi-web-server/-/pi-web-server-0.5.1.tgz",
      "integrity": "sha512-RonCXdArsOwqs28JSzNQq7dB5eI66ccICjSc8wDoy9NuNAoIf/N5BJ2roxUH4xp1+vKRy8fmtapKtwtfZR3Itw==",
      "license": "MIT",
      "dependencies": {
        "@hono/node-server": "^2.0.0",
        "hono": "^4.12.15",
        "ws": "^8.20.0"
      },
      "bin": {
        "pi-web": "dist/bin/pi-web.js"
      },
      "engines": {
        "node": ">=20.0.0"
      },
      "peerDependencies": {
        "@mariozechner/pi-coding-agent": ">=0.56.1"
      }
    },
    "node_modules/hono": {
      "version": "4.12.31",
      "resolved": "https://registry.npmjs.org/hono/-/hono-4.12.31.tgz",
      "integrity": "sha512-zJIHFrl6bq3RDd2YusFNCDlM8qUprxKswyi/OPzPyzKDdyBXDqWx8bZlZ7R+saTdSTatUmb3O7K4SspGPaEOQg==",
      "license": "MIT",
      "engines": {
        "node": ">=16.9.0"
      }
    },
    "node_modules/ws": {
      "version": "8.21.1",
      "resolved": "https://registry.npmjs.org/ws/-/ws-8.21.1.tgz",
      "integrity": "sha512-+0NTnW77fFN/DjQi6k/Sq/Yvk4Sgajw7urW8V+asjXnRgDs9gyGkdb7EzgfhA4goXsRIZKE28fzIXBHEzhuiWw==",
      "license": "MIT",
      "engines": {
        "node": ">=10.0.0"
      },
      "peerDependencies": {
        "bufferutil": "^4.0.1",
        "utf-8-validate": ">=5.0.2"
      },
      "peerDependenciesMeta": {
        "bufferutil": {
          "optional": true
        },
        "utf-8-validate": {
          "optional": true
        }
      }
    }
  }
}
