{
  "name": "@pi-lab/env",
  "version": "1.0.3",
  "lockfileVersion": 3,
  "requires": true,
  "packages": {
    "": {
      "name": "@pi-lab/env",
      "version": "1.0.3",
      "license": "MIT",
      "dependencies": {
        "@dotenvx/dotenvx": "^2.1.5"
      },
      "peerDependencies": {
        "@earendil-works/pi-coding-agent": "^0.80.3"
      }
    },
    "node_modules/@dotenvx/dotenvx": {
      "version": "2.15.1",
      "resolved": "https://registry.npmjs.org/@dotenvx/dotenvx/-/dotenvx-2.15.1.tgz",
      "integrity": "sha512-t5eUkF4HV5qMAY+lg2ZYzPhso5i8EJHPvYKkzot0R4V08ivMs/w4HVe95bR9U2AGTTlSU5AA141mA6dRYRrn6g==",
      "license": "BSD-3-Clause",
      "dependencies": {
        "@dotenvx/primitives": "^2.1.0",
        "@dotenvx/tooling": "^1.0.2",
        "yocto-spinner": "^1.2.1"
      },
      "bin": {
        "dotenvx": "src/cli/dotenvx.js"
      },
      "funding": {
        "url": "https://dotenvx.com"
      }
    },
    "node_modules/@dotenvx/primitives": {
      "version": "2.1.0",
      "resolved": "https://registry.npmjs.org/@dotenvx/primitives/-/primitives-2.1.0.tgz",
      "integrity": "sha512-GIpMSSgjZk4URRCtAw12vBmobnw3VeSKL+p7/y8ypWvTHFW+StAMZvq4wCjdX+QKuw4alXu0IMGW6QPhKo6ufg==",
      "license": "BSD-3-Clause"
    },
    "node_modules/@dotenvx/tooling": {
      "version": "1.0.2",
      "resolved": "https://registry.npmjs.org/@dotenvx/tooling/-/tooling-1.0.2.tgz",
      "integrity": "sha512-yf4VwIZUzSqlLy2pe0kH2xk6dME73oYW5XqcHE7M1zA1H0RX/dSUThsSRmpCjp622iW9f6VGQl5Aa6szt5Xc0w==",
      "license": "BSD-3-Clause"
    },
    "node_modules/yocto-spinner": {
      "version": "1.2.2",
      "resolved": "https://registry.npmjs.org/yocto-spinner/-/yocto-spinner-1.2.2.tgz",
      "integrity": "sha512-DODGl1wJjA/s5pnJFKau9lIYHT81lnhob1i3e1TjxZRxEhWRKl74nTbWE6H5KlkViQQTo/Z29YFdxzTZAMY3ng==",
      "license": "MIT",
      "dependencies": {
        "yoctocolors": "^2.1.1"
      },
      "engines": {
        "node": ">=18.19"
      },
      "funding": {
        "url": "https://github.com/sponsors/sindresorhus"
      }
    },
    "node_modules/yoctocolors": {
      "version": "2.1.2",
      "resolved": "https://registry.npmjs.org/yoctocolors/-/yoctocolors-2.1.2.tgz",
      "integrity": "sha512-CzhO+pFNo8ajLM2d2IW/R93ipy99LWjtwblvC1RsoSUMZgyLbYFr221TnSNT7GjGdYui6P459mw9JH/g/zW2ug==",
      "license": "MIT",
      "engines": {
        "node": ">=18"
      },
      "funding": {
        "url": "https://github.com/sponsors/sindresorhus"
      }
    }
  }
}
