{
  "name": "pi-shiftwork",
  "version": "0.2.0",
  "lockfileVersion": 3,
  "requires": true,
  "packages": {
    "": {
      "name": "pi-shiftwork",
      "version": "0.2.0",
      "license": "MIT",
      "dependencies": {
        "shiftwork": "0.2.0",
        "shiftwork-core": "0.2.0"
      },
      "engines": {
        "node": ">=22"
      },
      "peerDependencies": {
        "@earendil-works/pi-coding-agent": "*"
      }
    },
    "node_modules/shiftwork": {
      "version": "0.2.0",
      "resolved": "https://registry.npmjs.org/shiftwork/-/shiftwork-0.2.0.tgz",
      "integrity": "sha512-9DtPzCVpWhV7v3xg/pUJjl3FqrH2xFU322ucFevlMMvsvY2YHT09RhhoTksAUNgJt0FoCY7Gx7NIF7ZQ8cw8XA==",
      "license": "MIT",
      "dependencies": {
        "shiftwork-core": "0.2.0"
      },
      "bin": {
        "shiftwork": "bin/shiftwork.js"
      },
      "engines": {
        "node": ">=22"
      },
      "peerDependencies": {
        "@earendil-works/pi-coding-agent": ">=0.99.0"
      },
      "peerDependenciesMeta": {
        "@earendil-works/pi-coding-agent": {
          "optional": true
        }
      }
    },
    "node_modules/shiftwork-core": {
      "version": "0.2.0",
      "resolved": "https://registry.npmjs.org/shiftwork-core/-/shiftwork-core-0.2.0.tgz",
      "integrity": "sha512-6YaJDVJ5N9leTMR5uay4yW2wgsE0loAY9fFsvwLQ4eY4EcXB6ZqCnUm2pJMypz70IlskGgwOibBPZL7HkR5ZCg==",
      "license": "MIT",
      "engines": {
        "node": ">=22"
      }
    }
  }
}
