{
  "name": "@earthchen/pi-proactive-compact",
  "version": "0.0.4",
  "lockfileVersion": 3,
  "requires": true,
  "packages": {
    "": {
      "name": "@earthchen/pi-proactive-compact",
      "version": "0.0.4",
      "license": "MIT",
      "dependencies": {
        "typebox": "1.3.8"
      },
      "peerDependencies": {
        "@earendil-works/pi-coding-agent": "*"
      }
    },
    "node_modules/typebox": {
      "version": "1.3.8",
      "resolved": "https://registry.npmjs.org/typebox/-/typebox-1.3.8.tgz",
      "integrity": "sha512-xYaJgF0KMvBViKWRaKTAtfR6sDt/yH6xAjGAHXYJxKxUF4pVyPXZZhIlwOg6cDIE81N7L0pyIHs136RHBm6rLQ==",
      "license": "MIT"
    }
  }
}
