{
  "name": "@fyeeme/pi-dynamic-workflows",
  "version": "0.1.1",
  "lockfileVersion": 3,
  "requires": true,
  "packages": {
    "": {
      "name": "@fyeeme/pi-dynamic-workflows",
      "version": "0.1.1",
      "license": "MIT",
      "dependencies": {
        "@fyeeme/pi-subagent-core": "^0.3.2"
      },
      "engines": {
        "node": ">=18"
      },
      "peerDependencies": {
        "@earendil-works/pi-ai": ">=0.84.1",
        "@earendil-works/pi-coding-agent": ">=0.84.1",
        "@earendil-works/pi-tui": ">=0.84.1",
        "jiti": ">=2.0.0",
        "typebox": ">=1.0.0",
        "typescript": ">=5.0.0"
      }
    },
    "node_modules/@fyeeme/pi-subagent-core": {
      "version": "0.3.3",
      "resolved": "https://registry.npmjs.org/@fyeeme/pi-subagent-core/-/pi-subagent-core-0.3.3.tgz",
      "integrity": "sha512-7e4aQdTMvZaCTLZtlx+VNZUiDlmr5nWh33ije4/wzAoIFm8a2jaqA5D93CEwcMs/4DnqnGKfUwPRbJAF7NsPdg==",
      "license": "MIT",
      "engines": {
        "node": ">=18"
      },
      "peerDependencies": {
        "@earendil-works/pi-ai": ">=0.84.1"
      }
    }
  }
}
