{
  "name": "@laloomery/pi-weave-ext",
  "version": "1.0.1",
  "lockfileVersion": 3,
  "requires": true,
  "packages": {
    "": {
      "name": "@laloomery/pi-weave-ext",
      "version": "1.0.1",
      "dependencies": {
        "@laloomery/weave-adapter-pi": "^1.0.0",
        "@laloomery/weave-core": "^1.0.0"
      },
      "engines": {
        "node": ">=22.19.0"
      },
      "peerDependencies": {
        "@earendil-works/pi-coding-agent": "*"
      }
    },
    "node_modules/@laloomery/weave-adapter-pi": {
      "version": "1.0.0",
      "resolved": "https://registry.npmjs.org/@laloomery/weave-adapter-pi/-/weave-adapter-pi-1.0.0.tgz",
      "integrity": "sha512-lOKez3mRDw0xcVzhktbHEuMlK0fi3eVKlNkZm71WQdrDf5y58hKd74e0N7qP5MFFQCUbP3K4yIJrxQHTCB2JWg==",
      "dependencies": {
        "@laloomery/weave-core": "^1.0.0"
      },
      "engines": {
        "node": ">=22.19.0"
      },
      "peerDependencies": {
        "@earendil-works/pi-coding-agent": "*"
      }
    },
    "node_modules/@laloomery/weave-core": {
      "version": "1.0.0",
      "resolved": "https://registry.npmjs.org/@laloomery/weave-core/-/weave-core-1.0.0.tgz",
      "integrity": "sha512-w7ecWVRp5TRc4b35lTC/wTQ9yR4dhC60Uckr+T/gudjkeECNMmGhbkklQrpsEI1d+P3MLA0f78dXkDlcCr3emQ==",
      "engines": {
        "node": ">=22.19.0"
      }
    }
  }
}
