{
  "name": "@wyattjoh/rfc-pi",
  "version": "0.4.1",
  "lockfileVersion": 3,
  "requires": true,
  "packages": {
    "": {
      "name": "@wyattjoh/rfc-pi",
      "version": "0.4.1",
      "license": "MIT",
      "dependencies": {
        "@wyattjoh/rfc": "0.5.1",
        "@wyattjoh/rfc-core": "0.3.0"
      },
      "engines": {
        "bun": ">=1.4.2"
      },
      "peerDependencies": {
        "@earendil-works/pi-coding-agent": "*",
        "typebox": "*"
      }
    },
    "node_modules/@effect/ai-typesafe": {
      "version": "4.0.0-rc.117",
      "resolved": "https://registry.npmjs.org/@effect/ai-typesafe/-/ai-typesafe-4.0.0-rc.117.tgz",
      "integrity": "sha512-/cjCfCXEXS+vGDL8TUiYdPRwCDtyJyRiLe5+Z4IAOJgSnMebfSR4eHOhNstpZpW19wksM+BdFiZV3VNZI6g3pA==",
      "license": "MIT",
      "peerDependencies": {
        "effect": "^4.0.0-rc.117"
      }
    },
    "node_modules/@effect/platform-node": {
      "version": "4.0.0-rc.117",
      "resolved": "https://registry.npmjs.org/@effect/platform-node/-/platform-node-4.0.0-rc.117.tgz",
      "integrity": "sha512-WbPcvQDkqXFnCeG6LohJ9eVNapCDhZbCpezhYKxm0IsZEk7swakRh7RkC1t2CXzd3hGmszTv2k9e/pXyZuL+wQ==",
      "license": "MIT",
      "dependencies": {
        "@effect/platform-node-shared": "^4.0.0-rc.117",
        "undici": "^8.10.2"
      },
      "engines": {
        "node": ">=18.0.0"
      },
      "peerDependencies": {
        "effect": "^4.0.0-rc.117",
        "redis": ">=5.0.0 <7.0.0"
      }
    },
    "node_modules/@effect/platform-node-shared": {
      "version": "4.0.0-rc.118",
      "resolved": "https://registry.npmjs.org/@effect/platform-node-shared/-/platform-node-shared-4.0.0-rc.118.tgz",
      "integrity": "sha512-pNbmIlxbAUxAthUNsp2xm1NLG9kxoYecsPkoYl9mNF2oxPcKDxAvkOar7tYnLSUpXJeATm4pxYVipdZjQfqO4Q==",
      "license": "MIT",
      "dependencies": {
        "@types/ws": "^8.18.1",
        "ws": "^8.22.0"
      },
      "engines": {
        "node": ">=18.0.0"
      },
      "peerDependencies": {
        "effect": "^4.0.0-rc.118"
      }
    },
    "node_modules/@modelcontextprotocol/core": {
      "version": "2.1.0",
      "resolved": "https://registry.npmjs.org/@modelcontextprotocol/core/-/core-2.1.0.tgz",
      "integrity": "sha512-YdFj5gMRHr0gYNAhTbQDgjLHiEJdIAUYxomhKseUNye7ZGlISQmUoLh2sveFFCiQ7j2YMffT1kgSND0FSfIFjQ==",
      "license": "MIT",
      "dependencies": {
        "zod": "^4.2.0"
      },
      "engines": {
        "node": ">=20"
      }
    },
    "node_modules/@modelcontextprotocol/server": {
      "version": "2.1.0",
      "resolved": "https://registry.npmjs.org/@modelcontextprotocol/server/-/server-2.1.0.tgz",
      "integrity": "sha512-FdvwZU5N03O77Suh35JqjAqq5R1ZTEPFtwu6N4BgBq28qrQtrCnpbLL5U2pwYCuE194jAw0xnlOVmIqhfoYuUQ==",
      "license": "MIT",
      "dependencies": {
        "@modelcontextprotocol/core": "2.1.0",
        "zod": "^4.2.0"
      },
      "engines": {
        "node": ">=20"
      }
    },
    "node_modules/@types/node": {
      "version": "26.6.3",
      "resolved": "https://registry.npmjs.org/@types/node/-/node-26.6.3.tgz",
      "integrity": "sha512-dsqMQQoeTLqu9wynDD00q573mNzso3IdQOAfHRJqLCcmCFPoGo9A1bDpUcv/9tnKpErQWv9uKeGfl37EIS02Yg==",
      "license": "MIT",
      "dependencies": {
        "undici-types": "~8.9.0"
      }
    },
    "node_modules/@types/ws": {
      "version": "8.18.1",
      "resolved": "https://registry.npmjs.org/@types/ws/-/ws-8.18.1.tgz",
      "integrity": "sha512-ThVF6DCVhA8kUGy+aazFQ4kXQ7E1Ty7A3ypFOe0IcJV8O/M511G99AW24irKrW56Wt44yG9+ij8FaqoBGkuBXg==",
      "license": "MIT",
      "dependencies": {
        "@types/node": "*"
      }
    },
    "node_modules/@wyattjoh/rfc": {
      "version": "0.5.1",
      "resolved": "https://registry.npmjs.org/@wyattjoh/rfc/-/rfc-0.5.1.tgz",
      "integrity": "sha512-xo5cykSQSl6tBpaxkbZJs8UyWH3HAWdbO+ymgNNFpBdsQgrjvSaTFkKutDx/UihMjhbd/9C30i0Nc9kk2vZ9QA==",
      "license": "MIT",
      "dependencies": {
        "@effect/platform-node": "4.0.0-rc.117",
        "@modelcontextprotocol/server": "2.1.0",
        "@wyattjoh/rfc-core": "0.3.0",
        "effect": "4.0.0-rc.117"
      },
      "bin": {
        "rfc": "src/bin.ts"
      },
      "engines": {
        "bun": ">=1.4.2"
      }
    },
    "node_modules/@wyattjoh/rfc-core": {
      "version": "0.3.0",
      "resolved": "https://registry.npmjs.org/@wyattjoh/rfc-core/-/rfc-core-0.3.0.tgz",
      "integrity": "sha512-ZfrCOHDRIgFCoN7w8UYdWQcvXZBEkJSpKuGFnqvbjeSm9ox/mQH/4xjB+UtJsprGScPQDiCkZc2RkdIh5wGNww==",
      "license": "MIT",
      "dependencies": {
        "@effect/ai-typesafe": "4.0.0-rc.117",
        "@effect/platform-node": "4.0.0-rc.117",
        "effect": "4.0.0-rc.117"
      },
      "engines": {
        "bun": ">=1.4.2"
      }
    },
    "node_modules/effect": {
      "version": "4.0.0-rc.117",
      "resolved": "https://registry.npmjs.org/effect/-/effect-4.0.0-rc.117.tgz",
      "integrity": "sha512-UUyi9QiOW4nySFIBM3KnYbNMd9EZliOdKfBcyLD0mPMPheO2fkuXS5y0opjWc9oqzlJxPQICEGm8gGw3kh9j/w==",
      "license": "MIT"
    },
    "node_modules/undici": {
      "version": "8.11.2",
      "resolved": "https://registry.npmjs.org/undici/-/undici-8.11.2.tgz",
      "integrity": "sha512-u4UB2/IrKdU6lFxumHmmo1a3fCQO5tzQllRorfoRS63txhrB7xTpSn1PftwC4qEHkOaqP95fCWW4lJzwErwzhQ==",
      "license": "MIT",
      "engines": {
        "node": ">=22.19.0"
      }
    },
    "node_modules/undici-types": {
      "version": "8.9.0",
      "resolved": "https://registry.npmjs.org/undici-types/-/undici-types-8.9.0.tgz",
      "integrity": "sha512-KTDyRTYX8sWmKXAikPHHSyc63CRPETMctyjKFupcC6OBLXT3xsN0e9aF7m+mIXutFWpUXuedtowG7iLOzp0kQg==",
      "license": "MIT"
    },
    "node_modules/ws": {
      "version": "8.22.0",
      "resolved": "https://registry.npmjs.org/ws/-/ws-8.22.0.tgz",
      "integrity": "sha512-Ydggc987+RO0AnWtZ/7Wq9FtNvcrL1b/RO0ud9mWjUPgDrsAAwQSF51sm2hm1XofbU/4jkpGEsLFsZZxU+1DOg==",
      "license": "MIT",
      "engines": {
        "node": ">=10.0.0"
      },
      "peerDependencies": {
        "bufferutil": "^4.0.1",
        "utf-8-validate": ">=5.0.2"
      },
      "peerDependenciesMeta": {
        "bufferutil": {
          "optional": true
        },
        "utf-8-validate": {
          "optional": true
        }
      }
    },
    "node_modules/zod": {
      "version": "4.6.5",
      "resolved": "https://registry.npmjs.org/zod/-/zod-4.6.5.tgz",
      "integrity": "sha512-v5l/aFXZQeai4awLbOpSoHecE9UiMrnfx75tEXLjNonXVARxQ5mOeipTjROUchszUNCqnE+hqAMujRsRHsut2Q==",
      "license": "MIT",
      "funding": {
        "url": "https://github.com/sponsors/colinhacks"
      }
    }
  }
}
