{
  "name": "@thazhemadam/pi-vim",
  "version": "0.1.2",
  "lockfileVersion": 3,
  "requires": true,
  "packages": {
    "": {
      "name": "@thazhemadam/pi-vim",
      "version": "0.1.2",
      "license": "LGPL-3.0-only",
      "dependencies": {
        "@thazhemadam/vim-state": "^0.1.1",
        "xstate": "5.32.1"
      },
      "engines": {
        "node": ">=22.19.0"
      },
      "peerDependencies": {
        "@earendil-works/pi-coding-agent": "*",
        "@earendil-works/pi-tui": "*"
      }
    },
    "node_modules/@thazhemadam/vim-state": {
      "version": "0.1.1",
      "resolved": "https://registry.npmjs.org/@thazhemadam/vim-state/-/vim-state-0.1.1.tgz",
      "integrity": "sha512-E3dx0D/LUp4Un+5celIqHj1aDIz+Jijw8zmmcjwKN93V0hC7FneTLYKy/Ip1dNPlppea35VwJT0RyXYVU5SDdA==",
      "license": "LGPL-3.0-only",
      "dependencies": {
        "xstate": "5.32.1"
      }
    },
    "node_modules/xstate": {
      "version": "5.32.1",
      "resolved": "https://registry.npmjs.org/xstate/-/xstate-5.32.1.tgz",
      "integrity": "sha512-IGX9q5vEOplWjVq79edfgjJfVV/lXCup9p/fQGgUabAveZrlRwWJ/mC2iZEE7wswXbWITBCoS7gmoFfcuWAwsQ==",
      "license": "MIT",
      "funding": {
        "type": "opencollective",
        "url": "https://opencollective.com/xstate"
      }
    }
  }
}
