{
  "name": "@ibartel74/pi-automode-ext",
  "version": "1.0.1",
  "lockfileVersion": 3,
  "requires": true,
  "packages": {
    "": {
      "name": "@ibartel74/pi-automode-ext",
      "version": "1.0.1",
      "license": "MIT",
      "dependencies": {
        "unbash": "4.0.10"
      },
      "peerDependencies": {
        "@earendil-works/pi-ai": "*",
        "@earendil-works/pi-coding-agent": "*",
        "@earendil-works/pi-tui": "*",
        "typebox": "*"
      }
    },
    "node_modules/unbash": {
      "version": "4.0.10",
      "resolved": "https://registry.npmjs.org/unbash/-/unbash-4.0.10.tgz",
      "integrity": "sha512-b7zoBQvpWp0vuN5q2vK2RRBR2SvuruQAs50DApdDveBSn3eSYd84IaHodFqQIMlvY9K2VnyBUEXgwOBuGU9GBg==",
      "license": "ISC",
      "engines": {
        "node": ">=14"
      }
    }
  }
}
