{
  "name": "@zetaloop/chappie",
  "version": "0.5.0",
  "lockfileVersion": 3,
  "requires": true,
  "packages": {
    "": {
      "name": "@zetaloop/chappie",
      "version": "0.5.0",
      "license": "MIT",
      "dependencies": {
        "@modelcontextprotocol/server": "^2.0.0",
        "mime": "^4.1.0",
        "zod": "^4.6.4"
      },
      "engines": {
        "node": ">=26",
        "pnpm": ">=12"
      },
      "peerDependencies": {
        "@earendil-works/pi-ai": "*",
        "@earendil-works/pi-coding-agent": "*",
        "@earendil-works/pi-tui": "*",
        "typebox": "*"
      }
    },
    "node_modules/@modelcontextprotocol/core": {
      "version": "2.1.0",
      "resolved": "https://registry.npmjs.org/@modelcontextprotocol/core/-/core-2.1.0.tgz",
      "integrity": "sha512-YdFj5gMRHr0gYNAhTbQDgjLHiEJdIAUYxomhKseUNye7ZGlISQmUoLh2sveFFCiQ7j2YMffT1kgSND0FSfIFjQ==",
      "license": "MIT",
      "dependencies": {
        "zod": "^4.2.0"
      },
      "engines": {
        "node": ">=20"
      }
    },
    "node_modules/@modelcontextprotocol/server": {
      "version": "2.1.0",
      "resolved": "https://registry.npmjs.org/@modelcontextprotocol/server/-/server-2.1.0.tgz",
      "integrity": "sha512-FdvwZU5N03O77Suh35JqjAqq5R1ZTEPFtwu6N4BgBq28qrQtrCnpbLL5U2pwYCuE194jAw0xnlOVmIqhfoYuUQ==",
      "license": "MIT",
      "dependencies": {
        "@modelcontextprotocol/core": "2.1.0",
        "zod": "^4.2.0"
      },
      "engines": {
        "node": ">=20"
      }
    },
    "node_modules/mime": {
      "version": "4.1.0",
      "resolved": "https://registry.npmjs.org/mime/-/mime-4.1.0.tgz",
      "integrity": "sha512-X5ju04+cAzsojXKes0B/S4tcYtFAJ6tTMuSPBEn9CPGlrWr8Fiw7qYeLT0XyH80HSoAoqWCaz+MWKh22P7G1cw==",
      "funding": [
        "https://github.com/sponsors/broofa"
      ],
      "license": "MIT",
      "bin": {
        "mime": "bin/cli.js"
      },
      "engines": {
        "node": ">=16"
      }
    },
    "node_modules/zod": {
      "version": "4.6.5",
      "resolved": "https://registry.npmjs.org/zod/-/zod-4.6.5.tgz",
      "integrity": "sha512-v5l/aFXZQeai4awLbOpSoHecE9UiMrnfx75tEXLjNonXVARxQ5mOeipTjROUchszUNCqnE+hqAMujRsRHsut2Q==",
      "license": "MIT",
      "funding": {
        "url": "https://github.com/sponsors/colinhacks"
      }
    }
  }
}
