{
  "name": "pi-command-guardian",
  "version": "0.3.0",
  "lockfileVersion": 3,
  "requires": true,
  "packages": {
    "": {
      "name": "pi-command-guardian",
      "version": "0.3.0",
      "license": "MIT",
      "dependencies": {
        "@vscode/tree-sitter-wasm": "0.3.1"
      },
      "engines": {
        "node": ">=22.19.0"
      },
      "peerDependencies": {
        "@earendil-works/pi-coding-agent": "*"
      }
    },
    "node_modules/@vscode/tree-sitter-wasm": {
      "version": "0.3.1",
      "resolved": "https://registry.npmjs.org/@vscode/tree-sitter-wasm/-/tree-sitter-wasm-0.3.1.tgz",
      "integrity": "sha512-RJFoomET6FajjG511fmQxeBQfU6M24a0aFZPqpid+ttIxanWf1VGytBG0UmsGjt07qmIPJS8U31D+aecuCucsQ==",
      "license": "MIT"
    }
  }
}
