{
  "name": "@igpauli/pi-sano-tts",
  "version": "2.3.0",
  "lockfileVersion": 3,
  "requires": true,
  "packages": {
    "": {
      "name": "@igpauli/pi-sano-tts",
      "version": "2.3.0",
      "license": "GPL-3.0-or-later",
      "dependencies": {
        "eld": "^2.1.0"
      },
      "engines": {
        "node": ">=20"
      },
      "peerDependencies": {
        "@earendil-works/pi-coding-agent": ">=0.80.0"
      }
    },
    "node_modules/eld": {
      "version": "2.1.0",
      "resolved": "https://registry.npmjs.org/eld/-/eld-2.1.0.tgz",
      "integrity": "sha512-hDQ9FX17th7NDNMO8/St6m3ADQVqjF0sQoOHI6NUAxC7yDaPmZ9wC9d8zau/9FIqOV7KtNwrPKRt6fkkrzZj0g==",
      "license": "Apache-2.0",
      "engines": {
        "node": ">=14.17.0"
      },
      "funding": {
        "url": "https://linktr.ee/nitotm"
      }
    }
  }
}
