{
  "name": "pi-gstack-bridge",
  "version": "0.1.1",
  "lockfileVersion": 3,
  "requires": true,
  "packages": {
    "": {
      "name": "pi-gstack-bridge",
      "version": "0.1.1",
      "license": "MIT",
      "dependencies": {
        "pi-gstack": "^0.2.0"
      },
      "peerDependencies": {
        "@earendil-works/pi-agent-core": "*",
        "@earendil-works/pi-ai": "*",
        "@earendil-works/pi-coding-agent": "*",
        "@earendil-works/pi-tui": "*",
        "typebox": "*"
      }
    },
    "node_modules/pi-gstack": {
      "version": "0.2.0",
      "resolved": "https://registry.npmjs.org/pi-gstack/-/pi-gstack-0.2.0.tgz",
      "integrity": "sha512-pv8laJTMvaPXeIDlUuyArH0PgSmAE8qCzKdPPAsAToghS6fN2eOb0b2B77t09c3bzDH64lArq3hCK90wYGSnJQ==",
      "license": "MIT"
    }
  }
}
