{
  "name": "@henryqw/pi-herdr-rename",
  "version": "0.3.1",
  "lockfileVersion": 3,
  "requires": true,
  "packages": {
    "": {
      "name": "@henryqw/pi-herdr-rename",
      "version": "0.3.1",
      "license": "MIT",
      "dependencies": {
        "@henryqw/pi-herdr": "^0.1.0"
      },
      "engines": {
        "node": ">=22.19.0"
      },
      "peerDependencies": {
        "@earendil-works/pi-coding-agent": "*"
      }
    },
    "node_modules/@henryqw/pi-herdr": {
      "version": "0.1.1",
      "resolved": "https://registry.npmjs.org/@henryqw/pi-herdr/-/pi-herdr-0.1.1.tgz",
      "integrity": "sha512-CcHEtKTXnx0iMeZZ6NyEOu4fFoHI2dqsr3UCUPz7vlLHNw9/2MbCFa9pNCQ5R9dXv09pBFCSQbTVCOGU3GzjxQ==",
      "license": "MIT",
      "engines": {
        "node": ">=22.19.0"
      }
    }
  }
}
