{
  "name": "@zhcsyncer/pi-todo",
  "version": "0.3.0",
  "lockfileVersion": 3,
  "requires": true,
  "packages": {
    "": {
      "name": "@zhcsyncer/pi-todo",
      "version": "0.3.0",
      "license": "MIT",
      "dependencies": {
        "@juicesharp/rpiv-config": "1.20.0"
      },
      "engines": {
        "node": ">=20"
      },
      "peerDependencies": {
        "@earendil-works/pi-ai": "^0.80.0",
        "@earendil-works/pi-coding-agent": "^0.80.0",
        "@earendil-works/pi-tui": "^0.80.0",
        "@juicesharp/rpiv-i18n": "*",
        "typebox": "^1.1.24"
      },
      "peerDependenciesMeta": {
        "@juicesharp/rpiv-i18n": {
          "optional": true
        }
      }
    },
    "node_modules/@juicesharp/rpiv-config": {
      "version": "1.20.0",
      "resolved": "https://registry.npmjs.org/@juicesharp/rpiv-config/-/rpiv-config-1.20.0.tgz",
      "integrity": "sha512-eu/sEBDt/+9kP40yCtlu04kRUxkQNaG1APzNIgnt5dGsualcwruedLWX9vtt0Fg4NSCAlNx5b2r9VjcWgAJirQ==",
      "license": "MIT",
      "peerDependencies": {
        "typebox": "*"
      }
    }
  }
}
