{
  "name": "@normful/pi-show-theme-colors",
  "version": "0.3.0",
  "lockfileVersion": 3,
  "requires": true,
  "packages": {
    "": {
      "name": "@normful/pi-show-theme-colors",
      "version": "0.3.0",
      "license": "MIT",
      "dependencies": {
        "@spences10/pi-tui-modal": "0.0.22"
      },
      "peerDependencies": {
        "@earendil-works/pi-agent-core": "*",
        "@earendil-works/pi-ai": "*",
        "@earendil-works/pi-coding-agent": "*",
        "@earendil-works/pi-tui": "*"
      }
    },
    "node_modules/@spences10/pi-tui-modal": {
      "version": "0.0.22",
      "resolved": "https://registry.npmjs.org/@spences10/pi-tui-modal/-/pi-tui-modal-0.0.22.tgz",
      "integrity": "sha512-aFOr1/368qplxupXPfYTdhGCV6njkXgBwi/1cNGbvzpuVMSkRpSXdz/uuhT5gHDscL76zfun58d92/l/onFxcQ==",
      "license": "MIT",
      "engines": {
        "node": ">=24.15.0"
      },
      "peerDependencies": {
        "@earendil-works/pi-coding-agent": "*",
        "@earendil-works/pi-tui": "*"
      }
    }
  }
}
