{
  "name": "@the-agency/pi-tokenshrink",
  "version": "0.1.2",
  "lockfileVersion": 3,
  "requires": true,
  "packages": {
    "": {
      "name": "@the-agency/pi-tokenshrink",
      "version": "0.1.2",
      "license": "MIT",
      "dependencies": {
        "tokenshrink": "^2.0.0"
      },
      "peerDependencies": {
        "@mariozechner/pi-coding-agent": "*"
      }
    },
    "node_modules/tokenshrink": {
      "version": "2.0.0",
      "resolved": "https://registry.npmjs.org/tokenshrink/-/tokenshrink-2.0.0.tgz",
      "integrity": "sha512-aGTZuDa9rWMbps+qxmCZ/AdDiCS0zFsmDQ2ufNga0CzR+TNTkcsU4fIPpvmN2a4wLKitoDCoc2MWnaNQ5NVqcg==",
      "license": "MIT",
      "engines": {
        "node": ">=16.0.0"
      },
      "peerDependencies": {
        "gpt-tokenizer": ">=2.0.0"
      },
      "peerDependenciesMeta": {
        "gpt-tokenizer": {
          "optional": true
        }
      }
    }
  }
}
