{
  "name": "vitos-pizza-vitos-pizza",
  "version": "0.4.2",
  "lockfileVersion": 3,
  "requires": true,
  "packages": {
    "": {
      "name": "vitos-pizza-vitos-pizza",
      "version": "0.4.2",
      "dependencies": {
        "@hypabolic/pi-hypa": "^0.1.10",
        "@vitos-pizza/agent-mode": "file:packages/agent-mode",
        "@vitos-pizza/git": "file:packages/git",
        "@vitos-pizza/hypa": "file:packages/hypa",
        "@vitos-pizza/keybindings": "file:packages/keybindings",
        "@vitos-pizza/permission-system": "file:packages/permission-system",
        "@vitos-pizza/question": "file:packages/question",
        "@vitos-pizza/session-title": "file:packages/session-title",
        "@vitos-pizza/settings-preset": "file:packages/settings-preset",
        "@vitos-pizza/subagents": "file:packages/subagents",
        "@vitos-pizza/todoist": "file:packages/todoist",
        "@vitos-pizza/ui-enhancements": "file:packages/ui-enhancements",
        "@vitos-pizza/websearch": "file:packages/websearch",
        "typebox": "^1.1.38"
      }
    },
    "node_modules/@earendil-works/pi-tui": {
      "version": "0.79.10",
      "resolved": "https://registry.npmjs.org/@earendil-works/pi-tui/-/pi-tui-0.79.10.tgz",
      "integrity": "sha512-FUVOjDn1DVwM1uHD5MNYboXQrXjIDbSt+BQ3py7nQWCY62tKfxgiM1OBMxTcwRWLfSdZHUPpV0hm1loIdUJnPw==",
      "license": "MIT",
      "dependencies": {
        "get-east-asian-width": "1.6.0",
        "marked": "18.0.5"
      },
      "engines": {
        "node": ">=22.19.0"
      }
    },
    "node_modules/@hypabolic/hypa": {
      "version": "0.1.11",
      "resolved": "https://registry.npmjs.org/@hypabolic/hypa/-/hypa-0.1.11.tgz",
      "integrity": "sha512-Y5mTMRbXuVP9Dqv7H2SZbVFiKOUYvkfFOvG8p6rkCQ6WNH2JdzVKgypKiTq3CExbF3cerPPsEB6C2D6p7qpC0g==",
      "license": "FSL-1.1-ALv2",
      "bin": {
        "hypa": "bin.js"
      },
      "engines": {
        "node": ">=18"
      },
      "optionalDependencies": {
        "@hypabolic/hypa-darwin-arm64": "0.1.11",
        "@hypabolic/hypa-darwin-x64": "0.1.11",
        "@hypabolic/hypa-linux-arm64": "0.1.11",
        "@hypabolic/hypa-linux-x64": "0.1.11",
        "@hypabolic/hypa-win32-arm64": "0.1.11",
        "@hypabolic/hypa-win32-x64": "0.1.11"
      }
    },
    "node_modules/@hypabolic/hypa-darwin-arm64": {
      "version": "0.1.11",
      "resolved": "https://registry.npmjs.org/@hypabolic/hypa-darwin-arm64/-/hypa-darwin-arm64-0.1.11.tgz",
      "integrity": "sha512-NEoESEEu617YLEcnKMESLTK18YvCi5bIy+2N4DX981cw3CAbOL9eWT2K1JmBUwD0LELVxoNDEV+Hd4dX8SjeRg==",
      "cpu": [
        "arm64"
      ],
      "hasInstallScript": true,
      "license": "FSL-1.1-ALv2",
      "optional": true,
      "os": [
        "darwin"
      ],
      "engines": {
        "node": ">=18"
      }
    },
    "node_modules/@hypabolic/hypa-darwin-x64": {
      "version": "0.1.11",
      "resolved": "https://registry.npmjs.org/@hypabolic/hypa-darwin-x64/-/hypa-darwin-x64-0.1.11.tgz",
      "integrity": "sha512-81GwLHGSlDLMsGyHpDDN4dszmfAPfZhZ5kpJ69aMFQTR/MM2VHdZw5ZvmtqZDngCPo1Q9FOGH0UbTiSC8x7jqA==",
      "cpu": [
        "x64"
      ],
      "hasInstallScript": true,
      "license": "FSL-1.1-ALv2",
      "optional": true,
      "os": [
        "darwin"
      ],
      "engines": {
        "node": ">=18"
      }
    },
    "node_modules/@hypabolic/hypa-linux-arm64": {
      "version": "0.1.11",
      "resolved": "https://registry.npmjs.org/@hypabolic/hypa-linux-arm64/-/hypa-linux-arm64-0.1.11.tgz",
      "integrity": "sha512-gLXrbDAMUkbdvzm0y6ur5E3R5AfHhUHOK8eVbOiUwQ21YaSNr8iX+YKBnXRWMAwSjvE+2Kjj/DKq8OIO/z2oIQ==",
      "cpu": [
        "arm64"
      ],
      "hasInstallScript": true,
      "license": "FSL-1.1-ALv2",
      "optional": true,
      "os": [
        "linux"
      ],
      "engines": {
        "node": ">=18"
      }
    },
    "node_modules/@hypabolic/hypa-linux-x64": {
      "version": "0.1.11",
      "resolved": "https://registry.npmjs.org/@hypabolic/hypa-linux-x64/-/hypa-linux-x64-0.1.11.tgz",
      "integrity": "sha512-nNlK2yPfO682E2XFS0J7aY7NpsS1EiNYLJVn+9lxQa7PadBC2vlYhLC/Owuv2S5Aj4bSJF7b1yoo7ho9ulf01g==",
      "cpu": [
        "x64"
      ],
      "hasInstallScript": true,
      "license": "FSL-1.1-ALv2",
      "optional": true,
      "os": [
        "linux"
      ],
      "engines": {
        "node": ">=18"
      }
    },
    "node_modules/@hypabolic/hypa-win32-arm64": {
      "version": "0.1.11",
      "resolved": "https://registry.npmjs.org/@hypabolic/hypa-win32-arm64/-/hypa-win32-arm64-0.1.11.tgz",
      "integrity": "sha512-jfoCEISyWx1kDsUuSGobto3acvPCw+3j5dAt11QtpLXa2eVyeBLSLYsGokxKR31qZ0IV0Y+7Tr389Zng4gL5Bw==",
      "cpu": [
        "arm64"
      ],
      "hasInstallScript": true,
      "license": "FSL-1.1-ALv2",
      "optional": true,
      "os": [
        "win32"
      ],
      "engines": {
        "node": ">=18"
      }
    },
    "node_modules/@hypabolic/hypa-win32-x64": {
      "version": "0.1.11",
      "resolved": "https://registry.npmjs.org/@hypabolic/hypa-win32-x64/-/hypa-win32-x64-0.1.11.tgz",
      "integrity": "sha512-eKIFiBg0Bl3YJ6ET1Z6y23a0GOmc8FElVVYNZJU7gg3fGhvwE+czoaxFlE3NaiAxYfOiYVh3hyeHV23u/xi0ZQ==",
      "cpu": [
        "x64"
      ],
      "hasInstallScript": true,
      "license": "FSL-1.1-ALv2",
      "optional": true,
      "os": [
        "win32"
      ],
      "engines": {
        "node": ">=18"
      }
    },
    "node_modules/@hypabolic/pi-hypa": {
      "version": "0.1.11",
      "resolved": "https://registry.npmjs.org/@hypabolic/pi-hypa/-/pi-hypa-0.1.11.tgz",
      "integrity": "sha512-EWe38nzQH+Jw6AsgnN2Cgy2wmo19JYsAaDgcegm6OQBOv9mwtpIvTjhW9PBHTFQ6+v2XYJgUiHQinnJJcllCXw==",
      "hasInstallScript": true,
      "license": "FSL-1.1-ALv2",
      "dependencies": {
        "@earendil-works/pi-tui": "^0.79.8",
        "@hypabolic/hypa": "0.1.11"
      },
      "peerDependencies": {
        "@earendil-works/pi-coding-agent": "*"
      }
    },
    "node_modules/@vitos-pizza/agent-mode": {
      "resolved": "packages/agent-mode",
      "link": true
    },
    "node_modules/@vitos-pizza/git": {
      "resolved": "packages/git",
      "link": true
    },
    "node_modules/@vitos-pizza/hypa": {
      "resolved": "packages/hypa",
      "link": true
    },
    "node_modules/@vitos-pizza/keybindings": {
      "resolved": "packages/keybindings",
      "link": true
    },
    "node_modules/@vitos-pizza/permission-system": {
      "resolved": "packages/permission-system",
      "link": true
    },
    "node_modules/@vitos-pizza/question": {
      "resolved": "packages/question",
      "link": true
    },
    "node_modules/@vitos-pizza/session-title": {
      "resolved": "packages/session-title",
      "link": true
    },
    "node_modules/@vitos-pizza/settings-preset": {
      "resolved": "packages/settings-preset",
      "link": true
    },
    "node_modules/@vitos-pizza/subagents": {
      "resolved": "packages/subagents",
      "link": true
    },
    "node_modules/@vitos-pizza/todoist": {
      "resolved": "packages/todoist",
      "link": true
    },
    "node_modules/@vitos-pizza/ui-enhancements": {
      "resolved": "packages/ui-enhancements",
      "link": true
    },
    "node_modules/@vitos-pizza/websearch": {
      "resolved": "packages/websearch",
      "link": true
    },
    "node_modules/get-east-asian-width": {
      "version": "1.6.0",
      "resolved": "https://registry.npmjs.org/get-east-asian-width/-/get-east-asian-width-1.6.0.tgz",
      "integrity": "sha512-QRbvDIbx6YklUe6RxeTeleMR0yv3cYH6PsPZHcnVn7xv7zO1BHN8r0XETu8n6Ye3Q+ahtSarc3WgtNWmehIBfA==",
      "license": "MIT",
      "engines": {
        "node": ">=18"
      },
      "funding": {
        "url": "https://github.com/sponsors/sindresorhus"
      }
    },
    "node_modules/marked": {
      "version": "18.0.5",
      "resolved": "https://registry.npmjs.org/marked/-/marked-18.0.5.tgz",
      "integrity": "sha512-S6GcvALHg6K4ohtu4E7x0a1AqhAjp6cV8KhLSyN9qVapnzJkusVBxZRcIU9AeYsbe6P1hKDusSbEOzGyyuce6w==",
      "license": "MIT",
      "bin": {
        "marked": "bin/marked.js"
      },
      "engines": {
        "node": ">= 20"
      }
    },
    "node_modules/typebox": {
      "version": "1.3.7",
      "resolved": "https://registry.npmjs.org/typebox/-/typebox-1.3.7.tgz",
      "integrity": "sha512-meKuifc33Pccx0O6PdIzYMq3Og8zvP4TIi/a+Bw3AEMZMxOD0+RHGQvpglEe6Zdy3wZ8nqn/j95h8LUZLk/6Hg==",
      "license": "MIT"
    },
    "packages/agent-mode": {},
    "packages/git": {},
    "packages/hypa": {},
    "packages/keybindings": {},
    "packages/permission-system": {},
    "packages/question": {},
    "packages/session-title": {},
    "packages/settings-preset": {},
    "packages/subagents": {},
    "packages/todoist": {},
    "packages/ui-enhancements": {},
    "packages/websearch": {}
  }
}
