{
  "name": "@grwnd/pi-governance",
  "version": "3.1.1",
  "lockfileVersion": 3,
  "requires": true,
  "packages": {
    "": {
      "name": "@grwnd/pi-governance",
      "version": "3.1.1",
      "license": "Apache-2.0",
      "dependencies": {
        "@sinclair/typebox": "^0.33.0",
        "minimatch": "^9.0.0",
        "yaml": "^2.0.0"
      },
      "engines": {
        "node": ">=20"
      },
      "optionalDependencies": {
        "oso": "^0.27.0"
      },
      "peerDependencies": {
        "@mariozechner/pi-coding-agent": ">=0.50.0"
      },
      "peerDependenciesMeta": {
        "@mariozechner/pi-coding-agent": {
          "optional": true
        }
      }
    },
    "node_modules/@sinclair/typebox": {
      "version": "0.33.24",
      "resolved": "https://registry.npmjs.org/@sinclair/typebox/-/typebox-0.33.24.tgz",
      "integrity": "sha512-91up4t0BLjfkCZ4Ap/BcgaPrMaX6n0I2YRu+kc03xGhLy9G3N05nbTpnK8q7GXdv0PxwUoxi67A8o3Wr5U7j3w==",
      "license": "MIT"
    },
    "node_modules/balanced-match": {
      "version": "1.0.2",
      "resolved": "https://registry.npmjs.org/balanced-match/-/balanced-match-1.0.2.tgz",
      "integrity": "sha512-3oSeUO0TMV67hN1AmbXsK4yaqU7tjiHlbxRDZOpH0KW9+CeX4bRAaX0Anxt0tx2MrpRpWwQaPwIlISEJhYU5Pw==",
      "license": "MIT"
    },
    "node_modules/brace-expansion": {
      "version": "2.1.2",
      "resolved": "https://registry.npmjs.org/brace-expansion/-/brace-expansion-2.1.2.tgz",
      "integrity": "sha512-w5JZcKgdhDOgOwm8H+KgbosopHMuGcl6qbulwjtz3SM7I7P3yW1eAjzMPLrIE+NQ9vjgANKHWeMHnrT0OXW1oA==",
      "license": "MIT",
      "dependencies": {
        "balanced-match": "^1.0.0"
      }
    },
    "node_modules/lodash.isequal": {
      "version": "4.5.0",
      "resolved": "https://registry.npmjs.org/lodash.isequal/-/lodash.isequal-4.5.0.tgz",
      "integrity": "sha512-pDo3lu8Jhfjqls6GkMgpahsF9kCyayhgykjyLMNFTKWrpVdAQtYyB4muAMWozBB4ig/dtWAmsMxLEI8wuz+DYQ==",
      "deprecated": "This package is deprecated. Use require('node:util').isDeepStrictEqual instead.",
      "license": "MIT",
      "optional": true
    },
    "node_modules/minimatch": {
      "version": "9.0.9",
      "resolved": "https://registry.npmjs.org/minimatch/-/minimatch-9.0.9.tgz",
      "integrity": "sha512-OBwBN9AL4dqmETlpS2zasx+vTeWclWzkblfZk7KTA5j3jeOONz/tRCnZomUyvNg83wL5Zv9Ss6HMJXAgL8R2Yg==",
      "license": "ISC",
      "dependencies": {
        "brace-expansion": "^2.0.2"
      },
      "engines": {
        "node": ">=16 || 14 >=14.17"
      },
      "funding": {
        "url": "https://github.com/sponsors/isaacs"
      }
    },
    "node_modules/oso": {
      "version": "0.27.3",
      "resolved": "https://registry.npmjs.org/oso/-/oso-0.27.3.tgz",
      "integrity": "sha512-I7vAe8USQvAzYOfT9RlESDiVGMRuo1QqsIO7jycunJKcaR0o7cls23lqem5gxTQ+HOABJz4mbFV5SLBS2L0GLA==",
      "license": "Apache-2.0",
      "optional": true,
      "dependencies": {
        "lodash.isequal": "^4.5.0"
      },
      "bin": {
        "oso": "bin/repl.js"
      },
      "engines": {
        "node": ">=12.20.0",
        "npm": ">=6.4.1"
      }
    },
    "node_modules/yaml": {
      "version": "2.9.0",
      "resolved": "https://registry.npmjs.org/yaml/-/yaml-2.9.0.tgz",
      "integrity": "sha512-2AvhNX3mb8zd6Zy7INTtSpl1F15HW6Wnqj0srWlkKLcpYl/gMIMJiyuGq2KeI2YFxUPjdlB+3Lc10seMLtL4cA==",
      "license": "ISC",
      "bin": {
        "yaml": "bin.mjs"
      },
      "engines": {
        "node": ">= 14.6"
      },
      "funding": {
        "url": "https://github.com/sponsors/eemeli"
      }
    }
  }
}
