{
  "name": "@tryinget/pi-agent-registry",
  "version": "0.3.5",
  "lockfileVersion": 3,
  "requires": true,
  "packages": {
    "": {
      "name": "@tryinget/pi-agent-registry",
      "version": "0.3.5",
      "license": "SEE LICENSE IN LICENSE",
      "dependencies": {
        "@tryinget/pi-autonomous-session-control": "0.7.0",
        "@tryinget/pi-little-helpers": "0.10.2",
        "typebox": "1.3.7"
      },
      "bin": {
        "pi-agent-registry-lint": "scripts/fleet-lint.mjs"
      },
      "engines": {
        "node": ">=22.19.0"
      },
      "peerDependencies": {
        "@earendil-works/pi-ai": "*",
        "@earendil-works/pi-coding-agent": "*",
        "typebox": "*"
      }
    },
    "node_modules/@tryinget/pi-autonomous-session-control": {
      "version": "0.7.0",
      "resolved": "https://registry.npmjs.org/@tryinget/pi-autonomous-session-control/-/pi-autonomous-session-control-0.7.0.tgz",
      "integrity": "sha512-hd7gQYjILAM2oaVbY4Ht9SzuXDtnhim/LQc2YoxfjcuQ5Ale776tbYeWHzj2NNUvbo5GzbfPgN2YQWgK7CqSLg==",
      "license": "MIT",
      "engines": {
        "node": ">=22.19.0"
      },
      "peerDependencies": {
        "@earendil-works/pi-ai": "*",
        "@earendil-works/pi-coding-agent": "*",
        "typebox": "*"
      },
      "peerDependenciesMeta": {
        "@earendil-works/pi-ai": {
          "optional": true
        },
        "@earendil-works/pi-coding-agent": {
          "optional": true
        }
      }
    },
    "node_modules/@tryinget/pi-little-helpers": {
      "version": "0.10.2",
      "resolved": "https://registry.npmjs.org/@tryinget/pi-little-helpers/-/pi-little-helpers-0.10.2.tgz",
      "integrity": "sha512-a0H881YRvtaY4V3oH1VCpmzsN7X5JT4hJeQik36gEx4XqK7t+TaBywBqj9i4RsOQywKKaSbnWL90iefeo1geBg==",
      "license": "SEE LICENSE IN LICENSE",
      "dependencies": {
        "@tryinget/pi-session-compaction": "0.6.1",
        "typebox": "1.3.7"
      },
      "bin": {
        "pi-task-session": "dist/task-session/bin.js",
        "pi-task-session-host": "dist/task-session/host-v1",
        "pi-task-session-view": "dist/task-session/view-v1"
      },
      "engines": {
        "node": ">=22.19.0"
      },
      "peerDependencies": {
        "@earendil-works/pi-ai": "*",
        "@earendil-works/pi-coding-agent": "*",
        "@earendil-works/pi-tui": "*",
        "@tryinget/pi-peer-messaging": "0.4.1"
      },
      "peerDependenciesMeta": {
        "@tryinget/pi-peer-messaging": {
          "optional": true
        }
      }
    },
    "node_modules/@tryinget/pi-model-selection": {
      "version": "0.3.1",
      "resolved": "https://registry.npmjs.org/@tryinget/pi-model-selection/-/pi-model-selection-0.3.1.tgz",
      "integrity": "sha512-uEKOeb95LstBjMzFauTyRyum/AoJvSinIm0PcJoLRHkgT4exjElGEjz+GTu81pYpdpcGaCj/kfhsNHLHEcswXw==",
      "license": "SEE LICENSE IN LICENSE",
      "engines": {
        "node": ">=22.19.0"
      }
    },
    "node_modules/@tryinget/pi-session-compaction": {
      "version": "0.6.1",
      "resolved": "https://registry.npmjs.org/@tryinget/pi-session-compaction/-/pi-session-compaction-0.6.1.tgz",
      "integrity": "sha512-v1HbBBuydLowcQ2lGObjs/jSo9PkudyZo3jjutanV/m5wkr2R2nh95TfVnFcB+U73U558dueJbOmqm+4e6iLUg==",
      "license": "SEE LICENSE IN LICENSE",
      "dependencies": {
        "@tryinget/pi-model-selection": "0.3.1",
        "@tryinget/pi-telemetry": "0.4.2"
      },
      "engines": {
        "node": ">=22.19.0"
      },
      "peerDependencies": {
        "@earendil-works/pi-coding-agent": "*",
        "typebox": "*"
      },
      "peerDependenciesMeta": {
        "@earendil-works/pi-coding-agent": {
          "optional": true
        }
      }
    },
    "node_modules/@tryinget/pi-telemetry": {
      "version": "0.4.2",
      "resolved": "https://registry.npmjs.org/@tryinget/pi-telemetry/-/pi-telemetry-0.4.2.tgz",
      "integrity": "sha512-nOMWQPz9LnIBptH6E2Uk9i/Yl8lZbHmSjxlPc+lrTR1D0+G40xcWe9AQPK9IYkyK0gKHxJB4Gl/5HZW+3Zq85Q==",
      "license": "SEE LICENSE IN LICENSE",
      "engines": {
        "node": ">=22"
      },
      "peerDependencies": {
        "@earendil-works/pi-ai": "*",
        "@earendil-works/pi-coding-agent": "*",
        "typebox": "*"
      }
    },
    "node_modules/typebox": {
      "version": "1.3.7",
      "resolved": "https://registry.npmjs.org/typebox/-/typebox-1.3.7.tgz",
      "integrity": "sha512-meKuifc33Pccx0O6PdIzYMq3Og8zvP4TIi/a+Bw3AEMZMxOD0+RHGQvpglEe6Zdy3wZ8nqn/j95h8LUZLk/6Hg==",
      "license": "MIT"
    }
  }
}
