{
  "name": "@uiyzzi/pi-asroot",
  "version": "0.2.2",
  "lockfileVersion": 3,
  "requires": true,
  "packages": {
    "": {
      "name": "@uiyzzi/pi-asroot",
      "version": "0.2.2",
      "license": "MIT",
      "dependencies": {
        "@uiyzzi/pi-secret-kit": "^0.1.0"
      },
      "peerDependencies": {
        "@earendil-works/pi-coding-agent": ">=0.74.0"
      }
    },
    "node_modules/@uiyzzi/pi-secret-kit": {
      "version": "0.1.2",
      "resolved": "https://registry.npmjs.org/@uiyzzi/pi-secret-kit/-/pi-secret-kit-0.1.2.tgz",
      "integrity": "sha512-IM6WnRY8L8MB6WEmslgdYi9x3zJ+7YVRfc18CoA/IsTU/vFnYCulhgb6xnu5UMsoFFw8Ub1MYFCxdR43J8t+zg==",
      "license": "MIT",
      "peerDependencies": {
        "@earendil-works/pi-coding-agent": ">=0.74.0"
      }
    }
  }
}
