{
  "name": "@techs/pi-decision",
  "version": "0.2.0",
  "lockfileVersion": 3,
  "requires": true,
  "packages": {
    "": {
      "name": "@techs/pi-decision",
      "version": "0.2.0",
      "license": "MIT",
      "dependencies": {
        "@techs/dsh-decision": "~0.2.0",
        "@techs/dsh-decision-jev": "~0.2.0"
      },
      "engines": {
        "node": ">=22.19"
      },
      "peerDependencies": {
        "@earendil-works/pi-coding-agent": "*"
      }
    },
    "node_modules/@deepseek-ai/cosmokit": {
      "version": "1.8.5",
      "resolved": "https://registry.npmjs.org/@deepseek-ai/cosmokit/-/cosmokit-1.8.5.tgz",
      "integrity": "sha512-LXsrlem9z8dq4sLflj2yuCuYX7KqhdzF5hZly3eZyuTo8d6oDSOXuEgC5DbQWKW+lksm6zmOutQLsP/ma6wR6A==",
      "license": "MIT"
    },
    "node_modules/@deepseek-ai/schemastery": {
      "version": "3.18.4",
      "resolved": "https://registry.npmjs.org/@deepseek-ai/schemastery/-/schemastery-3.18.4.tgz",
      "integrity": "sha512-SSXO6tYuyrIqKVbmOnIq0s+riUywYzouFMcnBluHF9n4KMo2G8HvEzhCYj6pj2617/glOjbJuVInJ9hfONsjkg==",
      "license": "MIT",
      "dependencies": {
        "@deepseek-ai/cosmokit": "~1.8.5",
        "@standard-schema/spec": "^1.1.0"
      }
    },
    "node_modules/@standard-schema/spec": {
      "version": "1.1.0",
      "resolved": "https://registry.npmjs.org/@standard-schema/spec/-/spec-1.1.0.tgz",
      "integrity": "sha512-l2aFy5jALhniG5HgqrD6jXLi/rUWrKvqN/qJx6yoJsgKhblVd+iqqU4RCXavm/jPityDo5TCvKMnpjKnOriy0w==",
      "license": "MIT"
    },
    "node_modules/@techs/dsh-decision": {
      "version": "0.2.0",
      "resolved": "https://registry.npmjs.org/@techs/dsh-decision/-/dsh-decision-0.2.0.tgz",
      "integrity": "sha512-jaRpaXq7FV+dZ1hfzZVNPSRhc867YWLH/tkCSgVoaI8nu1NTNt02FwvszRL9JjT1veNWytOfk1PXP04H8QnPBA==",
      "license": "MIT",
      "dependencies": {
        "@deepseek-ai/schemastery": "^3.18.4"
      },
      "engines": {
        "node": ">=22.19"
      },
      "peerDependencies": {
        "@deepseek-ai/cordis": "^4.0.4"
      }
    },
    "node_modules/@techs/dsh-decision-jev": {
      "version": "0.2.0",
      "resolved": "https://registry.npmjs.org/@techs/dsh-decision-jev/-/dsh-decision-jev-0.2.0.tgz",
      "integrity": "sha512-NH1S+oIf2WtSdaBU2mqURpW7DjfpH6kAD78tOTzd6NGlHSerfwBOl1jaR0fMfaSduE1d9v9wFYvoZzPR6iPxaQ==",
      "license": "MIT",
      "dependencies": {
        "@deepseek-ai/schemastery": "^3.18.4"
      },
      "engines": {
        "node": ">=22.19"
      },
      "peerDependencies": {
        "@deepseek-ai/cordis": "^4.0.4",
        "@techs/dsh-decision": "~0.2.0"
      }
    }
  }
}
