{
  "name": "pi-sessions-turbo",
  "version": "0.1.0",
  "lockfileVersion": 3,
  "requires": true,
  "packages": {
    "": {
      "name": "pi-sessions-turbo",
      "version": "0.1.0",
      "license": "MIT",
      "dependencies": {
        "typebox": "^1.1.38"
      },
      "peerDependencies": {
        "@earendil-works/pi-coding-agent": "*"
      }
    },
    "node_modules/typebox": {
      "version": "1.3.12",
      "resolved": "https://registry.npmjs.org/typebox/-/typebox-1.3.12.tgz",
      "integrity": "sha512-CTZgXB7zyNxwKXq7ktZYGcKZHqu/ZtpPGMHxf5xBa2hrfY9cokVd6SHwwx/r/EHur9V1jJcfeP3Guw9v1QpZ7g==",
      "license": "MIT"
    }
  }
}
