{
  "name": "@code-fixer-23/pi-bash-tooljack-nu",
  "version": "1.2.1",
  "lockfileVersion": 3,
  "requires": true,
  "packages": {
    "": {
      "name": "@code-fixer-23/pi-bash-tooljack-nu",
      "version": "1.2.1",
      "license": "MIT",
      "dependencies": {
        "@code-fixer-23/pi-form-components": "3.1.5",
        "@sinclair/typebox": "^0.34.49",
        "valibot": "^1.4"
      },
      "peerDependencies": {
        "@earendil-works/pi-coding-agent": "*",
        "@earendil-works/pi-tui": "*"
      }
    },
    "node_modules/@code-fixer-23/pi-form-components": {
      "version": "3.1.5",
      "resolved": "https://registry.npmjs.org/@code-fixer-23/pi-form-components/-/pi-form-components-3.1.5.tgz",
      "integrity": "sha512-9BOO9cXA0Ckrf24yDmkyIKl1+nafz8XWiLmeg3CZag6dY0Lxe2XMEZ0EDUN5ad2xxi+4L4M40th/OcCd+gmMLw==",
      "license": "MIT",
      "dependencies": {
        "tslib": "^2.3.0"
      },
      "peerDependencies": {
        "@earendil-works/pi-coding-agent": "*",
        "@earendil-works/pi-tui": "*"
      }
    },
    "node_modules/@sinclair/typebox": {
      "version": "0.34.52",
      "resolved": "https://registry.npmjs.org/@sinclair/typebox/-/typebox-0.34.52.tgz",
      "integrity": "sha512-XiMQh7qqVlxZzcVD+kkGMNGMzcTrDMLWI7S4x7z1MkCkbDPrekpZXEUK0eZqZFMuHQg2a2DZOcDIh9o5v3Gonw==",
      "license": "MIT"
    },
    "node_modules/tslib": {
      "version": "2.8.1",
      "resolved": "https://registry.npmjs.org/tslib/-/tslib-2.8.1.tgz",
      "integrity": "sha512-oJFu94HQb+KVduSUQL7wnpmqnfmLsOA/nAh6b6EH0wCEoK0/mPeXU6c3wKDV83MkOuHPRHtSXKKU99IBazS/2w==",
      "license": "0BSD"
    },
    "node_modules/valibot": {
      "version": "1.4.2",
      "resolved": "https://registry.npmjs.org/valibot/-/valibot-1.4.2.tgz",
      "integrity": "sha512-gjdCvJ6d3RyHAneqxMYMW9QMCwYMb3jpOO0IyHZV1bnRHFBHrX3VkIILt5XYR0WhwHiH7Mty8ovuPZ/O3gamrg==",
      "license": "MIT",
      "peerDependencies": {
        "typescript": ">=5"
      },
      "peerDependenciesMeta": {
        "typescript": {
          "optional": true
        }
      }
    }
  }
}
