{
  "name": "@chrok/pi-braid",
  "version": "0.1.3",
  "lockfileVersion": 3,
  "requires": true,
  "packages": {
    "": {
      "name": "@chrok/pi-braid",
      "version": "0.1.3",
      "license": "MIT",
      "dependencies": {
        "@chrok/braid": "0.1.3",
        "grok-mermaid": "^0.2.2"
      },
      "engines": {
        "node": ">=22.19.0"
      },
      "peerDependencies": {
        "@earendil-works/pi-ai": "*",
        "@earendil-works/pi-coding-agent": "*",
        "@earendil-works/pi-tui": "*"
      }
    },
    "node_modules/@chrok/braid": {
      "version": "0.1.3",
      "resolved": "https://registry.npmjs.org/@chrok/braid/-/braid-0.1.3.tgz",
      "integrity": "sha512-J09aFERGusen5hiR3/sFrMq33rrhwNEDpIIxWz3k4CDcNj3lUioG8WygqvWLMiCoqC3fb3JhCteK31ptPgpgEw==",
      "license": "MIT",
      "workspaces": [
        "integrations/pi"
      ],
      "engines": {
        "node": ">=22"
      }
    },
    "node_modules/grok-mermaid": {
      "version": "0.2.3",
      "resolved": "https://registry.npmjs.org/grok-mermaid/-/grok-mermaid-0.2.3.tgz",
      "integrity": "sha512-/4KopAbsjvuRP9MdPtlDjOHUmUVEohOX73JNcsWpzAtFxh+bq5+Dhb6gzvRieLDwIPQIR3/vy8V1NNTuz4Zsmg==",
      "license": "Apache-2.0",
      "engines": {
        "node": ">=18"
      }
    }
  }
}
