{
  "name": "pi-system-one",
  "version": "1.2.3",
  "lockfileVersion": 3,
  "requires": true,
  "packages": {
    "": {
      "name": "pi-system-one",
      "version": "1.2.3",
      "license": "MIT",
      "dependencies": {
        "system-one-core": "^0.2.1"
      },
      "peerDependencies": {
        "@earendil-works/pi-coding-agent": "*",
        "typebox": "*"
      }
    },
    "node_modules/system-one-core": {
      "version": "0.2.1",
      "resolved": "https://registry.npmjs.org/system-one-core/-/system-one-core-0.2.1.tgz",
      "integrity": "sha512-qnYO0SZBOOMgpSMYoDzL9zz6hlyEJXZo1BCsfjYqJazMj9sf7gyEgUHrrivxO667IVlAY0ywj+fsqax9tLwR/Q==",
      "license": "MIT"
    }
  }
}
