{
  "name": "@cahalane/pi-monitor",
  "version": "0.2.0",
  "lockfileVersion": 3,
  "requires": true,
  "packages": {
    "": {
      "name": "@cahalane/pi-monitor",
      "version": "0.2.0",
      "license": "ISC",
      "dependencies": {
        "undici": "^8.10.0"
      },
      "engines": {
        "node": ">=22.6"
      },
      "peerDependencies": {
        "@earendil-works/pi-ai": "*",
        "@earendil-works/pi-coding-agent": "*",
        "typebox": "*"
      }
    },
    "node_modules/undici": {
      "version": "8.10.2",
      "resolved": "https://registry.npmjs.org/undici/-/undici-8.10.2.tgz",
      "integrity": "sha512-/y4/bH9YNU5hi9NIrpOuvGXFcxrj3CMrV+/AYpowAYTpHn8gX/XPFjNy766FPoYY0miQhdW977JFWKGNhBdwyQ==",
      "license": "MIT",
      "engines": {
        "node": ">=22.19.0"
      }
    }
  }
}
